// !$*UTF8*$!
{
	archiveVersion = 1;
	classes = {
	};
	objectVersion = 46;
	objects = {

/* Begin PBXBuildFile section */
		5AD957CA19A2434900E5A855 /* Foundation.framework in Frameworks */ = {isa = PBXBuildFile; fileRef = 5AD957C919A2434900E5A855 /* Foundation.framework */; };
		5AD957CC19A2434900E5A855 /* CoreGraphics.framework in Frameworks */ = {isa = PBXBuildFile; fileRef = 5AD957CB19A2434900E5A855 /* CoreGraphics.framework */; };
		5AD957CE19A2434900E5A855 /* UIKit.framework in Frameworks */ = {isa = PBXBuildFile; fileRef = 5AD957CD19A2434900E5A855 /* UIKit.framework */; };
		5AD957D419A2434900E5A855 /* InfoPlist.strings in Resources */ = {isa = PBXBuildFile; fileRef = 5AD957D219A2434900E5A855 /* InfoPlist.strings */; };
		5AD957D619A2434900E5A855 /* main.m in Sources */ = {isa = PBXBuildFile; fileRef = 5AD957D519A2434900E5A855 /* main.m */; };
		5AD957DA19A2434900E5A855 /* BBBAppDelegate.m in Sources */ = {isa = PBXBuildFile; fileRef = 5AD957D919A2434900E5A855 /* BBBAppDelegate.m */; };
		5AD957DC19A2434900E5A855 /* Images.xcassets in Resources */ = {isa = PBXBuildFile; fileRef = 5AD957DB19A2434900E5A855 /* Images.xcassets */; };
		5AD957E319A2434900E5A855 /* XCTest.framework in Frameworks */ = {isa = PBXBuildFile; fileRef = 5AD957E219A2434900E5A855 /* XCTest.framework */; };
		5AD957E419A2434900E5A855 /* Foundation.framework in Frameworks */ = {isa = PBXBuildFile; fileRef = 5AD957C919A2434900E5A855 /* Foundation.framework */; };
		5AD957E519A2434900E5A855 /* UIKit.framework in Frameworks */ = {isa = PBXBuildFile; fileRef = 5AD957CD19A2434900E5A855 /* UIKit.framework */; };
		5AD957ED19A2434900E5A855 /* InfoPlist.strings in Resources */ = {isa = PBXBuildFile; fileRef = 5AD957EB19A2434900E5A855 /* InfoPlist.strings */; };
		5AD957F919A2435A00E5A855 /* libBBBAPI.a in Frameworks */ = {isa = PBXBuildFile; fileRef = 5AD957F819A2435A00E5A855 /* libBBBAPI.a */; };
/* End PBXBuildFile section */

/* Begin PBXContainerItemProxy section */
		5AD957E619A2434900E5A855 /* PBXContainerItemProxy */ = {
			isa = PBXContainerItemProxy;
			containerPortal = 5AD957BE19A2434900E5A855 /* Project object */;
			proxyType = 1;
			remoteGlobalIDString = 5AD957C519A2434900E5A855;
			remoteInfo = BBBApp;
		};
/* End PBXContainerItemProxy section */

/* Begin PBXFileReference section */
		5AD957C619A2434900E5A855 /* BBBApp.app */ = {isa = PBXFileReference; explicitFileType = wrapper.application; includeInIndex = 0; path = BBBApp.app; sourceTree = BUILT_PRODUCTS_DIR; };
		5AD957C919A2434900E5A855 /* Foundation.framework */ = {isa = PBXFileReference; lastKnownFileType = wrapper.framework; name = Foundation.framework; path = System/Library/Frameworks/Foundation.framework; sourceTree = SDKROOT; };
		5AD957CB19A2434900E5A855 /* CoreGraphics.framework */ = {isa = PBXFileReference; lastKnownFileType = wrapper.framework; name = CoreGraphics.framework; path = System/Library/Frameworks/CoreGraphics.framework; sourceTree = SDKROOT; };
		5AD957CD19A2434900E5A855 /* UIKit.framework */ = {isa = PBXFileReference; lastKnownFileType = wrapper.framework; name = UIKit.framework; path = System/Library/Frameworks/UIKit.framework; sourceTree = SDKROOT; };
		5AD957D119A2434900E5A855 /* BBBApp-Info.plist */ = {isa = PBXFileReference; lastKnownFileType = text.plist.xml; path = "BBBApp-Info.plist"; sourceTree = "<group>"; };
		5AD957D319A2434900E5A855 /* en */ = {isa = PBXFileReference; lastKnownFileType = text.plist.strings; name = en; path = en.lproj/InfoPlist.strings; sourceTree = "<group>"; };
		5AD957D519A2434900E5A855 /* main.m */ = {isa = PBXFileReference; lastKnownFileType = sourcecode.c.objc; path = main.m; sourceTree = "<group>"; };
		5AD957D719A2434900E5A855 /* BBBApp-Prefix.pch */ = {isa = PBXFileReference; lastKnownFileType = sourcecode.c.h; path = "BBBApp-Prefix.pch"; sourceTree = "<group>"; };
		5AD957D819A2434900E5A855 /* BBBAppDelegate.h */ = {isa = PBXFileReference; lastKnownFileType = sourcecode.c.h; path = BBBAppDelegate.h; sourceTree = "<group>"; };
		5AD957D919A2434900E5A855 /* BBBAppDelegate.m */ = {isa = PBXFileReference; lastKnownFileType = sourcecode.c.objc; path = BBBAppDelegate.m; sourceTree = "<group>"; };
		5AD957DB19A2434900E5A855 /* Images.xcassets */ = {isa = PBXFileReference; lastKnownFileType = folder.assetcatalog; path = Images.xcassets; sourceTree = "<group>"; };
		5AD957E119A2434900E5A855 /* BBBAppTests.xctest */ = {isa = PBXFileReference; explicitFileType = wrapper.cfbundle; includeInIndex = 0; path = BBBAppTests.xctest; sourceTree = BUILT_PRODUCTS_DIR; };
		5AD957E219A2434900E5A855 /* XCTest.framework */ = {isa = PBXFileReference; lastKnownFileType = wrapper.framework; name = XCTest.framework; path = Library/Frameworks/XCTest.framework; sourceTree = DEVELOPER_DIR; };
		5AD957EA19A2434900E5A855 /* BBBAppTests-Info.plist */ = {isa = PBXFileReference; lastKnownFileType = text.plist.xml; path = "BBBAppTests-Info.plist"; sourceTree = "<group>"; };
		5AD957EC19A2434900E5A855 /* en */ = {isa = PBXFileReference; lastKnownFileType = text.plist.strings; name = en; path = en.lproj/InfoPlist.strings; sourceTree = "<group>"; };
		5AD957F819A2435A00E5A855 /* libBBBAPI.a */ = {isa = PBXFileReference; lastKnownFileType = archive.ar; name = libBBBAPI.a; path = "../BBBAPI/build/Debug-iphoneos/libBBBAPI.a"; sourceTree = "<group>"; };
/* End PBXFileReference section */

/* Begin PBXFrameworksBuildPhase section */
		5AD957C319A2434900E5A855 /* Frameworks */ = {
			isa = PBXFrameworksBuildPhase;
			buildActionMask = 2147483647;
			files = (
				5AD957F919A2435A00E5A855 /* libBBBAPI.a in Frameworks */,
				5AD957CC19A2434900E5A855 /* CoreGraphics.framework in Frameworks */,
				5AD957CE19A2434900E5A855 /* UIKit.framework in Frameworks */,
				5AD957CA19A2434900E5A855 /* Foundation.framework in Frameworks */,
			);
			runOnlyForDeploymentPostprocessing = 0;
		};
		5AD957DE19A2434900E5A855 /* Frameworks */ = {
			isa = PBXFrameworksBuildPhase;
			buildActionMask = 2147483647;
			files = (
				5AD957E319A2434900E5A855 /* XCTest.framework in Frameworks */,
				5AD957E519A2434900E5A855 /* UIKit.framework in Frameworks */,
				5AD957E419A2434900E5A855 /* Foundation.framework in Frameworks */,
			);
			runOnlyForDeploymentPostprocessing = 0;
		};
/* End PBXFrameworksBuildPhase section */

/* Begin PBXGroup section */
		5AD957BD19A2434900E5A855 = {
			isa = PBXGroup;
			children = (
				5AD957CF19A2434900E5A855 /* BBBApp */,
				5AD957E819A2434900E5A855 /* BBBAppTests */,
				5AD957C819A2434900E5A855 /* Frameworks */,
				5AD957C719A2434900E5A855 /* Products */,
			);
			sourceTree = "<group>";
		};
		5AD957C719A2434900E5A855 /* Products */ = {
			isa = PBXGroup;
			children = (
				5AD957C619A2434900E5A855 /* BBBApp.app */,
				5AD957E119A2434900E5A855 /* BBBAppTests.xctest */,
			);
			name = Products;
			sourceTree = "<group>";
		};
		5AD957C819A2434900E5A855 /* Frameworks */ = {
			isa = PBXGroup;
			children = (
				5AD957F819A2435A00E5A855 /* libBBBAPI.a */,
				5AD957C919A2434900E5A855 /* Foundation.framework */,
				5AD957CB19A2434900E5A855 /* CoreGraphics.framework */,
				5AD957CD19A2434900E5A855 /* UIKit.framework */,
				5AD957E219A2434900E5A855 /* XCTest.framework */,
			);
			name = Frameworks;
			sourceTree = "<group>";
		};
		5AD957CF19A2434900E5A855 /* BBBApp */ = {
			isa = PBXGroup;
			children = (
				5AD957D819A2434900E5A855 /* BBBAppDelegate.h */,
				5AD957D919A2434900E5A855 /* BBBAppDelegate.m */,
				5AD957DB19A2434900E5A855 /* Images.xcassets */,
				5AD957D019A2434900E5A855 /* Supporting Files */,
			);
			path = BBBApp;
			sourceTree = "<group>";
		};
		5AD957D019A2434900E5A855 /* Supporting Files */ = {
			isa = PBXGroup;
			children = (
				5AD957D119A2434900E5A855 /* BBBApp-Info.plist */,
				5AD957D219A2434900E5A855 /* InfoPlist.strings */,
				5AD957D519A2434900E5A855 /* main.m */,
				5AD957D719A2434900E5A855 /* BBBApp-Prefix.pch */,
			);
			name = "Supporting Files";
			sourceTree = "<group>";
		};
		5AD957E819A2434900E5A855 /* BBBAppTests */ = {
			isa = PBXGroup;
			children = (
				5AD957E919A2434900E5A855 /* Supporting Files */,
			);
			path = BBBAppTests;
			sourceTree = "<group>";
		};
		5AD957E919A2434900E5A855 /* Supporting Files */ = {
			isa = PBXGroup;
			children = (
				5AD957EA19A2434900E5A855 /* BBBAppTests-Info.plist */,
				5AD957EB19A2434900E5A855 /* InfoPlist.strings */,
			);
			name = "Supporting Files";
			sourceTree = "<group>";
		};
/* End PBXGroup section */

/* Begin PBXNativeTarget section */
		5AD957C519A2434900E5A855 /* BBBApp */ = {
			isa = PBXNativeTarget;
			buildConfigurationList = 5AD957F219A2434900E5A855 /* Build configuration list for PBXNativeTarget "BBBApp" */;
			buildPhases = (
				5AD957C219A2434900E5A855 /* Sources */,
				5AD957C319A2434900E5A855 /* Frameworks */,
				5AD957C419A2434900E5A855 /* Resources */,
			);
			buildRules = (
			);
			dependencies = (
			);
			name = BBBApp;
			productName = BBBApp;
			productReference = 5AD957C619A2434900E5A855 /* BBBApp.app */;
			productType = "com.apple.product-type.application";
		};
		5AD957E019A2434900E5A855 /* BBBAppTests */ = {
			isa = PBXNativeTarget;
			buildConfigurationList = 5AD957F519A2434900E5A855 /* Build configuration list for PBXNativeTarget "BBBAppTests" */;
			buildPhases = (
				5AD957DD19A2434900E5A855 /* Sources */,
				5AD957DE19A2434900E5A855 /* Frameworks */,
				5AD957DF19A2434900E5A855 /* Resources */,
			);
			buildRules = (
			);
			dependencies = (
				5AD957E719A2434900E5A855 /* PBXTargetDependency */,
			);
			name = BBBAppTests;
			productName = BBBAppTests;
			productReference = 5AD957E119A2434900E5A855 /* BBBAppTests.xctest */;
			productType = "com.apple.product-type.bundle.unit-test";
		};
/* End PBXNativeTarget section */

/* Begin PBXProject section */
		5AD957BE19A2434900E5A855 /* Project object */ = {
			isa = PBXProject;
			attributes = {
				CLASSPREFIX = BBB;
				LastUpgradeCheck = 0510;
				ORGANIZATIONNAME = "blinkbox books";
				TargetAttributes = {
					5AD957E019A2434900E5A855 = {
						TestTargetID = 5AD957C519A2434900E5A855;
					};
				};
			};
			buildConfigurationList = 5AD957C119A2434900E5A855 /* Build configuration list for PBXProject "BBBApp" */;
			compatibilityVersion = "Xcode 3.2";
			developmentRegion = English;
			hasScannedForEncodings = 0;
			knownRegions = (
				en,
			);
			mainGroup = 5AD957BD19A2434900E5A855;
			productRefGroup = 5AD957C719A2434900E5A855 /* Products */;
			projectDirPath = "";
			projectRoot = "";
			targets = (
				5AD957C519A2434900E5A855 /* BBBApp */,
				5AD957E019A2434900E5A855 /* BBBAppTests */,
			);
		};
/* End PBXProject section */

/* Begin PBXResourcesBuildPhase section */
		5AD957C419A2434900E5A855 /* Resources */ = {
			isa = PBXResourcesBuildPhase;
			buildActionMask = 2147483647;
			files = (
				5AD957D419A2434900E5A855 /* InfoPlist.strings in Resources */,
				5AD957DC19A2434900E5A855 /* Images.xcassets in Resources */,
			);
			runOnlyForDeploymentPostprocessing = 0;
		};
		5AD957DF19A2434900E5A855 /* Resources */ = {
			isa = PBXResourcesBuildPhase;
			buildActionMask = 2147483647;
			files = (
				5AD957ED19A2434900E5A855 /* InfoPlist.strings in Resources */,
			);
			runOnlyForDeploymentPostprocessing = 0;
		};
/* End PBXResourcesBuildPhase section */

/* Begin PBXSourcesBuildPhase section */
		5AD957C219A2434900E5A855 /* Sources */ = {
			isa = PBXSourcesBuildPhase;
			buildActionMask = 2147483647;
			files = (
				5AD957D619A2434900E5A855 /* main.m in Sources */,
				5AD957DA19A2434900E5A855 /* BBBAppDelegate.m in Sources */,
			);
			runOnlyForDeploymentPostprocessing = 0;
		};
		5AD957DD19A2434900E5A855 /* Sources */ = {
			isa = PBXSourcesBuildPhase;
			buildActionMask = 2147483647;
			files = (
			);
			runOnlyForDeploymentPostprocessing = 0;
		};
/* End PBXSourcesBuildPhase section */

/* Begin PBXTargetDependency section */
		5AD957E719A2434900E5A855 /* PBXTargetDependency */ = {
			isa = PBXTargetDependency;
			target = 5AD957C519A2434900E5A855 /* BBBApp */;
			targetProxy = 5AD957E619A2434900E5A855 /* PBXContainerItemProxy */;
		};
/* End PBXTargetDependency section */

/* Begin PBXVariantGroup section */
		5AD957D219A2434900E5A855 /* InfoPlist.strings */ = {
			isa = PBXVariantGroup;
			children = (
				5AD957D319A2434900E5A855 /* en */,
			);
			name = InfoPlist.strings;
			sourceTree = "<group>";
		};
		5AD957EB19A2434900E5A855 /* InfoPlist.strings */ = {
			isa = PBXVariantGroup;
			children = (
				5AD957EC19A2434900E5A855 /* en */,
			);
			name = InfoPlist.strings;
			sourceTree = "<group>";
		};
/* End PBXVariantGroup section */

/* Begin XCBuildConfiguration section */
		5AD957F019A2434900E5A855 /* Debug */ = {
			isa = XCBuildConfiguration;
			buildSettings = {
				ALWAYS_SEARCH_USER_PATHS = NO;
				CLANG_CXX_LANGUAGE_STANDARD = "gnu++0x";
				CLANG_CXX_LIBRARY = "libc++";
				CLANG_ENABLE_MODULES = YES;
				CLANG_ENABLE_OBJC_ARC = YES;
				CLANG_WARN_BOOL_CONVERSION = YES;
				CLANG_WARN_CONSTANT_CONVERSION = YES;
				CLANG_WARN_DIRECT_OBJC_ISA_USAGE = YES_ERROR;
				CLANG_WARN_EMPTY_BODY = YES;
				CLANG_WARN_ENUM_CONVERSION = YES;
				CLANG_WARN_INT_CONVERSION = YES;
				CLANG_WARN_OBJC_ROOT_CLASS = YES_ERROR;
				CLANG_WARN__DUPLICATE_METHOD_MATCH = YES;
				"CODE_SIGN_IDENTITY[sdk=iphoneos*]" = "iPhone Developer";
				COPY_PHASE_STRIP = NO;
				GCC_C_LANGUAGE_STANDARD = gnu99;
				GCC_DYNAMIC_NO_PIC = NO;
				GCC_OPTIMIZATION_LEVEL = 0;
				GCC_PREPROCESSOR_DEFINITIONS = (
					"DEBUG=1",
					"$(inherited)",
				);
				GCC_SYMBOLS_PRIVATE_EXTERN = NO;
				GCC_WARN_64_TO_32_BIT_CONVERSION = YES;
				GCC_WARN_ABOUT_RETURN_TYPE = YES_ERROR;
				GCC_WARN_UNDECLARED_SELECTOR = YES;
				GCC_WARN_UNINITIALIZED_AUTOS = YES_AGGRESSIVE;
				GCC_WARN_UNUSED_FUNCTION = YES;
				GCC_WARN_UNUSED_VARIABLE = YES;
				IPHONEOS_DEPLOYMENT_TARGET = 7.1;
				ONLY_ACTIVE_ARCH = YES;
				SDKROOT = iphoneos;
				TARGETED_DEVICE_FAMILY = "1,2";
			};
			name = Debug;
		};
		5AD957F119A2434900E5A855 /* Release */ = {
			isa = XCBuildConfiguration;
			buildSettings = {
				ALWAYS_SEARCH_USER_PATHS = NO;
				CLANG_CXX_LANGUAGE_STANDARD = "gnu++0x";
				CLANG_CXX_LIBRARY = "libc++";
				CLANG_ENABLE_MODULES = YES;
				CLANG_ENABLE_OBJC_ARC = YES;
				CLANG_WARN_BOOL_CONVERSION = YES;
				CLANG_WARN_CONSTANT_CONVERSION = YES;
				CLANG_WARN_DIRECT_OBJC_ISA_USAGE = YES_ERROR;
				CLANG_WARN_EMPTY_BODY = YES;
				CLANG_WARN_ENUM_CONVERSION = YES;
				CLANG_WARN_INT_CONVERSION = YES;
				CLANG_WARN_OBJC_ROOT_CLASS = YES_ERROR;
				CLANG_WARN__DUPLICATE_METHOD_MATCH = YES;
				"CODE_SIGN_IDENTITY[sdk=iphoneos*]" = "iPhone Developer";
				COPY_PHASE_STRIP = YES;
				ENABLE_NS_ASSERTIONS = NO;
				GCC_C_LANGUAGE_STANDARD = gnu99;
				GCC_WARN_64_TO_32_BIT_CONVERSION = YES;
				GCC_WARN_ABOUT_RETURN_TYPE = YES_ERROR;
				GCC_WARN_UNDECLARED_SELECTOR = YES;
				GCC_WARN_UNINITIALIZED_AUTOS = YES_AGGRESSIVE;
				GCC_WARN_UNUSED_FUNCTION = YES;
				GCC_WARN_UNUSED_VARIABLE = YES;
				IPHONEOS_DEPLOYMENT_TARGET = 7.1;
				SDKROOT = iphoneos;
				TARGETED_DEVICE_FAMILY = "1,2";
				VALIDATE_PRODUCT = YES;
			};
			name = Release;
		};
		5AD957F319A2434900E5A855 /* Debug */ = {
			isa = XCBuildConfiguration;
			buildSettings = {
				ASSETCATALOG_COMPILER_APPICON_NAME = AppIcon;
				ASSETCATALOG_COMPILER_LAUNCHIMAGE_NAME = LaunchImage;
				GCC_PRECOMPILE_PREFIX_HEADER = YES;
				GCC_PREFIX_HEADER = "BBBApp/BBBApp-Prefix.pch";
				INFOPLIST_FILE = "BBBApp/BBBApp-Info.plist";
				LIBRARY_SEARCH_PATHS = "$(inherited)";
				ONLY_ACTIVE_ARCH = NO;
				PRODUCT_NAME = "$(TARGET_NAME)";
				WRAPPER_EXTENSION = app;
			};
			name = Debug;
		};
		5AD957F419A2434900E5A855 /* Release */ = {
			isa = XCBuildConfiguration;
			buildSettings = {
				ASSETCATALOG_COMPILER_APPICON_NAME = AppIcon;
				ASSETCATALOG_COMPILER_LAUNCHIMAGE_NAME = LaunchImage;
				GCC_PRECOMPILE_PREFIX_HEADER = YES;
				GCC_PREFIX_HEADER = "BBBApp/BBBApp-Prefix.pch";
				INFOPLIST_FILE = "BBBApp/BBBApp-Info.plist";
				LIBRARY_SEARCH_PATHS = "$(inherited)";
				ONLY_ACTIVE_ARCH = NO;
				PRODUCT_NAME = "$(TARGET_NAME)";
				WRAPPER_EXTENSION = app;
			};
			name = Release;
		};
		5AD957F619A2434900E5A855 /* Debug */ = {
			isa = XCBuildConfiguration;
			buildSettings = {
				BUNDLE_LOADER = "$(BUILT_PRODUCTS_DIR)/BBBApp.app/BBBApp";
				FRAMEWORK_SEARCH_PATHS = (
					"$(SDKROOT)/Developer/Library/Frameworks",
					"$(inherited)",
					"$(DEVELOPER_FRAMEWORKS_DIR)",
				);
				GCC_PRECOMPILE_PREFIX_HEADER = YES;
				GCC_PREFIX_HEADER = "BBBApp/BBBApp-Prefix.pch";
				GCC_PREPROCESSOR_DEFINITIONS = (
					"DEBUG=1",
					"$(inherited)",
				);
				INFOPLIST_FILE = "BBBAppTests/BBBAppTests-Info.plist";
				PRODUCT_NAME = "$(TARGET_NAME)";
				TEST_HOST = "$(BUNDLE_LOADER)";
				WRAPPER_EXTENSION = xctest;
			};
			name = Debug;
		};
		5AD957F719A2434900E5A855 /* Release */ = {
			isa = XCBuildConfiguration;
			buildSettings = {
				BUNDLE_LOADER = "$(BUILT_PRODUCTS_DIR)/BBBApp.app/BBBApp";
				FRAMEWORK_SEARCH_PATHS = (
					"$(SDKROOT)/Developer/Library/Frameworks",
					"$(inherited)",
					"$(DEVELOPER_FRAMEWORKS_DIR)",
				);
				GCC_PRECOMPILE_PREFIX_HEADER = YES;
				GCC_PREFIX_HEADER = "BBBApp/BBBApp-Prefix.pch";
				INFOPLIST_FILE = "BBBAppTests/BBBAppTests-Info.plist";
				PRODUCT_NAME = "$(TARGET_NAME)";
				TEST_HOST = "$(BUNDLE_LOADER)";
				WRAPPER_EXTENSION = xctest;
			};
			name = Release;
		};
/* End XCBuildConfiguration section */

/* Begin XCConfigurationList section */
		5AD957C119A2434900E5A855 /* Build configuration list for PBXProject "BBBApp" */ = {
			isa = XCConfigurationList;
			buildConfigurations = (
				5AD957F019A2434900E5A855 /* Debug */,
				5AD957F119A2434900E5A855 /* Release */,
			);
			defaultConfigurationIsVisible = 0;
			defaultConfigurationName = Release;
		};
		5AD957F219A2434900E5A855 /* Build configuration list for PBXNativeTarget "BBBApp" */ = {
			isa = XCConfigurationList;
			buildConfigurations = (
				5AD957F319A2434900E5A855 /* Debug */,
				5AD957F419A2434900E5A855 /* Release */,
			);
			defaultConfigurationIsVisible = 0;
		};
		5AD957F519A2434900E5A855 /* Build configuration list for PBXNativeTarget "BBBAppTests" */ = {
			isa = XCConfigurationList;
			buildConfigurations = (
				5AD957F619A2434900E5A855 /* Debug */,
				5AD957F719A2434900E5A855 /* Release */,
			);
			defaultConfigurationIsVisible = 0;
		};
/* End XCConfigurationList section */
	};
	rootObject = 5AD957BE19A2434900E5A855 /* Project object */;
}
