<?xml version="1.0" encoding="UTF-8"?>
<!DOCTYPE plist PUBLIC "-//Apple//DTD PLIST 1.0//EN" "http://www.apple.com/DTDs/PropertyList-1.0.dtd">
<plist version="1.0">
<dict>
	<key>archiveVersion</key>
	<string>1</string>
	<key>classes</key>
	<dict/>
	<key>objectVersion</key>
	<string>46</string>
	<key>objects</key>
	<dict>
		<key>0C7D14B488BA688F0106B607</key>
		<dict>
			<key>includeInIndex</key>
			<string>1</string>
			<key>isa</key>
			<string>PBXFileReference</string>
			<key>lastKnownFileType</key>
			<string>text.xcconfig</string>
			<key>name</key>
			<string>Pods.debug.xcconfig</string>
			<key>path</key>
			<string>Pods/Target Support Files/Pods/Pods.debug.xcconfig</string>
			<key>sourceTree</key>
			<string>&lt;group&gt;</string>
		</dict>
		<key>404ED4DA1A126E40005277B6</key>
		<dict>
			<key>children</key>
			<array>
				<string>404ED4E51A126E40005277B6</string>
				<string>404ED4FF1A126E40005277B6</string>
				<string>404ED4E41A126E40005277B6</string>
				<string>ADFA7631ED96B02EBB43D3BA</string>
				<string>E4DB33D21E53221119D40ED8</string>
			</array>
			<key>isa</key>
			<string>PBXGroup</string>
			<key>sourceTree</key>
			<string>&lt;group&gt;</string>
		</dict>
		<key>404ED4DB1A126E40005277B6</key>
		<dict>
			<key>attributes</key>
			<dict>
				<key>LastUpgradeCheck</key>
				<string>0610</string>
				<key>ORGANIZATIONNAME</key>
				<string>Blinkbox Entertainment Ltd</string>
				<key>TargetAttributes</key>
				<dict>
					<key>404ED4E21A126E40005277B6</key>
					<dict>
						<key>CreatedOnToolsVersion</key>
						<string>6.1</string>
					</dict>
					<key>404ED4FB1A126E40005277B6</key>
					<dict>
						<key>CreatedOnToolsVersion</key>
						<string>6.1</string>
						<key>TestTargetID</key>
						<string>404ED4E21A126E40005277B6</string>
					</dict>
				</dict>
			</dict>
			<key>buildConfigurationList</key>
			<string>404ED4DE1A126E40005277B6</string>
			<key>compatibilityVersion</key>
			<string>Xcode 3.2</string>
			<key>developmentRegion</key>
			<string>English</string>
			<key>hasScannedForEncodings</key>
			<string>0</string>
			<key>isa</key>
			<string>PBXProject</string>
			<key>knownRegions</key>
			<array>
				<string>en</string>
				<string>Base</string>
			</array>
			<key>mainGroup</key>
			<string>404ED4DA1A126E40005277B6</string>
			<key>productRefGroup</key>
			<string>404ED4E41A126E40005277B6</string>
			<key>projectDirPath</key>
			<string></string>
			<key>projectReferences</key>
			<array/>
			<key>projectRoot</key>
			<string></string>
			<key>targets</key>
			<array>
				<string>404ED4E21A126E40005277B6</string>
				<string>404ED4FB1A126E40005277B6</string>
			</array>
		</dict>
		<key>404ED4DE1A126E40005277B6</key>
		<dict>
			<key>buildConfigurations</key>
			<array>
				<string>404ED5041A126E40005277B6</string>
				<string>404ED5051A126E40005277B6</string>
			</array>
			<key>defaultConfigurationIsVisible</key>
			<string>0</string>
			<key>defaultConfigurationName</key>
			<string>Release</string>
			<key>isa</key>
			<string>XCConfigurationList</string>
		</dict>
		<key>404ED4DF1A126E40005277B6</key>
		<dict>
			<key>buildActionMask</key>
			<string>2147483647</string>
			<key>files</key>
			<array>
				<string>404ED56B1A126EE1005277B6</string>
				<string>404ED4EF1A126E40005277B6</string>
				<string>404ED55D1A126EE1005277B6</string>
				<string>404ED5661A126EE1005277B6</string>
				<string>404ED55C1A126EE1005277B6</string>
				<string>404ED5601A126EE1005277B6</string>
				<string>404ED56E1A126EE1005277B6</string>
				<string>404ED56A1A126EE1005277B6</string>
				<string>404ED5591A126EE1005277B6</string>
				<string>404ED5791A126EE1005277B6</string>
				<string>404ED5651A126EE1005277B6</string>
				<string>404ED5641A126EE1005277B6</string>
				<string>404ED4EC1A126E40005277B6</string>
				<string>404ED56D1A126EE1005277B6</string>
				<string>404ED55E1A126EE1005277B6</string>
				<string>404ED56C1A126EE1005277B6</string>
				<string>404ED5751A126EE1005277B6</string>
				<string>404ED56F1A126EE1005277B6</string>
				<string>404ED5631A126EE1005277B6</string>
				<string>404ED57A1A126EE1005277B6</string>
				<string>404ED5781A126EE1005277B6</string>
				<string>404ED5611A126EE1005277B6</string>
				<string>404ED55A1A126EE1005277B6</string>
				<string>404ED5691A126EE1005277B6</string>
				<string>404ED5681A126EE1005277B6</string>
				<string>404ED5741A126EE1005277B6</string>
				<string>404ED55F1A126EE1005277B6</string>
				<string>404ED5721A126EE1005277B6</string>
				<string>404ED5731A126EE1005277B6</string>
				<string>404ED55B1A126EE1005277B6</string>
				<string>404ED5711A126EE1005277B6</string>
				<string>404ED4E91A126E40005277B6</string>
				<string>404ED5771A126EE1005277B6</string>
				<string>404ED57B1A126EE1005277B6</string>
				<string>404ED5701A126EE1005277B6</string>
				<string>404ED5621A126EE1005277B6</string>
				<string>404ED5761A126EE1005277B6</string>
				<string>404ED5671A126EE1005277B6</string>
			</array>
			<key>isa</key>
			<string>PBXSourcesBuildPhase</string>
			<key>runOnlyForDeploymentPostprocessing</key>
			<string>0</string>
		</dict>
		<key>404ED4E01A126E40005277B6</key>
		<dict>
			<key>buildActionMask</key>
			<string>2147483647</string>
			<key>files</key>
			<array>
				<string>E8EBA827DFF6C658FFD3F075</string>
			</array>
			<key>isa</key>
			<string>PBXFrameworksBuildPhase</string>
			<key>runOnlyForDeploymentPostprocessing</key>
			<string>0</string>
		</dict>
		<key>404ED4E11A126E40005277B6</key>
		<dict>
			<key>buildActionMask</key>
			<string>2147483647</string>
			<key>files</key>
			<array>
				<string>404ED4F21A126E40005277B6</string>
				<string>404ED4F71A126E40005277B6</string>
				<string>404ED4F41A126E40005277B6</string>
			</array>
			<key>isa</key>
			<string>PBXResourcesBuildPhase</string>
			<key>runOnlyForDeploymentPostprocessing</key>
			<string>0</string>
		</dict>
		<key>404ED4E21A126E40005277B6</key>
		<dict>
			<key>buildConfigurationList</key>
			<string>404ED5061A126E40005277B6</string>
			<key>buildPhases</key>
			<array>
				<string>5FE62AE1CB8AB34173EC7EA0</string>
				<string>404ED4DF1A126E40005277B6</string>
				<string>404ED4E01A126E40005277B6</string>
				<string>404ED4E11A126E40005277B6</string>
				<string>589B7C7385689ABE06A9AF88</string>
			</array>
			<key>buildRules</key>
			<array/>
			<key>dependencies</key>
			<array/>
			<key>isa</key>
			<string>PBXNativeTarget</string>
			<key>name</key>
			<string>BBBAPI</string>
			<key>productName</key>
			<string>BBBAPI</string>
			<key>productReference</key>
			<string>404ED4E31A126E40005277B6</string>
			<key>productType</key>
			<string>com.apple.product-type.application</string>
		</dict>
		<key>404ED4E31A126E40005277B6</key>
		<dict>
			<key>explicitFileType</key>
			<string>wrapper.application</string>
			<key>includeInIndex</key>
			<string>0</string>
			<key>isa</key>
			<string>PBXFileReference</string>
			<key>path</key>
			<string>BBBAPI.app</string>
			<key>sourceTree</key>
			<string>BUILT_PRODUCTS_DIR</string>
		</dict>
		<key>404ED4E41A126E40005277B6</key>
		<dict>
			<key>children</key>
			<array>
				<string>404ED4E31A126E40005277B6</string>
				<string>404ED4FC1A126E40005277B6</string>
			</array>
			<key>isa</key>
			<string>PBXGroup</string>
			<key>name</key>
			<string>Products</string>
			<key>sourceTree</key>
			<string>&lt;group&gt;</string>
		</dict>
		<key>404ED4E51A126E40005277B6</key>
		<dict>
			<key>children</key>
			<array>
				<string>404ED50C1A126ED4005277B6</string>
				<string>404ED4EA1A126E40005277B6</string>
				<string>404ED4EB1A126E40005277B6</string>
				<string>404ED4ED1A126E40005277B6</string>
				<string>404ED4EE1A126E40005277B6</string>
				<string>404ED4F01A126E40005277B6</string>
				<string>404ED4F31A126E40005277B6</string>
				<string>404ED4F51A126E40005277B6</string>
				<string>404ED4E61A126E40005277B6</string>
			</array>
			<key>isa</key>
			<string>PBXGroup</string>
			<key>path</key>
			<string>BBBAPI</string>
			<key>sourceTree</key>
			<string>&lt;group&gt;</string>
		</dict>
		<key>404ED4E61A126E40005277B6</key>
		<dict>
			<key>children</key>
			<array>
				<string>404ED4E71A126E40005277B6</string>
				<string>404ED4E81A126E40005277B6</string>
			</array>
			<key>isa</key>
			<string>PBXGroup</string>
			<key>name</key>
			<string>Supporting Files</string>
			<key>sourceTree</key>
			<string>&lt;group&gt;</string>
		</dict>
		<key>404ED4E71A126E40005277B6</key>
		<dict>
			<key>isa</key>
			<string>PBXFileReference</string>
			<key>lastKnownFileType</key>
			<string>text.plist.xml</string>
			<key>path</key>
			<string>Info.plist</string>
			<key>sourceTree</key>
			<string>&lt;group&gt;</string>
		</dict>
		<key>404ED4E81A126E40005277B6</key>
		<dict>
			<key>isa</key>
			<string>PBXFileReference</string>
			<key>lastKnownFileType</key>
			<string>sourcecode.c.objc</string>
			<key>path</key>
			<string>main.m</string>
			<key>sourceTree</key>
			<string>&lt;group&gt;</string>
		</dict>
		<key>404ED4E91A126E40005277B6</key>
		<dict>
			<key>fileRef</key>
			<string>404ED4E81A126E40005277B6</string>
			<key>isa</key>
			<string>PBXBuildFile</string>
		</dict>
		<key>404ED4EA1A126E40005277B6</key>
		<dict>
			<key>isa</key>
			<string>PBXFileReference</string>
			<key>lastKnownFileType</key>
			<string>sourcecode.c.h</string>
			<key>path</key>
			<string>AppDelegate.h</string>
			<key>sourceTree</key>
			<string>&lt;group&gt;</string>
		</dict>
		<key>404ED4EB1A126E40005277B6</key>
		<dict>
			<key>isa</key>
			<string>PBXFileReference</string>
			<key>lastKnownFileType</key>
			<string>sourcecode.c.objc</string>
			<key>path</key>
			<string>AppDelegate.m</string>
			<key>sourceTree</key>
			<string>&lt;group&gt;</string>
		</dict>
		<key>404ED4EC1A126E40005277B6</key>
		<dict>
			<key>fileRef</key>
			<string>404ED4EB1A126E40005277B6</string>
			<key>isa</key>
			<string>PBXBuildFile</string>
		</dict>
		<key>404ED4ED1A126E40005277B6</key>
		<dict>
			<key>isa</key>
			<string>PBXFileReference</string>
			<key>lastKnownFileType</key>
			<string>sourcecode.c.h</string>
			<key>path</key>
			<string>ViewController.h</string>
			<key>sourceTree</key>
			<string>&lt;group&gt;</string>
		</dict>
		<key>404ED4EE1A126E40005277B6</key>
		<dict>
			<key>isa</key>
			<string>PBXFileReference</string>
			<key>lastKnownFileType</key>
			<string>sourcecode.c.objc</string>
			<key>path</key>
			<string>ViewController.m</string>
			<key>sourceTree</key>
			<string>&lt;group&gt;</string>
		</dict>
		<key>404ED4EF1A126E40005277B6</key>
		<dict>
			<key>fileRef</key>
			<string>404ED4EE1A126E40005277B6</string>
			<key>isa</key>
			<string>PBXBuildFile</string>
		</dict>
		<key>404ED4F01A126E40005277B6</key>
		<dict>
			<key>children</key>
			<array>
				<string>404ED4F11A126E40005277B6</string>
			</array>
			<key>isa</key>
			<string>PBXVariantGroup</string>
			<key>name</key>
			<string>Main.storyboard</string>
			<key>sourceTree</key>
			<string>&lt;group&gt;</string>
		</dict>
		<key>404ED4F11A126E40005277B6</key>
		<dict>
			<key>isa</key>
			<string>PBXFileReference</string>
			<key>lastKnownFileType</key>
			<string>file.storyboard</string>
			<key>name</key>
			<string>Base</string>
			<key>path</key>
			<string>Base.lproj/Main.storyboard</string>
			<key>sourceTree</key>
			<string>&lt;group&gt;</string>
		</dict>
		<key>404ED4F21A126E40005277B6</key>
		<dict>
			<key>fileRef</key>
			<string>404ED4F01A126E40005277B6</string>
			<key>isa</key>
			<string>PBXBuildFile</string>
		</dict>
		<key>404ED4F31A126E40005277B6</key>
		<dict>
			<key>isa</key>
			<string>PBXFileReference</string>
			<key>lastKnownFileType</key>
			<string>folder.assetcatalog</string>
			<key>path</key>
			<string>Images.xcassets</string>
			<key>sourceTree</key>
			<string>&lt;group&gt;</string>
		</dict>
		<key>404ED4F41A126E40005277B6</key>
		<dict>
			<key>fileRef</key>
			<string>404ED4F31A126E40005277B6</string>
			<key>isa</key>
			<string>PBXBuildFile</string>
		</dict>
		<key>404ED4F51A126E40005277B6</key>
		<dict>
			<key>children</key>
			<array>
				<string>404ED4F61A126E40005277B6</string>
			</array>
			<key>isa</key>
			<string>PBXVariantGroup</string>
			<key>name</key>
			<string>LaunchScreen.xib</string>
			<key>sourceTree</key>
			<string>&lt;group&gt;</string>
		</dict>
		<key>404ED4F61A126E40005277B6</key>
		<dict>
			<key>isa</key>
			<string>PBXFileReference</string>
			<key>lastKnownFileType</key>
			<string>file.xib</string>
			<key>name</key>
			<string>Base</string>
			<key>path</key>
			<string>Base.lproj/LaunchScreen.xib</string>
			<key>sourceTree</key>
			<string>&lt;group&gt;</string>
		</dict>
		<key>404ED4F71A126E40005277B6</key>
		<dict>
			<key>fileRef</key>
			<string>404ED4F51A126E40005277B6</string>
			<key>isa</key>
			<string>PBXBuildFile</string>
		</dict>
		<key>404ED4F81A126E40005277B6</key>
		<dict>
			<key>buildActionMask</key>
			<string>2147483647</string>
			<key>files</key>
			<array>
				<string>404ED5AA1A126FC5005277B6</string>
				<string>404ED5A71A126FC5005277B6</string>
				<string>404ED5A61A126FC5005277B6</string>
				<string>404ED5AE1A126FC5005277B6</string>
				<string>404ED5AC1A126FC5005277B6</string>
				<string>404ED5B01A126FC5005277B6</string>
				<string>404ED5A31A126FC5005277B6</string>
				<string>404ED5AB1A126FC5005277B6</string>
				<string>404ED5A91A126FC5005277B6</string>
				<string>404ED5AD1A126FC5005277B6</string>
				<string>404ED5A81A126FC5005277B6</string>
				<string>404ED5B31A126FC5005277B6</string>
				<string>404ED5A41A126FC5005277B6</string>
				<string>404ED5B11A126FC5005277B6</string>
				<string>404ED5AF1A126FC5005277B6</string>
				<string>404ED5A51A126FC5005277B6</string>
				<string>404ED5B21A126FC5005277B6</string>
			</array>
			<key>isa</key>
			<string>PBXSourcesBuildPhase</string>
			<key>runOnlyForDeploymentPostprocessing</key>
			<string>0</string>
		</dict>
		<key>404ED4F91A126E40005277B6</key>
		<dict>
			<key>buildActionMask</key>
			<string>2147483647</string>
			<key>files</key>
			<array/>
			<key>isa</key>
			<string>PBXFrameworksBuildPhase</string>
			<key>runOnlyForDeploymentPostprocessing</key>
			<string>0</string>
		</dict>
		<key>404ED4FA1A126E40005277B6</key>
		<dict>
			<key>buildActionMask</key>
			<string>2147483647</string>
			<key>files</key>
			<array>
				<string>404ED5BE1A126FC5005277B6</string>
				<string>404ED5B81A126FC5005277B6</string>
				<string>404ED5BF1A126FC5005277B6</string>
				<string>404ED5BC1A126FC5005277B6</string>
				<string>404ED5B91A126FC5005277B6</string>
				<string>404ED5B71A126FC5005277B6</string>
				<string>404ED5B61A126FC5005277B6</string>
				<string>404ED5BB1A126FC5005277B6</string>
				<string>404ED5B51A126FC5005277B6</string>
				<string>404ED5BA1A126FC5005277B6</string>
				<string>404ED5B41A126FC5005277B6</string>
				<string>404ED5BD1A126FC5005277B6</string>
			</array>
			<key>isa</key>
			<string>PBXResourcesBuildPhase</string>
			<key>runOnlyForDeploymentPostprocessing</key>
			<string>0</string>
		</dict>
		<key>404ED4FB1A126E40005277B6</key>
		<dict>
			<key>buildConfigurationList</key>
			<string>404ED5091A126E40005277B6</string>
			<key>buildPhases</key>
			<array>
				<string>404ED4F81A126E40005277B6</string>
				<string>404ED4F91A126E40005277B6</string>
				<string>404ED4FA1A126E40005277B6</string>
			</array>
			<key>buildRules</key>
			<array/>
			<key>dependencies</key>
			<array>
				<string>404ED4FE1A126E40005277B6</string>
			</array>
			<key>isa</key>
			<string>PBXNativeTarget</string>
			<key>name</key>
			<string>BBBAPITests</string>
			<key>productName</key>
			<string>BBBAPITests</string>
			<key>productReference</key>
			<string>404ED4FC1A126E40005277B6</string>
			<key>productType</key>
			<string>com.apple.product-type.bundle.unit-test</string>
		</dict>
		<key>404ED4FC1A126E40005277B6</key>
		<dict>
			<key>explicitFileType</key>
			<string>wrapper.cfbundle</string>
			<key>includeInIndex</key>
			<string>0</string>
			<key>isa</key>
			<string>PBXFileReference</string>
			<key>path</key>
			<string>BBBAPITests.xctest</string>
			<key>sourceTree</key>
			<string>BUILT_PRODUCTS_DIR</string>
		</dict>
		<key>404ED4FD1A126E40005277B6</key>
		<dict>
			<key>containerPortal</key>
			<string>404ED4DB1A126E40005277B6</string>
			<key>isa</key>
			<string>PBXContainerItemProxy</string>
			<key>proxyType</key>
			<string>1</string>
			<key>remoteGlobalIDString</key>
			<string>404ED4E21A126E40005277B6</string>
			<key>remoteInfo</key>
			<string>BBBAPI</string>
		</dict>
		<key>404ED4FE1A126E40005277B6</key>
		<dict>
			<key>isa</key>
			<string>PBXTargetDependency</string>
			<key>target</key>
			<string>404ED4E21A126E40005277B6</string>
			<key>targetProxy</key>
			<string>404ED4FD1A126E40005277B6</string>
		</dict>
		<key>404ED4FF1A126E40005277B6</key>
		<dict>
			<key>children</key>
			<array>
				<string>404ED57C1A126FC5005277B6</string>
				<string>404ED57D1A126FC5005277B6</string>
				<string>404ED57E1A126FC5005277B6</string>
				<string>404ED57F1A126FC5005277B6</string>
				<string>404ED5801A126FC5005277B6</string>
				<string>404ED5811A126FC5005277B6</string>
				<string>404ED5821A126FC5005277B6</string>
				<string>404ED5831A126FC5005277B6</string>
				<string>404ED5841A126FC5005277B6</string>
				<string>404ED5851A126FC5005277B6</string>
				<string>404ED5861A126FC5005277B6</string>
				<string>404ED5871A126FC5005277B6</string>
				<string>404ED5881A126FC5005277B6</string>
				<string>404ED5891A126FC5005277B6</string>
				<string>404ED58A1A126FC5005277B6</string>
				<string>404ED58B1A126FC5005277B6</string>
				<string>404ED58C1A126FC5005277B6</string>
				<string>404ED58D1A126FC5005277B6</string>
				<string>404ED58E1A126FC5005277B6</string>
				<string>404ED58F1A126FC5005277B6</string>
				<string>404ED5901A126FC5005277B6</string>
				<string>404ED5911A126FC5005277B6</string>
				<string>404ED5921A126FC5005277B6</string>
				<string>404ED5931A126FC5005277B6</string>
				<string>404ED5941A126FC5005277B6</string>
				<string>404ED5951A126FC5005277B6</string>
				<string>404ED5001A126E40005277B6</string>
			</array>
			<key>isa</key>
			<string>PBXGroup</string>
			<key>path</key>
			<string>BBBAPITests</string>
			<key>sourceTree</key>
			<string>&lt;group&gt;</string>
		</dict>
		<key>404ED5001A126E40005277B6</key>
		<dict>
			<key>children</key>
			<array>
				<string>404ED5011A126E40005277B6</string>
				<string>404ED5C01A126FF9005277B6</string>
			</array>
			<key>isa</key>
			<string>PBXGroup</string>
			<key>name</key>
			<string>Supporting Files</string>
			<key>sourceTree</key>
			<string>&lt;group&gt;</string>
		</dict>
		<key>404ED5011A126E40005277B6</key>
		<dict>
			<key>isa</key>
			<string>PBXFileReference</string>
			<key>lastKnownFileType</key>
			<string>text.plist.xml</string>
			<key>path</key>
			<string>Info.plist</string>
			<key>sourceTree</key>
			<string>&lt;group&gt;</string>
		</dict>
		<key>404ED5041A126E40005277B6</key>
		<dict>
			<key>buildSettings</key>
			<dict>
				<key>ALWAYS_SEARCH_USER_PATHS</key>
				<string>NO</string>
				<key>CLANG_CXX_LANGUAGE_STANDARD</key>
				<string>gnu++0x</string>
				<key>CLANG_CXX_LIBRARY</key>
				<string>libc++</string>
				<key>CLANG_ENABLE_MODULES</key>
				<string>YES</string>
				<key>CLANG_ENABLE_OBJC_ARC</key>
				<string>YES</string>
				<key>CLANG_WARN_BOOL_CONVERSION</key>
				<string>YES</string>
				<key>CLANG_WARN_CONSTANT_CONVERSION</key>
				<string>YES</string>
				<key>CLANG_WARN_DIRECT_OBJC_ISA_USAGE</key>
				<string>YES_ERROR</string>
				<key>CLANG_WARN_EMPTY_BODY</key>
				<string>YES</string>
				<key>CLANG_WARN_ENUM_CONVERSION</key>
				<string>YES</string>
				<key>CLANG_WARN_INT_CONVERSION</key>
				<string>YES</string>
				<key>CLANG_WARN_OBJC_ROOT_CLASS</key>
				<string>YES_ERROR</string>
				<key>CLANG_WARN_UNREACHABLE_CODE</key>
				<string>YES</string>
				<key>CLANG_WARN__DUPLICATE_METHOD_MATCH</key>
				<string>YES</string>
				<key>CODE_SIGN_IDENTITY[sdk=iphoneos*]</key>
				<string>iPhone Developer</string>
				<key>COPY_PHASE_STRIP</key>
				<string>NO</string>
				<key>ENABLE_STRICT_OBJC_MSGSEND</key>
				<string>YES</string>
				<key>GCC_C_LANGUAGE_STANDARD</key>
				<string>gnu99</string>
				<key>GCC_DYNAMIC_NO_PIC</key>
				<string>NO</string>
				<key>GCC_OPTIMIZATION_LEVEL</key>
				<string>0</string>
				<key>GCC_PREPROCESSOR_DEFINITIONS</key>
				<array>
					<string>DEBUG=1</string>
					<string>$(inherited)</string>
				</array>
				<key>GCC_SYMBOLS_PRIVATE_EXTERN</key>
				<string>NO</string>
				<key>GCC_WARN_64_TO_32_BIT_CONVERSION</key>
				<string>YES</string>
				<key>GCC_WARN_ABOUT_RETURN_TYPE</key>
				<string>YES_ERROR</string>
				<key>GCC_WARN_UNDECLARED_SELECTOR</key>
				<string>YES</string>
				<key>GCC_WARN_UNINITIALIZED_AUTOS</key>
				<string>YES_AGGRESSIVE</string>
				<key>GCC_WARN_UNUSED_FUNCTION</key>
				<string>YES</string>
				<key>GCC_WARN_UNUSED_VARIABLE</key>
				<string>YES</string>
				<key>IPHONEOS_DEPLOYMENT_TARGET</key>
				<string>8.1</string>
				<key>MTL_ENABLE_DEBUG_INFO</key>
				<string>YES</string>
				<key>ONLY_ACTIVE_ARCH</key>
				<string>YES</string>
				<key>SDKROOT</key>
				<string>iphoneos</string>
				<key>TARGETED_DEVICE_FAMILY</key>
				<string>1,2</string>
			</dict>
			<key>isa</key>
			<string>XCBuildConfiguration</string>
			<key>name</key>
			<string>Debug</string>
		</dict>
		<key>404ED5051A126E40005277B6</key>
		<dict>
			<key>buildSettings</key>
			<dict>
				<key>ALWAYS_SEARCH_USER_PATHS</key>
				<string>NO</string>
				<key>CLANG_CXX_LANGUAGE_STANDARD</key>
				<string>gnu++0x</string>
				<key>CLANG_CXX_LIBRARY</key>
				<string>libc++</string>
				<key>CLANG_ENABLE_MODULES</key>
				<string>YES</string>
				<key>CLANG_ENABLE_OBJC_ARC</key>
				<string>YES</string>
				<key>CLANG_WARN_BOOL_CONVERSION</key>
				<string>YES</string>
				<key>CLANG_WARN_CONSTANT_CONVERSION</key>
				<string>YES</string>
				<key>CLANG_WARN_DIRECT_OBJC_ISA_USAGE</key>
				<string>YES_ERROR</string>
				<key>CLANG_WARN_EMPTY_BODY</key>
				<string>YES</string>
				<key>CLANG_WARN_ENUM_CONVERSION</key>
				<string>YES</string>
				<key>CLANG_WARN_INT_CONVERSION</key>
				<string>YES</string>
				<key>CLANG_WARN_OBJC_ROOT_CLASS</key>
				<string>YES_ERROR</string>
				<key>CLANG_WARN_UNREACHABLE_CODE</key>
				<string>YES</string>
				<key>CLANG_WARN__DUPLICATE_METHOD_MATCH</key>
				<string>YES</string>
				<key>CODE_SIGN_IDENTITY[sdk=iphoneos*]</key>
				<string>iPhone Developer</string>
				<key>COPY_PHASE_STRIP</key>
				<string>YES</string>
				<key>ENABLE_NS_ASSERTIONS</key>
				<string>NO</string>
				<key>ENABLE_STRICT_OBJC_MSGSEND</key>
				<string>YES</string>
				<key>GCC_C_LANGUAGE_STANDARD</key>
				<string>gnu99</string>
				<key>GCC_WARN_64_TO_32_BIT_CONVERSION</key>
				<string>YES</string>
				<key>GCC_WARN_ABOUT_RETURN_TYPE</key>
				<string>YES_ERROR</string>
				<key>GCC_WARN_UNDECLARED_SELECTOR</key>
				<string>YES</string>
				<key>GCC_WARN_UNINITIALIZED_AUTOS</key>
				<string>YES_AGGRESSIVE</string>
				<key>GCC_WARN_UNUSED_FUNCTION</key>
				<string>YES</string>
				<key>GCC_WARN_UNUSED_VARIABLE</key>
				<string>YES</string>
				<key>IPHONEOS_DEPLOYMENT_TARGET</key>
				<string>8.1</string>
				<key>MTL_ENABLE_DEBUG_INFO</key>
				<string>NO</string>
				<key>SDKROOT</key>
				<string>iphoneos</string>
				<key>TARGETED_DEVICE_FAMILY</key>
				<string>1,2</string>
				<key>VALIDATE_PRODUCT</key>
				<string>YES</string>
			</dict>
			<key>isa</key>
			<string>XCBuildConfiguration</string>
			<key>name</key>
			<string>Release</string>
		</dict>
		<key>404ED5061A126E40005277B6</key>
		<dict>
			<key>buildConfigurations</key>
			<array>
				<string>404ED5071A126E40005277B6</string>
				<string>404ED5081A126E40005277B6</string>
			</array>
			<key>defaultConfigurationIsVisible</key>
			<string>0</string>
			<key>isa</key>
			<string>XCConfigurationList</string>
		</dict>
		<key>404ED5071A126E40005277B6</key>
		<dict>
			<key>baseConfigurationReference</key>
			<string>0C7D14B488BA688F0106B607</string>
			<key>buildSettings</key>
			<dict>
				<key>ASSETCATALOG_COMPILER_APPICON_NAME</key>
				<string>AppIcon</string>
				<key>INFOPLIST_FILE</key>
				<string>BBBAPI/Info.plist</string>
				<key>LD_RUNPATH_SEARCH_PATHS</key>
				<string>$(inherited) @executable_path/Frameworks</string>
				<key>PRODUCT_NAME</key>
				<string>$(TARGET_NAME)</string>
			</dict>
			<key>isa</key>
			<string>XCBuildConfiguration</string>
			<key>name</key>
			<string>Debug</string>
		</dict>
		<key>404ED5081A126E40005277B6</key>
		<dict>
			<key>baseConfigurationReference</key>
			<string>DDA44C0857E1EE61269BE46F</string>
			<key>buildSettings</key>
			<dict>
				<key>ASSETCATALOG_COMPILER_APPICON_NAME</key>
				<string>AppIcon</string>
				<key>INFOPLIST_FILE</key>
				<string>BBBAPI/Info.plist</string>
				<key>LD_RUNPATH_SEARCH_PATHS</key>
				<string>$(inherited) @executable_path/Frameworks</string>
				<key>PRODUCT_NAME</key>
				<string>$(TARGET_NAME)</string>
			</dict>
			<key>isa</key>
			<string>XCBuildConfiguration</string>
			<key>name</key>
			<string>Release</string>
		</dict>
		<key>404ED5091A126E40005277B6</key>
		<dict>
			<key>buildConfigurations</key>
			<array>
				<string>404ED50A1A126E40005277B6</string>
				<string>404ED50B1A126E40005277B6</string>
			</array>
			<key>defaultConfigurationIsVisible</key>
			<string>0</string>
			<key>isa</key>
			<string>XCConfigurationList</string>
		</dict>
		<key>404ED50A1A126E40005277B6</key>
		<dict>
			<key>buildSettings</key>
			<dict>
				<key>BUNDLE_LOADER</key>
				<string>$(TEST_HOST)</string>
				<key>FRAMEWORK_SEARCH_PATHS</key>
				<array>
					<string>$(SDKROOT)/Developer/Library/Frameworks</string>
					<string>$(inherited)</string>
				</array>
				<key>GCC_PRECOMPILE_PREFIX_HEADER</key>
				<string>NO</string>
				<key>GCC_PREFIX_HEADER</key>
				<string>BBBAPITests/BBBAPITests.pch</string>
				<key>GCC_PREPROCESSOR_DEFINITIONS</key>
				<array>
					<string>DEBUG=1</string>
					<string>$(inherited)</string>
				</array>
				<key>INFOPLIST_FILE</key>
				<string>BBBAPITests/Info.plist</string>
				<key>LD_RUNPATH_SEARCH_PATHS</key>
				<string>$(inherited) @executable_path/Frameworks @loader_path/Frameworks</string>
				<key>PRODUCT_NAME</key>
				<string>$(TARGET_NAME)</string>
				<key>TEST_HOST</key>
				<string>$(BUILT_PRODUCTS_DIR)/BBBAPI.app/BBBAPI</string>
			</dict>
			<key>isa</key>
			<string>XCBuildConfiguration</string>
			<key>name</key>
			<string>Debug</string>
		</dict>
		<key>404ED50B1A126E40005277B6</key>
		<dict>
			<key>buildSettings</key>
			<dict>
				<key>BUNDLE_LOADER</key>
				<string>$(TEST_HOST)</string>
				<key>FRAMEWORK_SEARCH_PATHS</key>
				<array>
					<string>$(SDKROOT)/Developer/Library/Frameworks</string>
					<string>$(inherited)</string>
				</array>
				<key>GCC_PRECOMPILE_PREFIX_HEADER</key>
				<string>NO</string>
				<key>GCC_PREFIX_HEADER</key>
				<string>BBBAPITests/BBBAPITests.pch</string>
				<key>INFOPLIST_FILE</key>
				<string>BBBAPITests/Info.plist</string>
				<key>LD_RUNPATH_SEARCH_PATHS</key>
				<string>$(inherited) @executable_path/Frameworks @loader_path/Frameworks</string>
				<key>PRODUCT_NAME</key>
				<string>$(TARGET_NAME)</string>
				<key>TEST_HOST</key>
				<string>$(BUILT_PRODUCTS_DIR)/BBBAPI.app/BBBAPI</string>
			</dict>
			<key>isa</key>
			<string>XCBuildConfiguration</string>
			<key>name</key>
			<string>Release</string>
		</dict>
		<key>404ED50C1A126ED4005277B6</key>
		<dict>
			<key>children</key>
			<array>
				<string>404ED50D1A126EE1005277B6</string>
				<string>404ED50E1A126EE1005277B6</string>
				<string>404ED50F1A126EE1005277B6</string>
				<string>404ED5101A126EE1005277B6</string>
				<string>404ED5111A126EE1005277B6</string>
				<string>404ED5121A126EE1005277B6</string>
				<string>404ED5131A126EE1005277B6</string>
				<string>404ED5141A126EE1005277B6</string>
				<string>404ED5151A126EE1005277B6</string>
				<string>404ED5161A126EE1005277B6</string>
				<string>404ED5171A126EE1005277B6</string>
				<string>404ED5181A126EE1005277B6</string>
				<string>404ED5191A126EE1005277B6</string>
				<string>404ED51A1A126EE1005277B6</string>
				<string>404ED51B1A126EE1005277B6</string>
				<string>404ED51C1A126EE1005277B6</string>
				<string>404ED51D1A126EE1005277B6</string>
				<string>404ED51E1A126EE1005277B6</string>
				<string>404ED51F1A126EE1005277B6</string>
				<string>404ED5201A126EE1005277B6</string>
				<string>404ED5211A126EE1005277B6</string>
				<string>404ED5221A126EE1005277B6</string>
				<string>404ED5231A126EE1005277B6</string>
				<string>404ED5241A126EE1005277B6</string>
				<string>404ED5251A126EE1005277B6</string>
				<string>404ED5261A126EE1005277B6</string>
				<string>404ED5271A126EE1005277B6</string>
				<string>404ED5281A126EE1005277B6</string>
				<string>404ED5291A126EE1005277B6</string>
				<string>404ED52A1A126EE1005277B6</string>
				<string>404ED52B1A126EE1005277B6</string>
				<string>404ED52C1A126EE1005277B6</string>
				<string>404ED52D1A126EE1005277B6</string>
				<string>404ED52E1A126EE1005277B6</string>
				<string>404ED52F1A126EE1005277B6</string>
				<string>404ED5301A126EE1005277B6</string>
				<string>404ED5311A126EE1005277B6</string>
				<string>404ED5321A126EE1005277B6</string>
				<string>404ED5331A126EE1005277B6</string>
				<string>404ED5341A126EE1005277B6</string>
				<string>404ED5351A126EE1005277B6</string>
				<string>404ED5361A126EE1005277B6</string>
				<string>404ED5371A126EE1005277B6</string>
				<string>404ED5381A126EE1005277B6</string>
				<string>404ED5391A126EE1005277B6</string>
				<string>404ED53A1A126EE1005277B6</string>
				<string>404ED53B1A126EE1005277B6</string>
				<string>404ED53C1A126EE1005277B6</string>
				<string>404ED53D1A126EE1005277B6</string>
				<string>404ED53E1A126EE1005277B6</string>
				<string>404ED53F1A126EE1005277B6</string>
				<string>404ED5401A126EE1005277B6</string>
				<string>404ED5411A126EE1005277B6</string>
				<string>404ED5421A126EE1005277B6</string>
				<string>404ED5431A126EE1005277B6</string>
				<string>404ED5441A126EE1005277B6</string>
				<string>404ED5451A126EE1005277B6</string>
				<string>404ED5461A126EE1005277B6</string>
				<string>404ED5471A126EE1005277B6</string>
				<string>404ED5481A126EE1005277B6</string>
				<string>404ED5491A126EE1005277B6</string>
				<string>404ED54A1A126EE1005277B6</string>
				<string>404ED54B1A126EE1005277B6</string>
				<string>404ED54C1A126EE1005277B6</string>
				<string>404ED54D1A126EE1005277B6</string>
				<string>404ED54E1A126EE1005277B6</string>
				<string>404ED54F1A126EE1005277B6</string>
				<string>404ED5501A126EE1005277B6</string>
				<string>404ED5511A126EE1005277B6</string>
				<string>404ED5521A126EE1005277B6</string>
				<string>404ED5531A126EE1005277B6</string>
				<string>404ED5541A126EE1005277B6</string>
				<string>404ED5551A126EE1005277B6</string>
				<string>404ED5561A126EE1005277B6</string>
				<string>404ED5571A126EE1005277B6</string>
				<string>404ED5581A126EE1005277B6</string>
			</array>
			<key>isa</key>
			<string>PBXGroup</string>
			<key>name</key>
			<string>Classes</string>
			<key>sourceTree</key>
			<string>&lt;group&gt;</string>
		</dict>
		<key>404ED50D1A126EE1005277B6</key>
		<dict>
			<key>fileEncoding</key>
			<string>4</string>
			<key>isa</key>
			<string>PBXFileReference</string>
			<key>lastKnownFileType</key>
			<string>sourcecode.c.h</string>
			<key>name</key>
			<string>BBAAPIErrors.h</string>
			<key>path</key>
			<string>Classes/BBAAPIErrors.h</string>
			<key>sourceTree</key>
			<string>&lt;group&gt;</string>
		</dict>
		<key>404ED50E1A126EE1005277B6</key>
		<dict>
			<key>fileEncoding</key>
			<string>4</string>
			<key>isa</key>
			<string>PBXFileReference</string>
			<key>lastKnownFileType</key>
			<string>sourcecode.c.h</string>
			<key>name</key>
			<string>BBAAuthConnection.h</string>
			<key>path</key>
			<string>Classes/BBAAuthConnection.h</string>
			<key>sourceTree</key>
			<string>&lt;group&gt;</string>
		</dict>
		<key>404ED50F1A126EE1005277B6</key>
		<dict>
			<key>fileEncoding</key>
			<string>4</string>
			<key>isa</key>
			<string>PBXFileReference</string>
			<key>lastKnownFileType</key>
			<string>sourcecode.c.objc</string>
			<key>name</key>
			<string>BBAAuthConnection.m</string>
			<key>path</key>
			<string>Classes/BBAAuthConnection.m</string>
			<key>sourceTree</key>
			<string>&lt;group&gt;</string>
		</dict>
		<key>404ED5101A126EE1005277B6</key>
		<dict>
			<key>fileEncoding</key>
			<string>4</string>
			<key>isa</key>
			<string>PBXFileReference</string>
			<key>lastKnownFileType</key>
			<string>sourcecode.c.h</string>
			<key>name</key>
			<string>BBAAuthData.h</string>
			<key>path</key>
			<string>Classes/BBAAuthData.h</string>
			<key>sourceTree</key>
			<string>&lt;group&gt;</string>
		</dict>
		<key>404ED5111A126EE1005277B6</key>
		<dict>
			<key>fileEncoding</key>
			<string>4</string>
			<key>isa</key>
			<string>PBXFileReference</string>
			<key>lastKnownFileType</key>
			<string>sourcecode.c.objc</string>
			<key>name</key>
			<string>BBAAuthData.m</string>
			<key>path</key>
			<string>Classes/BBAAuthData.m</string>
			<key>sourceTree</key>
			<string>&lt;group&gt;</string>
		</dict>
		<key>404ED5121A126EE1005277B6</key>
		<dict>
			<key>fileEncoding</key>
			<string>4</string>
			<key>isa</key>
			<string>PBXFileReference</string>
			<key>lastKnownFileType</key>
			<string>sourcecode.c.h</string>
			<key>name</key>
			<string>BBAAuthDataValidator.h</string>
			<key>path</key>
			<string>Classes/BBAAuthDataValidator.h</string>
			<key>sourceTree</key>
			<string>&lt;group&gt;</string>
		</dict>
		<key>404ED5131A126EE1005277B6</key>
		<dict>
			<key>fileEncoding</key>
			<string>4</string>
			<key>isa</key>
			<string>PBXFileReference</string>
			<key>lastKnownFileType</key>
			<string>sourcecode.c.objc</string>
			<key>name</key>
			<string>BBAAuthDataValidator.m</string>
			<key>path</key>
			<string>Classes/BBAAuthDataValidator.m</string>
			<key>sourceTree</key>
			<string>&lt;group&gt;</string>
		</dict>
		<key>404ED5141A126EE1005277B6</key>
		<dict>
			<key>fileEncoding</key>
			<string>4</string>
			<key>isa</key>
			<string>PBXFileReference</string>
			<key>lastKnownFileType</key>
			<string>sourcecode.c.h</string>
			<key>name</key>
			<string>BBAAuthenticationService.h</string>
			<key>path</key>
			<string>Classes/BBAAuthenticationService.h</string>
			<key>sourceTree</key>
			<string>&lt;group&gt;</string>
		</dict>
		<key>404ED5151A126EE1005277B6</key>
		<dict>
			<key>fileEncoding</key>
			<string>4</string>
			<key>isa</key>
			<string>PBXFileReference</string>
			<key>lastKnownFileType</key>
			<string>sourcecode.c.objc</string>
			<key>name</key>
			<string>BBAAuthenticationService.m</string>
			<key>path</key>
			<string>Classes/BBAAuthenticationService.m</string>
			<key>sourceTree</key>
			<string>&lt;group&gt;</string>
		</dict>
		<key>404ED5161A126EE1005277B6</key>
		<dict>
			<key>fileEncoding</key>
			<string>4</string>
			<key>isa</key>
			<string>PBXFileReference</string>
			<key>lastKnownFileType</key>
			<string>sourcecode.c.h</string>
			<key>name</key>
			<string>BBAAuthenticationServiceConstants.h</string>
			<key>path</key>
			<string>Classes/BBAAuthenticationServiceConstants.h</string>
			<key>sourceTree</key>
			<string>&lt;group&gt;</string>
		</dict>
		<key>404ED5171A126EE1005277B6</key>
		<dict>
			<key>fileEncoding</key>
			<string>4</string>
			<key>isa</key>
			<string>PBXFileReference</string>
			<key>lastKnownFileType</key>
			<string>sourcecode.c.objc</string>
			<key>name</key>
			<string>BBAAuthenticationServiceConstants.m</string>
			<key>path</key>
			<string>Classes/BBAAuthenticationServiceConstants.m</string>
			<key>sourceTree</key>
			<string>&lt;group&gt;</string>
		</dict>
		<key>404ED5181A126EE1005277B6</key>
		<dict>
			<key>fileEncoding</key>
			<string>4</string>
			<key>isa</key>
			<string>PBXFileReference</string>
			<key>lastKnownFileType</key>
			<string>sourcecode.c.h</string>
			<key>name</key>
			<string>BBAAuthenticator.h</string>
			<key>path</key>
			<string>Classes/BBAAuthenticator.h</string>
			<key>sourceTree</key>
			<string>&lt;group&gt;</string>
		</dict>
		<key>404ED5191A126EE1005277B6</key>
		<dict>
			<key>fileEncoding</key>
			<string>4</string>
			<key>isa</key>
			<string>PBXFileReference</string>
			<key>lastKnownFileType</key>
			<string>sourcecode.c.h</string>
			<key>name</key>
			<string>BBAAuthResponseMapper.h</string>
			<key>path</key>
			<string>Classes/BBAAuthResponseMapper.h</string>
			<key>sourceTree</key>
			<string>&lt;group&gt;</string>
		</dict>
		<key>404ED51A1A126EE1005277B6</key>
		<dict>
			<key>fileEncoding</key>
			<string>4</string>
			<key>isa</key>
			<string>PBXFileReference</string>
			<key>lastKnownFileType</key>
			<string>sourcecode.c.objc</string>
			<key>name</key>
			<string>BBAAuthResponseMapper.m</string>
			<key>path</key>
			<string>Classes/BBAAuthResponseMapper.m</string>
			<key>sourceTree</key>
			<string>&lt;group&gt;</string>
		</dict>
		<key>404ED51B1A126EE1005277B6</key>
		<dict>
			<key>fileEncoding</key>
			<string>4</string>
			<key>isa</key>
			<string>PBXFileReference</string>
			<key>lastKnownFileType</key>
			<string>sourcecode.c.h</string>
			<key>name</key>
			<string>BBAAuthServiceErrorParser.h</string>
			<key>path</key>
			<string>Classes/BBAAuthServiceErrorParser.h</string>
			<key>sourceTree</key>
			<string>&lt;group&gt;</string>
		</dict>
		<key>404ED51C1A126EE1005277B6</key>
		<dict>
			<key>fileEncoding</key>
			<string>4</string>
			<key>isa</key>
			<string>PBXFileReference</string>
			<key>lastKnownFileType</key>
			<string>sourcecode.c.objc</string>
			<key>name</key>
			<string>BBAAuthServiceErrorParser.m</string>
			<key>path</key>
			<string>Classes/BBAAuthServiceErrorParser.m</string>
			<key>sourceTree</key>
			<string>&lt;group&gt;</string>
		</dict>
		<key>404ED51D1A126EE1005277B6</key>
		<dict>
			<key>fileEncoding</key>
			<string>4</string>
			<key>isa</key>
			<string>PBXFileReference</string>
			<key>lastKnownFileType</key>
			<string>sourcecode.c.h</string>
			<key>name</key>
			<string>BBABookmarkService.h</string>
			<key>path</key>
			<string>Classes/BBABookmarkService.h</string>
			<key>sourceTree</key>
			<string>&lt;group&gt;</string>
		</dict>
		<key>404ED51E1A126EE1005277B6</key>
		<dict>
			<key>fileEncoding</key>
			<string>4</string>
			<key>isa</key>
			<string>PBXFileReference</string>
			<key>lastKnownFileType</key>
			<string>sourcecode.c.objc</string>
			<key>name</key>
			<string>BBABookmarkService.m</string>
			<key>path</key>
			<string>Classes/BBABookmarkService.m</string>
			<key>sourceTree</key>
			<string>&lt;group&gt;</string>
		</dict>
		<key>404ED51F1A126EE1005277B6</key>
		<dict>
			<key>fileEncoding</key>
			<string>4</string>
			<key>isa</key>
			<string>PBXFileReference</string>
			<key>lastKnownFileType</key>
			<string>sourcecode.c.h</string>
			<key>name</key>
			<string>BBACatalogueService.h</string>
			<key>path</key>
			<string>Classes/BBACatalogueService.h</string>
			<key>sourceTree</key>
			<string>&lt;group&gt;</string>
		</dict>
		<key>404ED5201A126EE1005277B6</key>
		<dict>
			<key>fileEncoding</key>
			<string>4</string>
			<key>isa</key>
			<string>PBXFileReference</string>
			<key>lastKnownFileType</key>
			<string>sourcecode.c.objc</string>
			<key>name</key>
			<string>BBACatalogueService.m</string>
			<key>path</key>
			<string>Classes/BBACatalogueService.m</string>
			<key>sourceTree</key>
			<string>&lt;group&gt;</string>
		</dict>
		<key>404ED5211A126EE1005277B6</key>
		<dict>
			<key>fileEncoding</key>
			<string>4</string>
			<key>isa</key>
			<string>PBXFileReference</string>
			<key>lastKnownFileType</key>
			<string>sourcecode.c.h</string>
			<key>name</key>
			<string>BBACategoryService.h</string>
			<key>path</key>
			<string>Classes/BBACategoryService.h</string>
			<key>sourceTree</key>
			<string>&lt;group&gt;</string>
		</dict>
		<key>404ED5221A126EE1005277B6</key>
		<dict>
			<key>fileEncoding</key>
			<string>4</string>
			<key>isa</key>
			<string>PBXFileReference</string>
			<key>lastKnownFileType</key>
			<string>sourcecode.c.objc</string>
			<key>name</key>
			<string>BBACategoryService.m</string>
			<key>path</key>
			<string>Classes/BBACategoryService.m</string>
			<key>sourceTree</key>
			<string>&lt;group&gt;</string>
		</dict>
		<key>404ED5231A126EE1005277B6</key>
		<dict>
			<key>fileEncoding</key>
			<string>4</string>
			<key>isa</key>
			<string>PBXFileReference</string>
			<key>lastKnownFileType</key>
			<string>sourcecode.c.h</string>
			<key>name</key>
			<string>BBAClientDetails.h</string>
			<key>path</key>
			<string>Classes/BBAClientDetails.h</string>
			<key>sourceTree</key>
			<string>&lt;group&gt;</string>
		</dict>
		<key>404ED5241A126EE1005277B6</key>
		<dict>
			<key>fileEncoding</key>
			<string>4</string>
			<key>isa</key>
			<string>PBXFileReference</string>
			<key>lastKnownFileType</key>
			<string>sourcecode.c.objc</string>
			<key>name</key>
			<string>BBAClientDetails.m</string>
			<key>path</key>
			<string>Classes/BBAClientDetails.m</string>
			<key>sourceTree</key>
			<string>&lt;group&gt;</string>
		</dict>
		<key>404ED5251A126EE1005277B6</key>
		<dict>
			<key>fileEncoding</key>
			<string>4</string>
			<key>isa</key>
			<string>PBXFileReference</string>
			<key>lastKnownFileType</key>
			<string>sourcecode.c.h</string>
			<key>name</key>
			<string>BBAClientsResponseMapper.h</string>
			<key>path</key>
			<string>Classes/BBAClientsResponseMapper.h</string>
			<key>sourceTree</key>
			<string>&lt;group&gt;</string>
		</dict>
		<key>404ED5261A126EE1005277B6</key>
		<dict>
			<key>fileEncoding</key>
			<string>4</string>
			<key>isa</key>
			<string>PBXFileReference</string>
			<key>lastKnownFileType</key>
			<string>sourcecode.c.objc</string>
			<key>name</key>
			<string>BBAClientsResponseMapper.m</string>
			<key>path</key>
			<string>Classes/BBAClientsResponseMapper.m</string>
			<key>sourceTree</key>
			<string>&lt;group&gt;</string>
		</dict>
		<key>404ED5271A126EE1005277B6</key>
		<dict>
			<key>fileEncoding</key>
			<string>4</string>
			<key>isa</key>
			<string>PBXFileReference</string>
			<key>lastKnownFileType</key>
			<string>sourcecode.c.h</string>
			<key>name</key>
			<string>BBAClubcardService.h</string>
			<key>path</key>
			<string>Classes/BBAClubcardService.h</string>
			<key>sourceTree</key>
			<string>&lt;group&gt;</string>
		</dict>
		<key>404ED5281A126EE1005277B6</key>
		<dict>
			<key>fileEncoding</key>
			<string>4</string>
			<key>isa</key>
			<string>PBXFileReference</string>
			<key>lastKnownFileType</key>
			<string>sourcecode.c.objc</string>
			<key>name</key>
			<string>BBAClubcardService.m</string>
			<key>path</key>
			<string>Classes/BBAClubcardService.m</string>
			<key>sourceTree</key>
			<string>&lt;group&gt;</string>
		</dict>
		<key>404ED5291A126EE1005277B6</key>
		<dict>
			<key>fileEncoding</key>
			<string>4</string>
			<key>isa</key>
			<string>PBXFileReference</string>
			<key>lastKnownFileType</key>
			<string>sourcecode.c.h</string>
			<key>name</key>
			<string>BBAConnection.h</string>
			<key>path</key>
			<string>Classes/BBAConnection.h</string>
			<key>sourceTree</key>
			<string>&lt;group&gt;</string>
		</dict>
		<key>404ED52A1A126EE1005277B6</key>
		<dict>
			<key>fileEncoding</key>
			<string>4</string>
			<key>isa</key>
			<string>PBXFileReference</string>
			<key>lastKnownFileType</key>
			<string>sourcecode.c.objc</string>
			<key>name</key>
			<string>BBAConnection.m</string>
			<key>path</key>
			<string>Classes/BBAConnection.m</string>
			<key>sourceTree</key>
			<string>&lt;group&gt;</string>
		</dict>
		<key>404ED52B1A126EE1005277B6</key>
		<dict>
			<key>fileEncoding</key>
			<string>4</string>
			<key>isa</key>
			<string>PBXFileReference</string>
			<key>lastKnownFileType</key>
			<string>sourcecode.c.h</string>
			<key>name</key>
			<string>BBADefaultAuthenticator.h</string>
			<key>path</key>
			<string>Classes/BBADefaultAuthenticator.h</string>
			<key>sourceTree</key>
			<string>&lt;group&gt;</string>
		</dict>
		<key>404ED52C1A126EE1005277B6</key>
		<dict>
			<key>fileEncoding</key>
			<string>4</string>
			<key>isa</key>
			<string>PBXFileReference</string>
			<key>lastKnownFileType</key>
			<string>sourcecode.c.objc</string>
			<key>name</key>
			<string>BBADefaultAuthenticator.m</string>
			<key>path</key>
			<string>Classes/BBADefaultAuthenticator.m</string>
			<key>sourceTree</key>
			<string>&lt;group&gt;</string>
		</dict>
		<key>404ED52D1A126EE1005277B6</key>
		<dict>
			<key>fileEncoding</key>
			<string>4</string>
			<key>isa</key>
			<string>PBXFileReference</string>
			<key>lastKnownFileType</key>
			<string>sourcecode.c.h</string>
			<key>name</key>
			<string>BBAJSONResponseMapper.h</string>
			<key>path</key>
			<string>Classes/BBAJSONResponseMapper.h</string>
			<key>sourceTree</key>
			<string>&lt;group&gt;</string>
		</dict>
		<key>404ED52E1A126EE1005277B6</key>
		<dict>
			<key>fileEncoding</key>
			<string>4</string>
			<key>isa</key>
			<string>PBXFileReference</string>
			<key>lastKnownFileType</key>
			<string>sourcecode.c.objc</string>
			<key>name</key>
			<string>BBAJSONResponseMapper.m</string>
			<key>path</key>
			<string>Classes/BBAJSONResponseMapper.m</string>
			<key>sourceTree</key>
			<string>&lt;group&gt;</string>
		</dict>
		<key>404ED52F1A126EE1005277B6</key>
		<dict>
			<key>fileEncoding</key>
			<string>4</string>
			<key>isa</key>
			<string>PBXFileReference</string>
			<key>lastKnownFileType</key>
			<string>sourcecode.c.h</string>
			<key>name</key>
			<string>BBAKeyService.h</string>
			<key>path</key>
			<string>Classes/BBAKeyService.h</string>
			<key>sourceTree</key>
			<string>&lt;group&gt;</string>
		</dict>
		<key>404ED5301A126EE1005277B6</key>
		<dict>
			<key>fileEncoding</key>
			<string>4</string>
			<key>isa</key>
			<string>PBXFileReference</string>
			<key>lastKnownFileType</key>
			<string>sourcecode.c.objc</string>
			<key>name</key>
			<string>BBAKeyService.m</string>
			<key>path</key>
			<string>Classes/BBAKeyService.m</string>
			<key>sourceTree</key>
			<string>&lt;group&gt;</string>
		</dict>
		<key>404ED5311A126EE1005277B6</key>
		<dict>
			<key>fileEncoding</key>
			<string>4</string>
			<key>isa</key>
			<string>PBXFileReference</string>
			<key>lastKnownFileType</key>
			<string>sourcecode.c.h</string>
			<key>name</key>
			<string>BBALibraryItem.h</string>
			<key>path</key>
			<string>Classes/BBALibraryItem.h</string>
			<key>sourceTree</key>
			<string>&lt;group&gt;</string>
		</dict>
		<key>404ED5321A126EE1005277B6</key>
		<dict>
			<key>fileEncoding</key>
			<string>4</string>
			<key>isa</key>
			<string>PBXFileReference</string>
			<key>lastKnownFileType</key>
			<string>sourcecode.c.objc</string>
			<key>name</key>
			<string>BBALibraryItem.m</string>
			<key>path</key>
			<string>Classes/BBALibraryItem.m</string>
			<key>sourceTree</key>
			<string>&lt;group&gt;</string>
		</dict>
		<key>404ED5331A126EE1005277B6</key>
		<dict>
			<key>fileEncoding</key>
			<string>4</string>
			<key>isa</key>
			<string>PBXFileReference</string>
			<key>lastKnownFileType</key>
			<string>sourcecode.c.h</string>
			<key>name</key>
			<string>BBALibraryItemLink.h</string>
			<key>path</key>
			<string>Classes/BBALibraryItemLink.h</string>
			<key>sourceTree</key>
			<string>&lt;group&gt;</string>
		</dict>
		<key>404ED5341A126EE1005277B6</key>
		<dict>
			<key>fileEncoding</key>
			<string>4</string>
			<key>isa</key>
			<string>PBXFileReference</string>
			<key>lastKnownFileType</key>
			<string>sourcecode.c.objc</string>
			<key>name</key>
			<string>BBALibraryItemLink.m</string>
			<key>path</key>
			<string>Classes/BBALibraryItemLink.m</string>
			<key>sourceTree</key>
			<string>&lt;group&gt;</string>
		</dict>
		<key>404ED5351A126EE1005277B6</key>
		<dict>
			<key>fileEncoding</key>
			<string>4</string>
			<key>isa</key>
			<string>PBXFileReference</string>
			<key>lastKnownFileType</key>
			<string>sourcecode.c.h</string>
			<key>name</key>
			<string>BBALibraryResponse.h</string>
			<key>path</key>
			<string>Classes/BBALibraryResponse.h</string>
			<key>sourceTree</key>
			<string>&lt;group&gt;</string>
		</dict>
		<key>404ED5361A126EE1005277B6</key>
		<dict>
			<key>fileEncoding</key>
			<string>4</string>
			<key>isa</key>
			<string>PBXFileReference</string>
			<key>lastKnownFileType</key>
			<string>sourcecode.c.objc</string>
			<key>name</key>
			<string>BBALibraryResponse.m</string>
			<key>path</key>
			<string>Classes/BBALibraryResponse.m</string>
			<key>sourceTree</key>
			<string>&lt;group&gt;</string>
		</dict>
		<key>404ED5371A126EE1005277B6</key>
		<dict>
			<key>fileEncoding</key>
			<string>4</string>
			<key>isa</key>
			<string>PBXFileReference</string>
			<key>lastKnownFileType</key>
			<string>sourcecode.c.h</string>
			<key>name</key>
			<string>BBALibraryResponseMapper.h</string>
			<key>path</key>
			<string>Classes/BBALibraryResponseMapper.h</string>
			<key>sourceTree</key>
			<string>&lt;group&gt;</string>
		</dict>
		<key>404ED5381A126EE1005277B6</key>
		<dict>
			<key>fileEncoding</key>
			<string>4</string>
			<key>isa</key>
			<string>PBXFileReference</string>
			<key>lastKnownFileType</key>
			<string>sourcecode.c.objc</string>
			<key>name</key>
			<string>BBALibraryResponseMapper.m</string>
			<key>path</key>
			<string>Classes/BBALibraryResponseMapper.m</string>
			<key>sourceTree</key>
			<string>&lt;group&gt;</string>
		</dict>
		<key>404ED5391A126EE1005277B6</key>
		<dict>
			<key>fileEncoding</key>
			<string>4</string>
			<key>isa</key>
			<string>PBXFileReference</string>
			<key>lastKnownFileType</key>
			<string>sourcecode.c.h</string>
			<key>name</key>
			<string>BBALibraryService.h</string>
			<key>path</key>
			<string>Classes/BBALibraryService.h</string>
			<key>sourceTree</key>
			<string>&lt;group&gt;</string>
		</dict>
		<key>404ED53A1A126EE1005277B6</key>
		<dict>
			<key>fileEncoding</key>
			<string>4</string>
			<key>isa</key>
			<string>PBXFileReference</string>
			<key>lastKnownFileType</key>
			<string>sourcecode.c.objc</string>
			<key>name</key>
			<string>BBALibraryService.m</string>
			<key>path</key>
			<string>Classes/BBALibraryService.m</string>
			<key>sourceTree</key>
			<string>&lt;group&gt;</string>
		</dict>
		<key>404ED53B1A126EE1005277B6</key>
		<dict>
			<key>fileEncoding</key>
			<string>4</string>
			<key>isa</key>
			<string>PBXFileReference</string>
			<key>lastKnownFileType</key>
			<string>sourcecode.c.h</string>
			<key>name</key>
			<string>BBALibraryTypes.h</string>
			<key>path</key>
			<string>Classes/BBALibraryTypes.h</string>
			<key>sourceTree</key>
			<string>&lt;group&gt;</string>
		</dict>
		<key>404ED53C1A126EE1005277B6</key>
		<dict>
			<key>fileEncoding</key>
			<string>4</string>
			<key>isa</key>
			<string>PBXFileReference</string>
			<key>lastKnownFileType</key>
			<string>sourcecode.c.h</string>
			<key>name</key>
			<string>BBALogger.h</string>
			<key>path</key>
			<string>Classes/BBALogger.h</string>
			<key>sourceTree</key>
			<string>&lt;group&gt;</string>
		</dict>
		<key>404ED53D1A126EE1005277B6</key>
		<dict>
			<key>fileEncoding</key>
			<string>4</string>
			<key>isa</key>
			<string>PBXFileReference</string>
			<key>lastKnownFileType</key>
			<string>sourcecode.c.objc</string>
			<key>name</key>
			<string>BBALogger.m</string>
			<key>path</key>
			<string>Classes/BBALogger.m</string>
			<key>sourceTree</key>
			<string>&lt;group&gt;</string>
		</dict>
		<key>404ED53E1A126EE1005277B6</key>
		<dict>
			<key>fileEncoding</key>
			<string>4</string>
			<key>isa</key>
			<string>PBXFileReference</string>
			<key>lastKnownFileType</key>
			<string>sourcecode.c.h</string>
			<key>name</key>
			<string>BBAMacros.h</string>
			<key>path</key>
			<string>Classes/BBAMacros.h</string>
			<key>sourceTree</key>
			<string>&lt;group&gt;</string>
		</dict>
		<key>404ED53F1A126EE1005277B6</key>
		<dict>
			<key>fileEncoding</key>
			<string>4</string>
			<key>isa</key>
			<string>PBXFileReference</string>
			<key>lastKnownFileType</key>
			<string>sourcecode.c.h</string>
			<key>name</key>
			<string>BBAMarketingService.h</string>
			<key>path</key>
			<string>Classes/BBAMarketingService.h</string>
			<key>sourceTree</key>
			<string>&lt;group&gt;</string>
		</dict>
		<key>404ED5401A126EE1005277B6</key>
		<dict>
			<key>fileEncoding</key>
			<string>4</string>
			<key>isa</key>
			<string>PBXFileReference</string>
			<key>lastKnownFileType</key>
			<string>sourcecode.c.objc</string>
			<key>name</key>
			<string>BBAMarketingService.m</string>
			<key>path</key>
			<string>Classes/BBAMarketingService.m</string>
			<key>sourceTree</key>
			<string>&lt;group&gt;</string>
		</dict>
		<key>404ED5411A126EE1005277B6</key>
		<dict>
			<key>fileEncoding</key>
			<string>4</string>
			<key>isa</key>
			<string>PBXFileReference</string>
			<key>lastKnownFileType</key>
			<string>sourcecode.c.h</string>
			<key>name</key>
			<string>BBANetworkConfiguration.h</string>
			<key>path</key>
			<string>Classes/BBANetworkConfiguration.h</string>
			<key>sourceTree</key>
			<string>&lt;group&gt;</string>
		</dict>
		<key>404ED5421A126EE1005277B6</key>
		<dict>
			<key>fileEncoding</key>
			<string>4</string>
			<key>isa</key>
			<string>PBXFileReference</string>
			<key>lastKnownFileType</key>
			<string>sourcecode.c.objc</string>
			<key>name</key>
			<string>BBANetworkConfiguration.m</string>
			<key>path</key>
			<string>Classes/BBANetworkConfiguration.m</string>
			<key>sourceTree</key>
			<string>&lt;group&gt;</string>
		</dict>
		<key>404ED5431A126EE1005277B6</key>
		<dict>
			<key>fileEncoding</key>
			<string>4</string>
			<key>isa</key>
			<string>PBXFileReference</string>
			<key>lastKnownFileType</key>
			<string>sourcecode.c.h</string>
			<key>name</key>
			<string>BBANetworking.h</string>
			<key>path</key>
			<string>Classes/BBANetworking.h</string>
			<key>sourceTree</key>
			<string>&lt;group&gt;</string>
		</dict>
		<key>404ED5441A126EE1005277B6</key>
		<dict>
			<key>fileEncoding</key>
			<string>4</string>
			<key>isa</key>
			<string>PBXFileReference</string>
			<key>lastKnownFileType</key>
			<string>sourcecode.c.h</string>
			<key>name</key>
			<string>BBANetworkingConstants.h</string>
			<key>path</key>
			<string>Classes/BBANetworkingConstants.h</string>
			<key>sourceTree</key>
			<string>&lt;group&gt;</string>
		</dict>
		<key>404ED5451A126EE1005277B6</key>
		<dict>
			<key>fileEncoding</key>
			<string>4</string>
			<key>isa</key>
			<string>PBXFileReference</string>
			<key>lastKnownFileType</key>
			<string>sourcecode.c.h</string>
			<key>name</key>
			<string>BBAPurchasingService.h</string>
			<key>path</key>
			<string>Classes/BBAPurchasingService.h</string>
			<key>sourceTree</key>
			<string>&lt;group&gt;</string>
		</dict>
		<key>404ED5461A126EE1005277B6</key>
		<dict>
			<key>fileEncoding</key>
			<string>4</string>
			<key>isa</key>
			<string>PBXFileReference</string>
			<key>lastKnownFileType</key>
			<string>sourcecode.c.objc</string>
			<key>name</key>
			<string>BBAPurchasingService.m</string>
			<key>path</key>
			<string>Classes/BBAPurchasingService.m</string>
			<key>sourceTree</key>
			<string>&lt;group&gt;</string>
		</dict>
		<key>404ED5471A126EE1005277B6</key>
		<dict>
			<key>fileEncoding</key>
			<string>4</string>
			<key>isa</key>
			<string>PBXFileReference</string>
			<key>lastKnownFileType</key>
			<string>sourcecode.c.h</string>
			<key>name</key>
			<string>BBARequest.h</string>
			<key>path</key>
			<string>Classes/BBARequest.h</string>
			<key>sourceTree</key>
			<string>&lt;group&gt;</string>
		</dict>
		<key>404ED5481A126EE1005277B6</key>
		<dict>
			<key>fileEncoding</key>
			<string>4</string>
			<key>isa</key>
			<string>PBXFileReference</string>
			<key>lastKnownFileType</key>
			<string>sourcecode.c.objc</string>
			<key>name</key>
			<string>BBARequest.m</string>
			<key>path</key>
			<string>Classes/BBARequest.m</string>
			<key>sourceTree</key>
			<string>&lt;group&gt;</string>
		</dict>
		<key>404ED5491A126EE1005277B6</key>
		<dict>
			<key>fileEncoding</key>
			<string>4</string>
			<key>isa</key>
			<string>PBXFileReference</string>
			<key>lastKnownFileType</key>
			<string>sourcecode.c.h</string>
			<key>name</key>
			<string>BBARequestFactory.h</string>
			<key>path</key>
			<string>Classes/BBARequestFactory.h</string>
			<key>sourceTree</key>
			<string>&lt;group&gt;</string>
		</dict>
		<key>404ED54A1A126EE1005277B6</key>
		<dict>
			<key>fileEncoding</key>
			<string>4</string>
			<key>isa</key>
			<string>PBXFileReference</string>
			<key>lastKnownFileType</key>
			<string>sourcecode.c.objc</string>
			<key>name</key>
			<string>BBARequestFactory.m</string>
			<key>path</key>
			<string>Classes/BBARequestFactory.m</string>
			<key>sourceTree</key>
			<string>&lt;group&gt;</string>
		</dict>
		<key>404ED54B1A126EE1005277B6</key>
		<dict>
			<key>fileEncoding</key>
			<string>4</string>
			<key>isa</key>
			<string>PBXFileReference</string>
			<key>lastKnownFileType</key>
			<string>sourcecode.c.h</string>
			<key>name</key>
			<string>BBAResponseMapping.h</string>
			<key>path</key>
			<string>Classes/BBAResponseMapping.h</string>
			<key>sourceTree</key>
			<string>&lt;group&gt;</string>
		</dict>
		<key>404ED54C1A126EE1005277B6</key>
		<dict>
			<key>fileEncoding</key>
			<string>4</string>
			<key>isa</key>
			<string>PBXFileReference</string>
			<key>lastKnownFileType</key>
			<string>sourcecode.c.objc</string>
			<key>name</key>
			<string>BBAResponseMapping.m</string>
			<key>path</key>
			<string>Classes/BBAResponseMapping.m</string>
			<key>sourceTree</key>
			<string>&lt;group&gt;</string>
		</dict>
		<key>404ED54D1A126EE1005277B6</key>
		<dict>
			<key>fileEncoding</key>
			<string>4</string>
			<key>isa</key>
			<string>PBXFileReference</string>
			<key>lastKnownFileType</key>
			<string>sourcecode.c.h</string>
			<key>name</key>
			<string>BBASearchConnection.h</string>
			<key>path</key>
			<string>Classes/BBASearchConnection.h</string>
			<key>sourceTree</key>
			<string>&lt;group&gt;</string>
		</dict>
		<key>404ED54E1A126EE1005277B6</key>
		<dict>
			<key>fileEncoding</key>
			<string>4</string>
			<key>isa</key>
			<string>PBXFileReference</string>
			<key>lastKnownFileType</key>
			<string>sourcecode.c.objc</string>
			<key>name</key>
			<string>BBASearchConnection.m</string>
			<key>path</key>
			<string>Classes/BBASearchConnection.m</string>
			<key>sourceTree</key>
			<string>&lt;group&gt;</string>
		</dict>
		<key>404ED54F1A126EE1005277B6</key>
		<dict>
			<key>fileEncoding</key>
			<string>4</string>
			<key>isa</key>
			<string>PBXFileReference</string>
			<key>lastKnownFileType</key>
			<string>sourcecode.c.h</string>
			<key>name</key>
			<string>BBASearchService.h</string>
			<key>path</key>
			<string>Classes/BBASearchService.h</string>
			<key>sourceTree</key>
			<string>&lt;group&gt;</string>
		</dict>
		<key>404ED5501A126EE1005277B6</key>
		<dict>
			<key>fileEncoding</key>
			<string>4</string>
			<key>isa</key>
			<string>PBXFileReference</string>
			<key>lastKnownFileType</key>
			<string>sourcecode.c.objc</string>
			<key>name</key>
			<string>BBASearchService.m</string>
			<key>path</key>
			<string>Classes/BBASearchService.m</string>
			<key>sourceTree</key>
			<string>&lt;group&gt;</string>
		</dict>
		<key>404ED5511A126EE1005277B6</key>
		<dict>
			<key>fileEncoding</key>
			<string>4</string>
			<key>isa</key>
			<string>PBXFileReference</string>
			<key>lastKnownFileType</key>
			<string>sourcecode.c.h</string>
			<key>name</key>
			<string>BBAServerDateFormatter.h</string>
			<key>path</key>
			<string>Classes/BBAServerDateFormatter.h</string>
			<key>sourceTree</key>
			<string>&lt;group&gt;</string>
		</dict>
		<key>404ED5521A126EE1005277B6</key>
		<dict>
			<key>fileEncoding</key>
			<string>4</string>
			<key>isa</key>
			<string>PBXFileReference</string>
			<key>lastKnownFileType</key>
			<string>sourcecode.c.objc</string>
			<key>name</key>
			<string>BBAServerDateFormatter.m</string>
			<key>path</key>
			<string>Classes/BBAServerDateFormatter.m</string>
			<key>sourceTree</key>
			<string>&lt;group&gt;</string>
		</dict>
		<key>404ED5531A126EE1005277B6</key>
		<dict>
			<key>fileEncoding</key>
			<string>4</string>
			<key>isa</key>
			<string>PBXFileReference</string>
			<key>lastKnownFileType</key>
			<string>sourcecode.c.h</string>
			<key>name</key>
			<string>BBAStatusResponseMapper.h</string>
			<key>path</key>
			<string>Classes/BBAStatusResponseMapper.h</string>
			<key>sourceTree</key>
			<string>&lt;group&gt;</string>
		</dict>
		<key>404ED5541A126EE1005277B6</key>
		<dict>
			<key>fileEncoding</key>
			<string>4</string>
			<key>isa</key>
			<string>PBXFileReference</string>
			<key>lastKnownFileType</key>
			<string>sourcecode.c.objc</string>
			<key>name</key>
			<string>BBAStatusResponseMapper.m</string>
			<key>path</key>
			<string>Classes/BBAStatusResponseMapper.m</string>
			<key>sourceTree</key>
			<string>&lt;group&gt;</string>
		</dict>
		<key>404ED5551A126EE1005277B6</key>
		<dict>
			<key>fileEncoding</key>
			<string>4</string>
			<key>isa</key>
			<string>PBXFileReference</string>
			<key>lastKnownFileType</key>
			<string>sourcecode.c.h</string>
			<key>name</key>
			<string>BBATokensResponseMapper.h</string>
			<key>path</key>
			<string>Classes/BBATokensResponseMapper.h</string>
			<key>sourceTree</key>
			<string>&lt;group&gt;</string>
		</dict>
		<key>404ED5561A126EE1005277B6</key>
		<dict>
			<key>fileEncoding</key>
			<string>4</string>
			<key>isa</key>
			<string>PBXFileReference</string>
			<key>lastKnownFileType</key>
			<string>sourcecode.c.objc</string>
			<key>name</key>
			<string>BBATokensResponseMapper.m</string>
			<key>path</key>
			<string>Classes/BBATokensResponseMapper.m</string>
			<key>sourceTree</key>
			<string>&lt;group&gt;</string>
		</dict>
		<key>404ED5571A126EE1005277B6</key>
		<dict>
			<key>fileEncoding</key>
			<string>4</string>
			<key>isa</key>
			<string>PBXFileReference</string>
			<key>lastKnownFileType</key>
			<string>sourcecode.c.h</string>
			<key>name</key>
			<string>BBAUserDetails.h</string>
			<key>path</key>
			<string>Classes/BBAUserDetails.h</string>
			<key>sourceTree</key>
			<string>&lt;group&gt;</string>
		</dict>
		<key>404ED5581A126EE1005277B6</key>
		<dict>
			<key>fileEncoding</key>
			<string>4</string>
			<key>isa</key>
			<string>PBXFileReference</string>
			<key>lastKnownFileType</key>
			<string>sourcecode.c.objc</string>
			<key>name</key>
			<string>BBAUserDetails.m</string>
			<key>path</key>
			<string>Classes/BBAUserDetails.m</string>
			<key>sourceTree</key>
			<string>&lt;group&gt;</string>
		</dict>
		<key>404ED5591A126EE1005277B6</key>
		<dict>
			<key>fileRef</key>
			<string>404ED50F1A126EE1005277B6</string>
			<key>isa</key>
			<string>PBXBuildFile</string>
		</dict>
		<key>404ED55A1A126EE1005277B6</key>
		<dict>
			<key>fileRef</key>
			<string>404ED5111A126EE1005277B6</string>
			<key>isa</key>
			<string>PBXBuildFile</string>
		</dict>
		<key>404ED55B1A126EE1005277B6</key>
		<dict>
			<key>fileRef</key>
			<string>404ED5131A126EE1005277B6</string>
			<key>isa</key>
			<string>PBXBuildFile</string>
		</dict>
		<key>404ED55C1A126EE1005277B6</key>
		<dict>
			<key>fileRef</key>
			<string>404ED5151A126EE1005277B6</string>
			<key>isa</key>
			<string>PBXBuildFile</string>
		</dict>
		<key>404ED55D1A126EE1005277B6</key>
		<dict>
			<key>fileRef</key>
			<string>404ED5171A126EE1005277B6</string>
			<key>isa</key>
			<string>PBXBuildFile</string>
		</dict>
		<key>404ED55E1A126EE1005277B6</key>
		<dict>
			<key>fileRef</key>
			<string>404ED51A1A126EE1005277B6</string>
			<key>isa</key>
			<string>PBXBuildFile</string>
		</dict>
		<key>404ED55F1A126EE1005277B6</key>
		<dict>
			<key>fileRef</key>
			<string>404ED51C1A126EE1005277B6</string>
			<key>isa</key>
			<string>PBXBuildFile</string>
		</dict>
		<key>404ED5601A126EE1005277B6</key>
		<dict>
			<key>fileRef</key>
			<string>404ED51E1A126EE1005277B6</string>
			<key>isa</key>
			<string>PBXBuildFile</string>
		</dict>
		<key>404ED5611A126EE1005277B6</key>
		<dict>
			<key>fileRef</key>
			<string>404ED5201A126EE1005277B6</string>
			<key>isa</key>
			<string>PBXBuildFile</string>
		</dict>
		<key>404ED5621A126EE1005277B6</key>
		<dict>
			<key>fileRef</key>
			<string>404ED5221A126EE1005277B6</string>
			<key>isa</key>
			<string>PBXBuildFile</string>
		</dict>
		<key>404ED5631A126EE1005277B6</key>
		<dict>
			<key>fileRef</key>
			<string>404ED5241A126EE1005277B6</string>
			<key>isa</key>
			<string>PBXBuildFile</string>
		</dict>
		<key>404ED5641A126EE1005277B6</key>
		<dict>
			<key>fileRef</key>
			<string>404ED5261A126EE1005277B6</string>
			<key>isa</key>
			<string>PBXBuildFile</string>
		</dict>
		<key>404ED5651A126EE1005277B6</key>
		<dict>
			<key>fileRef</key>
			<string>404ED5281A126EE1005277B6</string>
			<key>isa</key>
			<string>PBXBuildFile</string>
		</dict>
		<key>404ED5661A126EE1005277B6</key>
		<dict>
			<key>fileRef</key>
			<string>404ED52A1A126EE1005277B6</string>
			<key>isa</key>
			<string>PBXBuildFile</string>
		</dict>
		<key>404ED5671A126EE1005277B6</key>
		<dict>
			<key>fileRef</key>
			<string>404ED52C1A126EE1005277B6</string>
			<key>isa</key>
			<string>PBXBuildFile</string>
		</dict>
		<key>404ED5681A126EE1005277B6</key>
		<dict>
			<key>fileRef</key>
			<string>404ED52E1A126EE1005277B6</string>
			<key>isa</key>
			<string>PBXBuildFile</string>
		</dict>
		<key>404ED5691A126EE1005277B6</key>
		<dict>
			<key>fileRef</key>
			<string>404ED5301A126EE1005277B6</string>
			<key>isa</key>
			<string>PBXBuildFile</string>
		</dict>
		<key>404ED56A1A126EE1005277B6</key>
		<dict>
			<key>fileRef</key>
			<string>404ED5321A126EE1005277B6</string>
			<key>isa</key>
			<string>PBXBuildFile</string>
		</dict>
		<key>404ED56B1A126EE1005277B6</key>
		<dict>
			<key>fileRef</key>
			<string>404ED5341A126EE1005277B6</string>
			<key>isa</key>
			<string>PBXBuildFile</string>
		</dict>
		<key>404ED56C1A126EE1005277B6</key>
		<dict>
			<key>fileRef</key>
			<string>404ED5361A126EE1005277B6</string>
			<key>isa</key>
			<string>PBXBuildFile</string>
		</dict>
		<key>404ED56D1A126EE1005277B6</key>
		<dict>
			<key>fileRef</key>
			<string>404ED5381A126EE1005277B6</string>
			<key>isa</key>
			<string>PBXBuildFile</string>
		</dict>
		<key>404ED56E1A126EE1005277B6</key>
		<dict>
			<key>fileRef</key>
			<string>404ED53A1A126EE1005277B6</string>
			<key>isa</key>
			<string>PBXBuildFile</string>
		</dict>
		<key>404ED56F1A126EE1005277B6</key>
		<dict>
			<key>fileRef</key>
			<string>404ED53D1A126EE1005277B6</string>
			<key>isa</key>
			<string>PBXBuildFile</string>
		</dict>
		<key>404ED5701A126EE1005277B6</key>
		<dict>
			<key>fileRef</key>
			<string>404ED5401A126EE1005277B6</string>
			<key>isa</key>
			<string>PBXBuildFile</string>
		</dict>
		<key>404ED5711A126EE1005277B6</key>
		<dict>
			<key>fileRef</key>
			<string>404ED5421A126EE1005277B6</string>
			<key>isa</key>
			<string>PBXBuildFile</string>
		</dict>
		<key>404ED5721A126EE1005277B6</key>
		<dict>
			<key>fileRef</key>
			<string>404ED5461A126EE1005277B6</string>
			<key>isa</key>
			<string>PBXBuildFile</string>
		</dict>
		<key>404ED5731A126EE1005277B6</key>
		<dict>
			<key>fileRef</key>
			<string>404ED5481A126EE1005277B6</string>
			<key>isa</key>
			<string>PBXBuildFile</string>
		</dict>
		<key>404ED5741A126EE1005277B6</key>
		<dict>
			<key>fileRef</key>
			<string>404ED54A1A126EE1005277B6</string>
			<key>isa</key>
			<string>PBXBuildFile</string>
		</dict>
		<key>404ED5751A126EE1005277B6</key>
		<dict>
			<key>fileRef</key>
			<string>404ED54C1A126EE1005277B6</string>
			<key>isa</key>
			<string>PBXBuildFile</string>
		</dict>
		<key>404ED5761A126EE1005277B6</key>
		<dict>
			<key>fileRef</key>
			<string>404ED54E1A126EE1005277B6</string>
			<key>isa</key>
			<string>PBXBuildFile</string>
		</dict>
		<key>404ED5771A126EE1005277B6</key>
		<dict>
			<key>fileRef</key>
			<string>404ED5501A126EE1005277B6</string>
			<key>isa</key>
			<string>PBXBuildFile</string>
		</dict>
		<key>404ED5781A126EE1005277B6</key>
		<dict>
			<key>fileRef</key>
			<string>404ED5521A126EE1005277B6</string>
			<key>isa</key>
			<string>PBXBuildFile</string>
		</dict>
		<key>404ED5791A126EE1005277B6</key>
		<dict>
			<key>fileRef</key>
			<string>404ED5541A126EE1005277B6</string>
			<key>isa</key>
			<string>PBXBuildFile</string>
		</dict>
		<key>404ED57A1A126EE1005277B6</key>
		<dict>
			<key>fileRef</key>
			<string>404ED5561A126EE1005277B6</string>
			<key>isa</key>
			<string>PBXBuildFile</string>
		</dict>
		<key>404ED57B1A126EE1005277B6</key>
		<dict>
			<key>fileRef</key>
			<string>404ED5581A126EE1005277B6</string>
			<key>isa</key>
			<string>PBXBuildFile</string>
		</dict>
		<key>404ED57C1A126FC5005277B6</key>
		<dict>
			<key>fileEncoding</key>
			<string>4</string>
			<key>isa</key>
			<string>PBXFileReference</string>
			<key>lastKnownFileType</key>
			<string>sourcecode.c.objc</string>
			<key>path</key>
			<string>BBAAuthenticationServiceTests.m</string>
			<key>sourceTree</key>
			<string>&lt;group&gt;</string>
		</dict>
		<key>404ED57D1A126FC5005277B6</key>
		<dict>
			<key>fileEncoding</key>
			<string>4</string>
			<key>isa</key>
			<string>PBXFileReference</string>
			<key>lastKnownFileType</key>
			<string>sourcecode.c.h</string>
			<key>path</key>
			<string>BBAAuthResponseMapperTests.h</string>
			<key>sourceTree</key>
			<string>&lt;group&gt;</string>
		</dict>
		<key>404ED57E1A126FC5005277B6</key>
		<dict>
			<key>fileEncoding</key>
			<string>4</string>
			<key>isa</key>
			<string>PBXFileReference</string>
			<key>lastKnownFileType</key>
			<string>sourcecode.c.h</string>
			<key>path</key>
			<string>BBAAuthServiceResponseMappersTestData.h</string>
			<key>sourceTree</key>
			<string>&lt;group&gt;</string>
		</dict>
		<key>404ED57F1A126FC5005277B6</key>
		<dict>
			<key>fileEncoding</key>
			<string>4</string>
			<key>isa</key>
			<string>PBXFileReference</string>
			<key>lastKnownFileType</key>
			<string>sourcecode.c.objc</string>
			<key>path</key>
			<string>BBAAuthServiceResponseMappersTestData.m</string>
			<key>sourceTree</key>
			<string>&lt;group&gt;</string>
		</dict>
		<key>404ED5801A126FC5005277B6</key>
		<dict>
			<key>fileEncoding</key>
			<string>4</string>
			<key>isa</key>
			<string>PBXFileReference</string>
			<key>lastKnownFileType</key>
			<string>sourcecode.c.objc</string>
			<key>path</key>
			<string>BBAAuthServiceResponseMapperTests.m</string>
			<key>sourceTree</key>
			<string>&lt;group&gt;</string>
		</dict>
		<key>404ED5811A126FC5005277B6</key>
		<dict>
			<key>fileEncoding</key>
			<string>4</string>
			<key>isa</key>
			<string>PBXFileReference</string>
			<key>lastKnownFileType</key>
			<string>sourcecode.c.objc</string>
			<key>path</key>
			<string>BBAClientsResponseMapperTests.m</string>
			<key>sourceTree</key>
			<string>&lt;group&gt;</string>
		</dict>
		<key>404ED5821A126FC5005277B6</key>
		<dict>
			<key>fileEncoding</key>
			<string>4</string>
			<key>isa</key>
			<string>PBXFileReference</string>
			<key>lastKnownFileType</key>
			<string>sourcecode.c.objc</string>
			<key>path</key>
			<string>BBAConnectionTests.m</string>
			<key>sourceTree</key>
			<string>&lt;group&gt;</string>
		</dict>
		<key>404ED5831A126FC5005277B6</key>
		<dict>
			<key>fileEncoding</key>
			<string>4</string>
			<key>isa</key>
			<string>PBXFileReference</string>
			<key>lastKnownFileType</key>
			<string>sourcecode.c.h</string>
			<key>path</key>
			<string>BBAConnectionTestsMocks.h</string>
			<key>sourceTree</key>
			<string>&lt;group&gt;</string>
		</dict>
		<key>404ED5841A126FC5005277B6</key>
		<dict>
			<key>fileEncoding</key>
			<string>4</string>
			<key>isa</key>
			<string>PBXFileReference</string>
			<key>lastKnownFileType</key>
			<string>sourcecode.c.objc</string>
			<key>path</key>
			<string>BBAConnectionTestsMocks.m</string>
			<key>sourceTree</key>
			<string>&lt;group&gt;</string>
		</dict>
		<key>404ED5851A126FC5005277B6</key>
		<dict>
			<key>fileEncoding</key>
			<string>4</string>
			<key>isa</key>
			<string>PBXFileReference</string>
			<key>lastKnownFileType</key>
			<string>sourcecode.c.objc</string>
			<key>path</key>
			<string>BBALibraryResponseMapperTests.m</string>
			<key>sourceTree</key>
			<string>&lt;group&gt;</string>
		</dict>
		<key>404ED5861A126FC5005277B6</key>
		<dict>
			<key>fileEncoding</key>
			<string>4</string>
			<key>isa</key>
			<string>PBXFileReference</string>
			<key>lastKnownFileType</key>
			<string>sourcecode.c.objc</string>
			<key>path</key>
			<string>BBALibraryResponseTests.m</string>
			<key>sourceTree</key>
			<string>&lt;group&gt;</string>
		</dict>
		<key>404ED5871A126FC5005277B6</key>
		<dict>
			<key>fileEncoding</key>
			<string>4</string>
			<key>isa</key>
			<string>PBXFileReference</string>
			<key>lastKnownFileType</key>
			<string>sourcecode.c.objc</string>
			<key>path</key>
			<string>BBALibraryServiceTests.m</string>
			<key>sourceTree</key>
			<string>&lt;group&gt;</string>
		</dict>
		<key>404ED5881A126FC5005277B6</key>
		<dict>
			<key>fileEncoding</key>
			<string>4</string>
			<key>isa</key>
			<string>PBXFileReference</string>
			<key>lastKnownFileType</key>
			<string>sourcecode.c.h</string>
			<key>path</key>
			<string>BBAMockAssertionHandler.h</string>
			<key>sourceTree</key>
			<string>&lt;group&gt;</string>
		</dict>
		<key>404ED5891A126FC5005277B6</key>
		<dict>
			<key>fileEncoding</key>
			<string>4</string>
			<key>isa</key>
			<string>PBXFileReference</string>
			<key>lastKnownFileType</key>
			<string>sourcecode.c.objc</string>
			<key>path</key>
			<string>BBAMockAssertionHandler.m</string>
			<key>sourceTree</key>
			<string>&lt;group&gt;</string>
		</dict>
		<key>404ED58A1A126FC5005277B6</key>
		<dict>
			<key>fileEncoding</key>
			<string>4</string>
			<key>isa</key>
			<string>PBXFileReference</string>
			<key>lastKnownFileType</key>
			<string>sourcecode.c.h</string>
			<key>path</key>
			<string>BBAMockConnection.h</string>
			<key>sourceTree</key>
			<string>&lt;group&gt;</string>
		</dict>
		<key>404ED58B1A126FC5005277B6</key>
		<dict>
			<key>fileEncoding</key>
			<string>4</string>
			<key>isa</key>
			<string>PBXFileReference</string>
			<key>lastKnownFileType</key>
			<string>sourcecode.c.objc</string>
			<key>path</key>
			<string>BBAMockConnection.m</string>
			<key>sourceTree</key>
			<string>&lt;group&gt;</string>
		</dict>
		<key>404ED58C1A126FC5005277B6</key>
		<dict>
			<key>fileEncoding</key>
			<string>4</string>
			<key>isa</key>
			<string>PBXFileReference</string>
			<key>lastKnownFileType</key>
			<string>sourcecode.c.objc</string>
			<key>path</key>
			<string>BBANetworkConfigurationTests.m</string>
			<key>sourceTree</key>
			<string>&lt;group&gt;</string>
		</dict>
		<key>404ED58D1A126FC5005277B6</key>
		<dict>
			<key>fileEncoding</key>
			<string>4</string>
			<key>isa</key>
			<string>PBXFileReference</string>
			<key>lastKnownFileType</key>
			<string>sourcecode.c.objc</string>
			<key>path</key>
			<string>BBARequestFactoryTests.m</string>
			<key>sourceTree</key>
			<string>&lt;group&gt;</string>
		</dict>
		<key>404ED58E1A126FC5005277B6</key>
		<dict>
			<key>fileEncoding</key>
			<string>4</string>
			<key>isa</key>
			<string>PBXFileReference</string>
			<key>lastKnownFileType</key>
			<string>sourcecode.c.objc</string>
			<key>path</key>
			<string>BBAStatusResponseMapperTests.m</string>
			<key>sourceTree</key>
			<string>&lt;group&gt;</string>
		</dict>
		<key>404ED58F1A126FC5005277B6</key>
		<dict>
			<key>fileEncoding</key>
			<string>4</string>
			<key>isa</key>
			<string>PBXFileReference</string>
			<key>lastKnownFileType</key>
			<string>sourcecode.c.h</string>
			<key>path</key>
			<string>BBASwizzlingHelper.h</string>
			<key>sourceTree</key>
			<string>&lt;group&gt;</string>
		</dict>
		<key>404ED5901A126FC5005277B6</key>
		<dict>
			<key>fileEncoding</key>
			<string>4</string>
			<key>isa</key>
			<string>PBXFileReference</string>
			<key>lastKnownFileType</key>
			<string>sourcecode.c.objc</string>
			<key>path</key>
			<string>BBASwizzlingHelper.m</string>
			<key>sourceTree</key>
			<string>&lt;group&gt;</string>
		</dict>
		<key>404ED5911A126FC5005277B6</key>
		<dict>
			<key>fileEncoding</key>
			<string>4</string>
			<key>isa</key>
			<string>PBXFileReference</string>
			<key>lastKnownFileType</key>
			<string>sourcecode.c.h</string>
			<key>path</key>
			<string>BBATestHelper.h</string>
			<key>sourceTree</key>
			<string>&lt;group&gt;</string>
		</dict>
		<key>404ED5921A126FC5005277B6</key>
		<dict>
			<key>fileEncoding</key>
			<string>4</string>
			<key>isa</key>
			<string>PBXFileReference</string>
			<key>lastKnownFileType</key>
			<string>sourcecode.c.objc</string>
			<key>path</key>
			<string>BBATestHelper.m</string>
			<key>sourceTree</key>
			<string>&lt;group&gt;</string>
		</dict>
		<key>404ED5931A126FC5005277B6</key>
		<dict>
			<key>fileEncoding</key>
			<string>4</string>
			<key>isa</key>
			<string>PBXFileReference</string>
			<key>lastKnownFileType</key>
			<string>sourcecode.c.h</string>
			<key>path</key>
			<string>BBATestMacros.h</string>
			<key>sourceTree</key>
			<string>&lt;group&gt;</string>
		</dict>
		<key>404ED5941A126FC5005277B6</key>
		<dict>
			<key>fileEncoding</key>
			<string>4</string>
			<key>isa</key>
			<string>PBXFileReference</string>
			<key>lastKnownFileType</key>
			<string>sourcecode.c.objc</string>
			<key>path</key>
			<string>BBATokensResponseMapperTests.m</string>
			<key>sourceTree</key>
			<string>&lt;group&gt;</string>
		</dict>
		<key>404ED5951A126FC5005277B6</key>
		<dict>
			<key>children</key>
			<array>
				<string>404ED5961A126FC5005277B6</string>
			</array>
			<key>isa</key>
			<string>PBXGroup</string>
			<key>path</key>
			<string>SampleData</string>
			<key>sourceTree</key>
			<string>&lt;group&gt;</string>
		</dict>
		<key>404ED5961A126FC5005277B6</key>
		<dict>
			<key>children</key>
			<array>
				<string>404ED5971A126FC5005277B6</string>
				<string>404ED5981A126FC5005277B6</string>
				<string>404ED5991A126FC5005277B6</string>
				<string>404ED59A1A126FC5005277B6</string>
				<string>404ED59B1A126FC5005277B6</string>
				<string>404ED59C1A126FC5005277B6</string>
				<string>404ED59D1A126FC5005277B6</string>
				<string>404ED59E1A126FC5005277B6</string>
				<string>404ED59F1A126FC5005277B6</string>
				<string>404ED5A01A126FC5005277B6</string>
				<string>404ED5A11A126FC5005277B6</string>
				<string>404ED5A21A126FC5005277B6</string>
			</array>
			<key>isa</key>
			<string>PBXGroup</string>
			<key>path</key>
			<string>Library Service Responses</string>
			<key>sourceTree</key>
			<string>&lt;group&gt;</string>
		</dict>
		<key>404ED5971A126FC5005277B6</key>
		<dict>
			<key>fileEncoding</key>
			<string>4</string>
			<key>isa</key>
			<string>PBXFileReference</string>
			<key>lastKnownFileType</key>
			<string>text.json</string>
			<key>path</key>
			<string>libResponse.json</string>
			<key>sourceTree</key>
			<string>&lt;group&gt;</string>
		</dict>
		<key>404ED5981A126FC5005277B6</key>
		<dict>
			<key>fileEncoding</key>
			<string>4</string>
			<key>isa</key>
			<string>PBXFileReference</string>
			<key>lastKnownFileType</key>
			<string>text.json</string>
			<key>path</key>
			<string>libResponse_archived.json</string>
			<key>sourceTree</key>
			<string>&lt;group&gt;</string>
		</dict>
		<key>404ED5991A126FC5005277B6</key>
		<dict>
			<key>fileEncoding</key>
			<string>4</string>
			<key>isa</key>
			<string>PBXFileReference</string>
			<key>lastKnownFileType</key>
			<string>text.json</string>
			<key>path</key>
			<string>libResponse_deleted.json</string>
			<key>sourceTree</key>
			<string>&lt;group&gt;</string>
		</dict>
		<key>404ED59A1A126FC5005277B6</key>
		<dict>
			<key>fileEncoding</key>
			<string>4</string>
			<key>isa</key>
			<string>PBXFileReference</string>
			<key>lastKnownFileType</key>
			<string>text.json</string>
			<key>path</key>
			<string>libResponse_empty_archived.json</string>
			<key>sourceTree</key>
			<string>&lt;group&gt;</string>
		</dict>
		<key>404ED59B1A126FC5005277B6</key>
		<dict>
			<key>fileEncoding</key>
			<string>4</string>
			<key>isa</key>
			<string>PBXFileReference</string>
			<key>lastKnownFileType</key>
			<string>text.json</string>
			<key>path</key>
			<string>libResponse_get_single_item.json</string>
			<key>sourceTree</key>
			<string>&lt;group&gt;</string>
		</dict>
		<key>404ED59C1A126FC5005277B6</key>
		<dict>
			<key>fileEncoding</key>
			<string>4</string>
			<key>isa</key>
			<string>PBXFileReference</string>
			<key>lastKnownFileType</key>
			<string>text.json</string>
			<key>path</key>
			<string>libResponse_invalid_data_format.json</string>
			<key>sourceTree</key>
			<string>&lt;group&gt;</string>
		</dict>
		<key>404ED59D1A126FC5005277B6</key>
		<dict>
			<key>fileEncoding</key>
			<string>4</string>
			<key>isa</key>
			<string>PBXFileReference</string>
			<key>lastKnownFileType</key>
			<string>text.json</string>
			<key>path</key>
			<string>libResponse_invalid_type.json</string>
			<key>sourceTree</key>
			<string>&lt;group&gt;</string>
		</dict>
		<key>404ED59E1A126FC5005277B6</key>
		<dict>
			<key>fileEncoding</key>
			<string>4</string>
			<key>isa</key>
			<string>PBXFileReference</string>
			<key>lastKnownFileType</key>
			<string>text.json</string>
			<key>path</key>
			<string>libResponse_no_items.json</string>
			<key>sourceTree</key>
			<string>&lt;group&gt;</string>
		</dict>
		<key>404ED59F1A126FC5005277B6</key>
		<dict>
			<key>fileEncoding</key>
			<string>4</string>
			<key>isa</key>
			<string>PBXFileReference</string>
			<key>lastKnownFileType</key>
			<string>text.json</string>
			<key>path</key>
			<string>libResponse_single_item_archived.json</string>
			<key>sourceTree</key>
			<string>&lt;group&gt;</string>
		</dict>
		<key>404ED5A01A126FC5005277B6</key>
		<dict>
			<key>fileEncoding</key>
			<string>4</string>
			<key>isa</key>
			<string>PBXFileReference</string>
			<key>lastKnownFileType</key>
			<string>text.json</string>
			<key>path</key>
			<string>libResponse_single_item_deleted.json</string>
			<key>sourceTree</key>
			<string>&lt;group&gt;</string>
		</dict>
		<key>404ED5A11A126FC5005277B6</key>
		<dict>
			<key>fileEncoding</key>
			<string>4</string>
			<key>isa</key>
			<string>PBXFileReference</string>
			<key>lastKnownFileType</key>
			<string>text.json</string>
			<key>path</key>
			<string>libResponse_single_item_purchased.json</string>
			<key>sourceTree</key>
			<string>&lt;group&gt;</string>
		</dict>
		<key>404ED5A21A126FC5005277B6</key>
		<dict>
			<key>fileEncoding</key>
			<string>4</string>
			<key>isa</key>
			<string>PBXFileReference</string>
			<key>lastKnownFileType</key>
			<string>text.json</string>
			<key>path</key>
			<string>libResponse_single_item_sampled.json</string>
			<key>sourceTree</key>
			<string>&lt;group&gt;</string>
		</dict>
		<key>404ED5A31A126FC5005277B6</key>
		<dict>
			<key>fileRef</key>
			<string>404ED57C1A126FC5005277B6</string>
			<key>isa</key>
			<string>PBXBuildFile</string>
		</dict>
		<key>404ED5A41A126FC5005277B6</key>
		<dict>
			<key>fileRef</key>
			<string>404ED57F1A126FC5005277B6</string>
			<key>isa</key>
			<string>PBXBuildFile</string>
		</dict>
		<key>404ED5A51A126FC5005277B6</key>
		<dict>
			<key>fileRef</key>
			<string>404ED5801A126FC5005277B6</string>
			<key>isa</key>
			<string>PBXBuildFile</string>
		</dict>
		<key>404ED5A61A126FC5005277B6</key>
		<dict>
			<key>fileRef</key>
			<string>404ED5811A126FC5005277B6</string>
			<key>isa</key>
			<string>PBXBuildFile</string>
		</dict>
		<key>404ED5A71A126FC5005277B6</key>
		<dict>
			<key>fileRef</key>
			<string>404ED5821A126FC5005277B6</string>
			<key>isa</key>
			<string>PBXBuildFile</string>
		</dict>
		<key>404ED5A81A126FC5005277B6</key>
		<dict>
			<key>fileRef</key>
			<string>404ED5841A126FC5005277B6</string>
			<key>isa</key>
			<string>PBXBuildFile</string>
		</dict>
		<key>404ED5A91A126FC5005277B6</key>
		<dict>
			<key>fileRef</key>
			<string>404ED5851A126FC5005277B6</string>
			<key>isa</key>
			<string>PBXBuildFile</string>
		</dict>
		<key>404ED5AA1A126FC5005277B6</key>
		<dict>
			<key>fileRef</key>
			<string>404ED5861A126FC5005277B6</string>
			<key>isa</key>
			<string>PBXBuildFile</string>
		</dict>
		<key>404ED5AB1A126FC5005277B6</key>
		<dict>
			<key>fileRef</key>
			<string>404ED5871A126FC5005277B6</string>
			<key>isa</key>
			<string>PBXBuildFile</string>
		</dict>
		<key>404ED5AC1A126FC5005277B6</key>
		<dict>
			<key>fileRef</key>
			<string>404ED5891A126FC5005277B6</string>
			<key>isa</key>
			<string>PBXBuildFile</string>
		</dict>
		<key>404ED5AD1A126FC5005277B6</key>
		<dict>
			<key>fileRef</key>
			<string>404ED58B1A126FC5005277B6</string>
			<key>isa</key>
			<string>PBXBuildFile</string>
		</dict>
		<key>404ED5AE1A126FC5005277B6</key>
		<dict>
			<key>fileRef</key>
			<string>404ED58C1A126FC5005277B6</string>
			<key>isa</key>
			<string>PBXBuildFile</string>
		</dict>
		<key>404ED5AF1A126FC5005277B6</key>
		<dict>
			<key>fileRef</key>
			<string>404ED58D1A126FC5005277B6</string>
			<key>isa</key>
			<string>PBXBuildFile</string>
		</dict>
		<key>404ED5B01A126FC5005277B6</key>
		<dict>
			<key>fileRef</key>
			<string>404ED58E1A126FC5005277B6</string>
			<key>isa</key>
			<string>PBXBuildFile</string>
		</dict>
		<key>404ED5B11A126FC5005277B6</key>
		<dict>
			<key>fileRef</key>
			<string>404ED5901A126FC5005277B6</string>
			<key>isa</key>
			<string>PBXBuildFile</string>
		</dict>
		<key>404ED5B21A126FC5005277B6</key>
		<dict>
			<key>fileRef</key>
			<string>404ED5921A126FC5005277B6</string>
			<key>isa</key>
			<string>PBXBuildFile</string>
		</dict>
		<key>404ED5B31A126FC5005277B6</key>
		<dict>
			<key>fileRef</key>
			<string>404ED5941A126FC5005277B6</string>
			<key>isa</key>
			<string>PBXBuildFile</string>
		</dict>
		<key>404ED5B41A126FC5005277B6</key>
		<dict>
			<key>fileRef</key>
			<string>404ED5971A126FC5005277B6</string>
			<key>isa</key>
			<string>PBXBuildFile</string>
		</dict>
		<key>404ED5B51A126FC5005277B6</key>
		<dict>
			<key>fileRef</key>
			<string>404ED5981A126FC5005277B6</string>
			<key>isa</key>
			<string>PBXBuildFile</string>
		</dict>
		<key>404ED5B61A126FC5005277B6</key>
		<dict>
			<key>fileRef</key>
			<string>404ED5991A126FC5005277B6</string>
			<key>isa</key>
			<string>PBXBuildFile</string>
		</dict>
		<key>404ED5B71A126FC5005277B6</key>
		<dict>
			<key>fileRef</key>
			<string>404ED59A1A126FC5005277B6</string>
			<key>isa</key>
			<string>PBXBuildFile</string>
		</dict>
		<key>404ED5B81A126FC5005277B6</key>
		<dict>
			<key>fileRef</key>
			<string>404ED59B1A126FC5005277B6</string>
			<key>isa</key>
			<string>PBXBuildFile</string>
		</dict>
		<key>404ED5B91A126FC5005277B6</key>
		<dict>
			<key>fileRef</key>
			<string>404ED59C1A126FC5005277B6</string>
			<key>isa</key>
			<string>PBXBuildFile</string>
		</dict>
		<key>404ED5BA1A126FC5005277B6</key>
		<dict>
			<key>fileRef</key>
			<string>404ED59D1A126FC5005277B6</string>
			<key>isa</key>
			<string>PBXBuildFile</string>
		</dict>
		<key>404ED5BB1A126FC5005277B6</key>
		<dict>
			<key>fileRef</key>
			<string>404ED59E1A126FC5005277B6</string>
			<key>isa</key>
			<string>PBXBuildFile</string>
		</dict>
		<key>404ED5BC1A126FC5005277B6</key>
		<dict>
			<key>fileRef</key>
			<string>404ED59F1A126FC5005277B6</string>
			<key>isa</key>
			<string>PBXBuildFile</string>
		</dict>
		<key>404ED5BD1A126FC5005277B6</key>
		<dict>
			<key>fileRef</key>
			<string>404ED5A01A126FC5005277B6</string>
			<key>isa</key>
			<string>PBXBuildFile</string>
		</dict>
		<key>404ED5BE1A126FC5005277B6</key>
		<dict>
			<key>fileRef</key>
			<string>404ED5A11A126FC5005277B6</string>
			<key>isa</key>
			<string>PBXBuildFile</string>
		</dict>
		<key>404ED5BF1A126FC5005277B6</key>
		<dict>
			<key>fileRef</key>
			<string>404ED5A21A126FC5005277B6</string>
			<key>isa</key>
			<string>PBXBuildFile</string>
		</dict>
		<key>404ED5C01A126FF9005277B6</key>
		<dict>
			<key>fileEncoding</key>
			<string>4</string>
			<key>isa</key>
			<string>PBXFileReference</string>
			<key>lastKnownFileType</key>
			<string>sourcecode.c.h</string>
			<key>path</key>
			<string>BBBAPITests.pch</string>
			<key>sourceTree</key>
			<string>&lt;group&gt;</string>
		</dict>
		<key>589B7C7385689ABE06A9AF88</key>
		<dict>
			<key>buildActionMask</key>
			<string>2147483647</string>
			<key>files</key>
			<array/>
			<key>inputPaths</key>
			<array/>
			<key>isa</key>
			<string>PBXShellScriptBuildPhase</string>
			<key>name</key>
			<string>Copy Pods Resources</string>
			<key>outputPaths</key>
			<array/>
			<key>runOnlyForDeploymentPostprocessing</key>
			<string>0</string>
			<key>shellPath</key>
			<string>/bin/sh</string>
			<key>shellScript</key>
			<string>"${SRCROOT}/Pods/Target Support Files/Pods/Pods-resources.sh"
</string>
			<key>showEnvVarsInLog</key>
			<string>0</string>
		</dict>
		<key>5FE62AE1CB8AB34173EC7EA0</key>
		<dict>
			<key>buildActionMask</key>
			<string>2147483647</string>
			<key>files</key>
			<array/>
			<key>inputPaths</key>
			<array/>
			<key>isa</key>
			<string>PBXShellScriptBuildPhase</string>
			<key>name</key>
			<string>Check Pods Manifest.lock</string>
			<key>outputPaths</key>
			<array/>
			<key>runOnlyForDeploymentPostprocessing</key>
			<string>0</string>
			<key>shellPath</key>
			<string>/bin/sh</string>
			<key>shellScript</key>
			<string>diff "${PODS_ROOT}/../Podfile.lock" "${PODS_ROOT}/Manifest.lock" &gt; /dev/null
if [[ $? != 0 ]] ; then
    cat &lt;&lt; EOM
error: The sandbox is not in sync with the Podfile.lock. Run 'pod install' or update your CocoaPods installation.
EOM
    exit 1
fi
</string>
			<key>showEnvVarsInLog</key>
			<string>0</string>
		</dict>
		<key>929595BB589CE84A6F35E0C2</key>
		<dict>
			<key>explicitFileType</key>
			<string>archive.ar</string>
			<key>includeInIndex</key>
			<string>0</string>
			<key>isa</key>
			<string>PBXFileReference</string>
			<key>path</key>
			<string>libPods.a</string>
			<key>sourceTree</key>
			<string>BUILT_PRODUCTS_DIR</string>
		</dict>
		<key>ADFA7631ED96B02EBB43D3BA</key>
		<dict>
			<key>children</key>
			<array>
				<string>0C7D14B488BA688F0106B607</string>
				<string>DDA44C0857E1EE61269BE46F</string>
			</array>
			<key>isa</key>
			<string>PBXGroup</string>
			<key>name</key>
			<string>Pods</string>
			<key>sourceTree</key>
			<string>&lt;group&gt;</string>
		</dict>
		<key>DDA44C0857E1EE61269BE46F</key>
		<dict>
			<key>includeInIndex</key>
			<string>1</string>
			<key>isa</key>
			<string>PBXFileReference</string>
			<key>lastKnownFileType</key>
			<string>text.xcconfig</string>
			<key>name</key>
			<string>Pods.release.xcconfig</string>
			<key>path</key>
			<string>Pods/Target Support Files/Pods/Pods.release.xcconfig</string>
			<key>sourceTree</key>
			<string>&lt;group&gt;</string>
		</dict>
		<key>E4DB33D21E53221119D40ED8</key>
		<dict>
			<key>children</key>
			<array>
				<string>929595BB589CE84A6F35E0C2</string>
			</array>
			<key>isa</key>
			<string>PBXGroup</string>
			<key>name</key>
			<string>Frameworks</string>
			<key>sourceTree</key>
			<string>&lt;group&gt;</string>
		</dict>
		<key>E8EBA827DFF6C658FFD3F075</key>
		<dict>
			<key>fileRef</key>
			<string>929595BB589CE84A6F35E0C2</string>
			<key>isa</key>
			<string>PBXBuildFile</string>
		</dict>
	</dict>
	<key>rootObject</key>
	<string>404ED4DB1A126E40005277B6</string>
</dict>
</plist>
