// !$*UTF8*$!
{
	archiveVersion = 1;
	classes = {
	};
	objectVersion = 46;
	objects = {

/* Begin PBXBuildFile section */
		087C37E6CA09AC67D0BD1BCB /* libPods-BBBAPITests.a in Frameworks */ = {isa = PBXBuildFile; fileRef = 2A5993ECFA1526A0AE7C3B7E /* libPods-BBBAPITests.a */; };
		2B6DC3F9FD6C586D1D6BE1E7 /* libPods-BBBAPI.a in Frameworks */ = {isa = PBXBuildFile; fileRef = 26841EE83C9FA47FA48E8A11 /* libPods-BBBAPI.a */; };
		401A1D211A13D6CB004FBA41 /* main.m in Sources */ = {isa = PBXBuildFile; fileRef = 401A1D201A13D6CB004FBA41 /* main.m */; };
		401A1D241A13D6CB004FBA41 /* AppDelegate.m in Sources */ = {isa = PBXBuildFile; fileRef = 401A1D231A13D6CB004FBA41 /* AppDelegate.m */; };
		401A1D271A13D6CB004FBA41 /* ViewController.m in Sources */ = {isa = PBXBuildFile; fileRef = 401A1D261A13D6CB004FBA41 /* ViewController.m */; };
		401A1D2A1A13D6CB004FBA41 /* Main.storyboard in Resources */ = {isa = PBXBuildFile; fileRef = 401A1D281A13D6CB004FBA41 /* Main.storyboard */; };
		401A1D2C1A13D6CB004FBA41 /* Images.xcassets in Resources */ = {isa = PBXBuildFile; fileRef = 401A1D2B1A13D6CB004FBA41 /* Images.xcassets */; };
		401A1D2F1A13D6CB004FBA41 /* LaunchScreen.xib in Resources */ = {isa = PBXBuildFile; fileRef = 401A1D2D1A13D6CB004FBA41 /* LaunchScreen.xib */; };
		401A1D6C1A13D77B004FBA41 /* BBAAuthenticationServiceTests.m in Sources */ = {isa = PBXBuildFile; fileRef = 401A1D441A13D77B004FBA41 /* BBAAuthenticationServiceTests.m */; };
		401A1D6D1A13D77B004FBA41 /* BBAAuthServiceResponseMappersTestData.m in Sources */ = {isa = PBXBuildFile; fileRef = 401A1D471A13D77B004FBA41 /* BBAAuthServiceResponseMappersTestData.m */; };
		401A1D6E1A13D77B004FBA41 /* BBAAuthServiceResponseMapperTests.m in Sources */ = {isa = PBXBuildFile; fileRef = 401A1D481A13D77B004FBA41 /* BBAAuthServiceResponseMapperTests.m */; };
		401A1D6F1A13D77B004FBA41 /* BBAClientsResponseMapperTests.m in Sources */ = {isa = PBXBuildFile; fileRef = 401A1D491A13D77B004FBA41 /* BBAClientsResponseMapperTests.m */; };
		401A1D701A13D77B004FBA41 /* BBAConnectionTests.m in Sources */ = {isa = PBXBuildFile; fileRef = 401A1D4A1A13D77B004FBA41 /* BBAConnectionTests.m */; };
		401A1D711A13D77B004FBA41 /* BBAConnectionTestsMocks.m in Sources */ = {isa = PBXBuildFile; fileRef = 401A1D4C1A13D77B004FBA41 /* BBAConnectionTestsMocks.m */; };
		401A1D721A13D77B004FBA41 /* BBALibraryResponseMapperTests.m in Sources */ = {isa = PBXBuildFile; fileRef = 401A1D4D1A13D77B004FBA41 /* BBALibraryResponseMapperTests.m */; };
		401A1D731A13D77B004FBA41 /* BBALibraryResponseTests.m in Sources */ = {isa = PBXBuildFile; fileRef = 401A1D4E1A13D77B004FBA41 /* BBALibraryResponseTests.m */; };
		401A1D741A13D77B004FBA41 /* BBALibraryServiceTests.m in Sources */ = {isa = PBXBuildFile; fileRef = 401A1D4F1A13D77B004FBA41 /* BBALibraryServiceTests.m */; };
		401A1D751A13D77B004FBA41 /* BBAMockAssertionHandler.m in Sources */ = {isa = PBXBuildFile; fileRef = 401A1D511A13D77B004FBA41 /* BBAMockAssertionHandler.m */; };
		401A1D761A13D77B004FBA41 /* BBAMockConnection.m in Sources */ = {isa = PBXBuildFile; fileRef = 401A1D531A13D77B004FBA41 /* BBAMockConnection.m */; };
		401A1D771A13D77B004FBA41 /* BBANetworkConfigurationTests.m in Sources */ = {isa = PBXBuildFile; fileRef = 401A1D541A13D77B004FBA41 /* BBANetworkConfigurationTests.m */; };
		401A1D781A13D77B004FBA41 /* BBARequestFactoryTests.m in Sources */ = {isa = PBXBuildFile; fileRef = 401A1D551A13D77B004FBA41 /* BBARequestFactoryTests.m */; };
		401A1D791A13D77B004FBA41 /* BBAStatusResponseMapperTests.m in Sources */ = {isa = PBXBuildFile; fileRef = 401A1D561A13D77B004FBA41 /* BBAStatusResponseMapperTests.m */; };
		401A1D7A1A13D77B004FBA41 /* BBASwizzlingHelper.m in Sources */ = {isa = PBXBuildFile; fileRef = 401A1D581A13D77B004FBA41 /* BBASwizzlingHelper.m */; };
		401A1D7B1A13D77B004FBA41 /* BBATestHelper.m in Sources */ = {isa = PBXBuildFile; fileRef = 401A1D5A1A13D77B004FBA41 /* BBATestHelper.m */; };
		401A1D7C1A13D77B004FBA41 /* BBATokensResponseMapperTests.m in Sources */ = {isa = PBXBuildFile; fileRef = 401A1D5C1A13D77B004FBA41 /* BBATokensResponseMapperTests.m */; };
		401A1D7D1A13D77B004FBA41 /* libResponse.json in Resources */ = {isa = PBXBuildFile; fileRef = 401A1D601A13D77B004FBA41 /* libResponse.json */; };
		401A1D7E1A13D77B004FBA41 /* libResponse_archived.json in Resources */ = {isa = PBXBuildFile; fileRef = 401A1D611A13D77B004FBA41 /* libResponse_archived.json */; };
		401A1D7F1A13D77B004FBA41 /* libResponse_deleted.json in Resources */ = {isa = PBXBuildFile; fileRef = 401A1D621A13D77B004FBA41 /* libResponse_deleted.json */; };
		401A1D801A13D77B004FBA41 /* libResponse_empty_archived.json in Resources */ = {isa = PBXBuildFile; fileRef = 401A1D631A13D77B004FBA41 /* libResponse_empty_archived.json */; };
		401A1D811A13D77B004FBA41 /* libResponse_get_single_item.json in Resources */ = {isa = PBXBuildFile; fileRef = 401A1D641A13D77B004FBA41 /* libResponse_get_single_item.json */; };
		401A1D821A13D77B004FBA41 /* libResponse_invalid_data_format.json in Resources */ = {isa = PBXBuildFile; fileRef = 401A1D651A13D77B004FBA41 /* libResponse_invalid_data_format.json */; };
		401A1D831A13D77B004FBA41 /* libResponse_invalid_type.json in Resources */ = {isa = PBXBuildFile; fileRef = 401A1D661A13D77B004FBA41 /* libResponse_invalid_type.json */; };
		401A1D841A13D77B004FBA41 /* libResponse_no_items.json in Resources */ = {isa = PBXBuildFile; fileRef = 401A1D671A13D77B004FBA41 /* libResponse_no_items.json */; };
		401A1D851A13D77B004FBA41 /* libResponse_single_item_archived.json in Resources */ = {isa = PBXBuildFile; fileRef = 401A1D681A13D77B004FBA41 /* libResponse_single_item_archived.json */; };
		401A1D861A13D77B004FBA41 /* libResponse_single_item_deleted.json in Resources */ = {isa = PBXBuildFile; fileRef = 401A1D691A13D77B004FBA41 /* libResponse_single_item_deleted.json */; };
		401A1D871A13D77B004FBA41 /* libResponse_single_item_purchased.json in Resources */ = {isa = PBXBuildFile; fileRef = 401A1D6A1A13D77B004FBA41 /* libResponse_single_item_purchased.json */; };
		401A1D881A13D77B004FBA41 /* libResponse_single_item_sampled.json in Resources */ = {isa = PBXBuildFile; fileRef = 401A1D6B1A13D77B004FBA41 /* libResponse_single_item_sampled.json */; };
		401A1DD61A13D78B004FBA41 /* BBAAuthConnection.m in Sources */ = {isa = PBXBuildFile; fileRef = 401A1D8C1A13D78B004FBA41 /* BBAAuthConnection.m */; };
		401A1DD71A13D78B004FBA41 /* BBAAuthData.m in Sources */ = {isa = PBXBuildFile; fileRef = 401A1D8E1A13D78B004FBA41 /* BBAAuthData.m */; };
		401A1DD81A13D78B004FBA41 /* BBAAuthDataValidator.m in Sources */ = {isa = PBXBuildFile; fileRef = 401A1D901A13D78B004FBA41 /* BBAAuthDataValidator.m */; };
		401A1DD91A13D78B004FBA41 /* BBAAuthenticationService.m in Sources */ = {isa = PBXBuildFile; fileRef = 401A1D921A13D78B004FBA41 /* BBAAuthenticationService.m */; };
		401A1DDA1A13D78B004FBA41 /* BBAAuthenticationServiceConstants.m in Sources */ = {isa = PBXBuildFile; fileRef = 401A1D941A13D78B004FBA41 /* BBAAuthenticationServiceConstants.m */; };
		401A1DDB1A13D78B004FBA41 /* BBAAuthResponseMapper.m in Sources */ = {isa = PBXBuildFile; fileRef = 401A1D971A13D78B004FBA41 /* BBAAuthResponseMapper.m */; };
		401A1DDC1A13D78B004FBA41 /* BBAAuthServiceErrorParser.m in Sources */ = {isa = PBXBuildFile; fileRef = 401A1D991A13D78B004FBA41 /* BBAAuthServiceErrorParser.m */; };
		401A1DDD1A13D78B004FBA41 /* BBABookmarkService.m in Sources */ = {isa = PBXBuildFile; fileRef = 401A1D9B1A13D78B004FBA41 /* BBABookmarkService.m */; };
		401A1DDE1A13D78B004FBA41 /* BBACatalogueService.m in Sources */ = {isa = PBXBuildFile; fileRef = 401A1D9D1A13D78B004FBA41 /* BBACatalogueService.m */; };
		401A1DDF1A13D78B004FBA41 /* BBACategoryService.m in Sources */ = {isa = PBXBuildFile; fileRef = 401A1D9F1A13D78B004FBA41 /* BBACategoryService.m */; };
		401A1DE01A13D78B004FBA41 /* BBAClientDetails.m in Sources */ = {isa = PBXBuildFile; fileRef = 401A1DA11A13D78B004FBA41 /* BBAClientDetails.m */; };
		401A1DE11A13D78B004FBA41 /* BBAClientsResponseMapper.m in Sources */ = {isa = PBXBuildFile; fileRef = 401A1DA31A13D78B004FBA41 /* BBAClientsResponseMapper.m */; };
		401A1DE21A13D78B004FBA41 /* BBAClubcardService.m in Sources */ = {isa = PBXBuildFile; fileRef = 401A1DA51A13D78B004FBA41 /* BBAClubcardService.m */; };
		401A1DE31A13D78B004FBA41 /* BBAConnection.m in Sources */ = {isa = PBXBuildFile; fileRef = 401A1DA71A13D78B004FBA41 /* BBAConnection.m */; };
		401A1DE41A13D78B004FBA41 /* BBADefaultAuthenticator.m in Sources */ = {isa = PBXBuildFile; fileRef = 401A1DA91A13D78B004FBA41 /* BBADefaultAuthenticator.m */; };
		401A1DE51A13D78B004FBA41 /* BBAJSONResponseMapper.m in Sources */ = {isa = PBXBuildFile; fileRef = 401A1DAB1A13D78B004FBA41 /* BBAJSONResponseMapper.m */; };
		401A1DE61A13D78B004FBA41 /* BBAKeyService.m in Sources */ = {isa = PBXBuildFile; fileRef = 401A1DAD1A13D78B004FBA41 /* BBAKeyService.m */; };
		401A1DE71A13D78B004FBA41 /* BBALibraryItem.m in Sources */ = {isa = PBXBuildFile; fileRef = 401A1DAF1A13D78B004FBA41 /* BBALibraryItem.m */; };
		401A1DE81A13D78B004FBA41 /* BBAItemLink.m in Sources */ = {isa = PBXBuildFile; fileRef = 401A1DB11A13D78B004FBA41 /* BBAItemLink.m */; };
		401A1DE91A13D78B004FBA41 /* BBALibraryResponse.m in Sources */ = {isa = PBXBuildFile; fileRef = 401A1DB31A13D78B004FBA41 /* BBALibraryResponse.m */; };
		401A1DEA1A13D78B004FBA41 /* BBALibraryResponseMapper.m in Sources */ = {isa = PBXBuildFile; fileRef = 401A1DB51A13D78B004FBA41 /* BBALibraryResponseMapper.m */; };
		401A1DEB1A13D78B004FBA41 /* BBALibraryService.m in Sources */ = {isa = PBXBuildFile; fileRef = 401A1DB71A13D78B004FBA41 /* BBALibraryService.m */; };
		401A1DEC1A13D78B004FBA41 /* BBALogger.m in Sources */ = {isa = PBXBuildFile; fileRef = 401A1DBA1A13D78B004FBA41 /* BBALogger.m */; };
		401A1DED1A13D78B004FBA41 /* BBAMarketingService.m in Sources */ = {isa = PBXBuildFile; fileRef = 401A1DBD1A13D78B004FBA41 /* BBAMarketingService.m */; };
		401A1DEE1A13D78B004FBA41 /* BBANetworkConfiguration.m in Sources */ = {isa = PBXBuildFile; fileRef = 401A1DBF1A13D78B004FBA41 /* BBANetworkConfiguration.m */; };
		401A1DEF1A13D78B004FBA41 /* BBAPurchasingService.m in Sources */ = {isa = PBXBuildFile; fileRef = 401A1DC31A13D78B004FBA41 /* BBAPurchasingService.m */; };
		401A1DF01A13D78B004FBA41 /* BBARequest.m in Sources */ = {isa = PBXBuildFile; fileRef = 401A1DC51A13D78B004FBA41 /* BBARequest.m */; };
		401A1DF11A13D78B004FBA41 /* BBARequestFactory.m in Sources */ = {isa = PBXBuildFile; fileRef = 401A1DC71A13D78B004FBA41 /* BBARequestFactory.m */; };
		401A1DF21A13D78B004FBA41 /* BBAResponseMapping.m in Sources */ = {isa = PBXBuildFile; fileRef = 401A1DC91A13D78B004FBA41 /* BBAResponseMapping.m */; };
		401A1DF31A13D78B004FBA41 /* BBASearchConnection.m in Sources */ = {isa = PBXBuildFile; fileRef = 401A1DCB1A13D78B004FBA41 /* BBASearchConnection.m */; };
		401A1DF41A13D78B004FBA41 /* BBASearchService.m in Sources */ = {isa = PBXBuildFile; fileRef = 401A1DCD1A13D78B004FBA41 /* BBASearchService.m */; };
		401A1DF51A13D78B004FBA41 /* BBAServerDateFormatter.m in Sources */ = {isa = PBXBuildFile; fileRef = 401A1DCF1A13D78B004FBA41 /* BBAServerDateFormatter.m */; };
		401A1DF61A13D78B004FBA41 /* BBAStatusResponseMapper.m in Sources */ = {isa = PBXBuildFile; fileRef = 401A1DD11A13D78B004FBA41 /* BBAStatusResponseMapper.m */; };
		401A1DF71A13D78B004FBA41 /* BBATokensResponseMapper.m in Sources */ = {isa = PBXBuildFile; fileRef = 401A1DD31A13D78B004FBA41 /* BBATokensResponseMapper.m */; };
		401A1DF81A13D78B004FBA41 /* BBAUserDetails.m in Sources */ = {isa = PBXBuildFile; fileRef = 401A1DD51A13D78B004FBA41 /* BBAUserDetails.m */; };
		40B349FD1A3AFEE700B7F3FF /* BBAItemLinkMapper.m in Sources */ = {isa = PBXBuildFile; fileRef = 40B349FC1A3AFEE700B7F3FF /* BBAItemLinkMapper.m */; };
		40B34A001A3AFF1000B7F3FF /* BBALibraryItemMapper.m in Sources */ = {isa = PBXBuildFile; fileRef = 40B349FF1A3AFF1000B7F3FF /* BBALibraryItemMapper.m */; };
		40B34A031A3B03E800B7F3FF /* BBABookItem.m in Sources */ = {isa = PBXBuildFile; fileRef = 40B34A021A3B03E800B7F3FF /* BBABookItem.m */; };
		40B34A051A3B056600B7F3FF /* BBABooksMapperTests.m in Sources */ = {isa = PBXBuildFile; fileRef = 40B34A041A3B056600B7F3FF /* BBABooksMapperTests.m */; };
		40B34A071A3B0DE100B7F3FF /* book.json in Resources */ = {isa = PBXBuildFile; fileRef = 40B34A061A3B0DE100B7F3FF /* book.json */; };
		40B34A0A1A3B122A00B7F3FF /* BBAImageItem.m in Sources */ = {isa = PBXBuildFile; fileRef = 40B34A091A3B122A00B7F3FF /* BBAImageItem.m */; };
		40DB4FA51A39D79500AF8770 /* BBACatalogueServiceTests.m in Sources */ = {isa = PBXBuildFile; fileRef = 40DB4FA41A39D79500AF8770 /* BBACatalogueServiceTests.m */; };
		40DB4FA81A39ECA400AF8770 /* sample_synopsis.json in Resources */ = {isa = PBXBuildFile; fileRef = 40DB4FA71A39ECA400AF8770 /* sample_synopsis.json */; };
		40DB50211A39F0FD00AF8770 /* BBACatalogueResponseMapper.m in Sources */ = {isa = PBXBuildFile; fileRef = 40DB50201A39F0FD00AF8770 /* BBACatalogueResponseMapper.m */; };
		40DB50231A39F2B000AF8770 /* BBACatalogueResponseMapperTests.m in Sources */ = {isa = PBXBuildFile; fileRef = 40DB50221A39F2B000AF8770 /* BBACatalogueResponseMapperTests.m */; };
		40DB50251A39F71E00AF8770 /* sample_related.json in Resources */ = {isa = PBXBuildFile; fileRef = 40DB50241A39F71E00AF8770 /* sample_related.json */; };
		40DB50271A39F77400AF8770 /* sample_book.json in Resources */ = {isa = PBXBuildFile; fileRef = 40DB50261A39F77400AF8770 /* sample_book.json */; };
		40DB502A1A3A00FC00AF8770 /* BBABooksMapper.m in Sources */ = {isa = PBXBuildFile; fileRef = 40DB50291A3A00FC00AF8770 /* BBABooksMapper.m */; };
		40FB3ABC1A14C7A8005936B5 /* BBBAPI.m in Sources */ = {isa = PBXBuildFile; fileRef = 40FB3ABB1A14C7A8005936B5 /* BBBAPI.m */; };
		5A3ECB641A2F67CF00E49DCE /* BBABookmarkServiceTests.m in Sources */ = {isa = PBXBuildFile; fileRef = 5A3ECB631A2F67CF00E49DCE /* BBABookmarkServiceTests.m */; };
		5A56A81F1A28E3E10031F2D9 /* BBAKeyServiceMock_SuccessResponse.json in Resources */ = {isa = PBXBuildFile; fileRef = 5A56A81E1A28E3E10031F2D9 /* BBAKeyServiceMock_SuccessResponse.json */; };
		5A5BDC341A27955A002F859E /* BBAKeyServiceTests.m in Sources */ = {isa = PBXBuildFile; fileRef = 5A5BDC331A27955A002F859E /* BBAKeyServiceTests.m */; };
		5A88FF9D1A3895DA00DE2887 /* create_bookmark_success.json in Resources */ = {isa = PBXBuildFile; fileRef = 5A88FF9C1A3895DA00DE2887 /* create_bookmark_success.json */; };
		5A88FF9F1A38A13B00DE2887 /* update_bookmark_success.json in Resources */ = {isa = PBXBuildFile; fileRef = 5A88FF9E1A38A13B00DE2887 /* update_bookmark_success.json */; };
		5AB0FD061A3204C200701FFF /* BBABookmarkItem.m in Sources */ = {isa = PBXBuildFile; fileRef = 5AB0FD051A3204C200701FFF /* BBABookmarkItem.m */; };
		5AC2D9E91A2CA52C00F43A7E /* BBAKeyServiceResponseMapper.m in Sources */ = {isa = PBXBuildFile; fileRef = 5AC2D9E81A2CA52C00F43A7E /* BBAKeyServiceResponseMapper.m */; };
		5ACE48121A37221400546137 /* BBABookmarkItemTests.m in Sources */ = {isa = PBXBuildFile; fileRef = 5ACE48111A37221400546137 /* BBABookmarkItemTests.m */; };
		5ACE48161A3727F500546137 /* bookmark_item.json in Resources */ = {isa = PBXBuildFile; fileRef = 5ACE48151A3727F500546137 /* bookmark_item.json */; };
		5ACE481D1A37411400546137 /* BBALinkItem.m in Sources */ = {isa = PBXBuildFile; fileRef = 5ACE481C1A37411400546137 /* BBALinkItem.m */; };
		5ACE481F1A376E4300546137 /* delete_bookmarks_success.json in Resources */ = {isa = PBXBuildFile; fileRef = 5ACE481E1A376E4300546137 /* delete_bookmarks_success.json */; };
		5AF88C5C1A35EA9200CA9B98 /* BBABookmarkResponseMapper.m in Sources */ = {isa = PBXBuildFile; fileRef = 5AF88C5B1A35EA9200CA9B98 /* BBABookmarkResponseMapper.m */; };
		5AF88C5F1A35FA9A00CA9B98 /* get_my_bookmarks_success.json in Resources */ = {isa = PBXBuildFile; fileRef = 5AF88C5E1A35FA9A00CA9B98 /* get_my_bookmarks_success.json */; };
/* End PBXBuildFile section */

/* Begin PBXContainerItemProxy section */
		401A1D351A13D6CB004FBA41 /* PBXContainerItemProxy */ = {
			isa = PBXContainerItemProxy;
			containerPortal = 401A1D131A13D6CB004FBA41 /* Project object */;
			proxyType = 1;
			remoteGlobalIDString = 401A1D1A1A13D6CB004FBA41;
			remoteInfo = BBBAPI;
		};
/* End PBXContainerItemProxy section */

/* Begin PBXFileReference section */
		01E4A5A6F74999A6F372EA55 /* Pods-BBBAPITests.release.xcconfig */ = {isa = PBXFileReference; includeInIndex = 1; lastKnownFileType = text.xcconfig; name = "Pods-BBBAPITests.release.xcconfig"; path = "../Pods/Target Support Files/Pods-BBBAPITests/Pods-BBBAPITests.release.xcconfig"; sourceTree = "<group>"; };
		118CD5BBC1E178DF65C1391A /* Pods-BBBAPI.debug.xcconfig */ = {isa = PBXFileReference; includeInIndex = 1; lastKnownFileType = text.xcconfig; name = "Pods-BBBAPI.debug.xcconfig"; path = "../Pods/Target Support Files/Pods-BBBAPI/Pods-BBBAPI.debug.xcconfig"; sourceTree = "<group>"; };
		26841EE83C9FA47FA48E8A11 /* libPods-BBBAPI.a */ = {isa = PBXFileReference; explicitFileType = archive.ar; includeInIndex = 0; path = "libPods-BBBAPI.a"; sourceTree = BUILT_PRODUCTS_DIR; };
		2A5993ECFA1526A0AE7C3B7E /* libPods-BBBAPITests.a */ = {isa = PBXFileReference; explicitFileType = archive.ar; includeInIndex = 0; path = "libPods-BBBAPITests.a"; sourceTree = BUILT_PRODUCTS_DIR; };
		401A1D1B1A13D6CB004FBA41 /* BBBAPI.app */ = {isa = PBXFileReference; explicitFileType = wrapper.application; includeInIndex = 0; path = BBBAPI.app; sourceTree = BUILT_PRODUCTS_DIR; };
		401A1D1F1A13D6CB004FBA41 /* Info.plist */ = {isa = PBXFileReference; lastKnownFileType = text.plist.xml; path = Info.plist; sourceTree = "<group>"; };
		401A1D201A13D6CB004FBA41 /* main.m */ = {isa = PBXFileReference; lastKnownFileType = sourcecode.c.objc; path = main.m; sourceTree = "<group>"; };
		401A1D221A13D6CB004FBA41 /* AppDelegate.h */ = {isa = PBXFileReference; lastKnownFileType = sourcecode.c.h; path = AppDelegate.h; sourceTree = "<group>"; };
		401A1D231A13D6CB004FBA41 /* AppDelegate.m */ = {isa = PBXFileReference; lastKnownFileType = sourcecode.c.objc; path = AppDelegate.m; sourceTree = "<group>"; };
		401A1D251A13D6CB004FBA41 /* ViewController.h */ = {isa = PBXFileReference; lastKnownFileType = sourcecode.c.h; path = ViewController.h; sourceTree = "<group>"; };
		401A1D261A13D6CB004FBA41 /* ViewController.m */ = {isa = PBXFileReference; lastKnownFileType = sourcecode.c.objc; path = ViewController.m; sourceTree = "<group>"; };
		401A1D291A13D6CB004FBA41 /* Base */ = {isa = PBXFileReference; lastKnownFileType = file.storyboard; name = Base; path = Base.lproj/Main.storyboard; sourceTree = "<group>"; };
		401A1D2B1A13D6CB004FBA41 /* Images.xcassets */ = {isa = PBXFileReference; lastKnownFileType = folder.assetcatalog; path = Images.xcassets; sourceTree = "<group>"; };
		401A1D2E1A13D6CB004FBA41 /* Base */ = {isa = PBXFileReference; lastKnownFileType = file.xib; name = Base; path = Base.lproj/LaunchScreen.xib; sourceTree = "<group>"; };
		401A1D341A13D6CB004FBA41 /* BBBAPITests.xctest */ = {isa = PBXFileReference; explicitFileType = wrapper.cfbundle; includeInIndex = 0; path = BBBAPITests.xctest; sourceTree = BUILT_PRODUCTS_DIR; };
		401A1D391A13D6CB004FBA41 /* Info.plist */ = {isa = PBXFileReference; lastKnownFileType = text.plist.xml; path = Info.plist; sourceTree = "<group>"; };
		401A1D441A13D77B004FBA41 /* BBAAuthenticationServiceTests.m */ = {isa = PBXFileReference; fileEncoding = 4; lastKnownFileType = sourcecode.c.objc; path = BBAAuthenticationServiceTests.m; sourceTree = "<group>"; };
		401A1D451A13D77B004FBA41 /* BBAAuthResponseMapperTests.h */ = {isa = PBXFileReference; fileEncoding = 4; lastKnownFileType = sourcecode.c.h; path = BBAAuthResponseMapperTests.h; sourceTree = "<group>"; };
		401A1D461A13D77B004FBA41 /* BBAAuthServiceResponseMappersTestData.h */ = {isa = PBXFileReference; fileEncoding = 4; lastKnownFileType = sourcecode.c.h; path = BBAAuthServiceResponseMappersTestData.h; sourceTree = "<group>"; };
		401A1D471A13D77B004FBA41 /* BBAAuthServiceResponseMappersTestData.m */ = {isa = PBXFileReference; fileEncoding = 4; lastKnownFileType = sourcecode.c.objc; path = BBAAuthServiceResponseMappersTestData.m; sourceTree = "<group>"; };
		401A1D481A13D77B004FBA41 /* BBAAuthServiceResponseMapperTests.m */ = {isa = PBXFileReference; fileEncoding = 4; lastKnownFileType = sourcecode.c.objc; path = BBAAuthServiceResponseMapperTests.m; sourceTree = "<group>"; };
		401A1D491A13D77B004FBA41 /* BBAClientsResponseMapperTests.m */ = {isa = PBXFileReference; fileEncoding = 4; lastKnownFileType = sourcecode.c.objc; path = BBAClientsResponseMapperTests.m; sourceTree = "<group>"; };
		401A1D4A1A13D77B004FBA41 /* BBAConnectionTests.m */ = {isa = PBXFileReference; fileEncoding = 4; lastKnownFileType = sourcecode.c.objc; path = BBAConnectionTests.m; sourceTree = "<group>"; };
		401A1D4B1A13D77B004FBA41 /* BBAConnectionTestsMocks.h */ = {isa = PBXFileReference; fileEncoding = 4; lastKnownFileType = sourcecode.c.h; path = BBAConnectionTestsMocks.h; sourceTree = "<group>"; };
		401A1D4C1A13D77B004FBA41 /* BBAConnectionTestsMocks.m */ = {isa = PBXFileReference; fileEncoding = 4; lastKnownFileType = sourcecode.c.objc; path = BBAConnectionTestsMocks.m; sourceTree = "<group>"; };
		401A1D4D1A13D77B004FBA41 /* BBALibraryResponseMapperTests.m */ = {isa = PBXFileReference; fileEncoding = 4; lastKnownFileType = sourcecode.c.objc; path = BBALibraryResponseMapperTests.m; sourceTree = "<group>"; };
		401A1D4E1A13D77B004FBA41 /* BBALibraryResponseTests.m */ = {isa = PBXFileReference; fileEncoding = 4; lastKnownFileType = sourcecode.c.objc; path = BBALibraryResponseTests.m; sourceTree = "<group>"; };
		401A1D4F1A13D77B004FBA41 /* BBALibraryServiceTests.m */ = {isa = PBXFileReference; fileEncoding = 4; lastKnownFileType = sourcecode.c.objc; path = BBALibraryServiceTests.m; sourceTree = "<group>"; };
		401A1D501A13D77B004FBA41 /* BBAMockAssertionHandler.h */ = {isa = PBXFileReference; fileEncoding = 4; lastKnownFileType = sourcecode.c.h; path = BBAMockAssertionHandler.h; sourceTree = "<group>"; };
		401A1D511A13D77B004FBA41 /* BBAMockAssertionHandler.m */ = {isa = PBXFileReference; fileEncoding = 4; lastKnownFileType = sourcecode.c.objc; path = BBAMockAssertionHandler.m; sourceTree = "<group>"; };
		401A1D521A13D77B004FBA41 /* BBAMockConnection.h */ = {isa = PBXFileReference; fileEncoding = 4; lastKnownFileType = sourcecode.c.h; path = BBAMockConnection.h; sourceTree = "<group>"; };
		401A1D531A13D77B004FBA41 /* BBAMockConnection.m */ = {isa = PBXFileReference; fileEncoding = 4; lastKnownFileType = sourcecode.c.objc; path = BBAMockConnection.m; sourceTree = "<group>"; };
		401A1D541A13D77B004FBA41 /* BBANetworkConfigurationTests.m */ = {isa = PBXFileReference; fileEncoding = 4; lastKnownFileType = sourcecode.c.objc; path = BBANetworkConfigurationTests.m; sourceTree = "<group>"; };
		401A1D551A13D77B004FBA41 /* BBARequestFactoryTests.m */ = {isa = PBXFileReference; fileEncoding = 4; lastKnownFileType = sourcecode.c.objc; path = BBARequestFactoryTests.m; sourceTree = "<group>"; };
		401A1D561A13D77B004FBA41 /* BBAStatusResponseMapperTests.m */ = {isa = PBXFileReference; fileEncoding = 4; lastKnownFileType = sourcecode.c.objc; path = BBAStatusResponseMapperTests.m; sourceTree = "<group>"; };
		401A1D571A13D77B004FBA41 /* BBASwizzlingHelper.h */ = {isa = PBXFileReference; fileEncoding = 4; lastKnownFileType = sourcecode.c.h; path = BBASwizzlingHelper.h; sourceTree = "<group>"; };
		401A1D581A13D77B004FBA41 /* BBASwizzlingHelper.m */ = {isa = PBXFileReference; fileEncoding = 4; lastKnownFileType = sourcecode.c.objc; path = BBASwizzlingHelper.m; sourceTree = "<group>"; };
		401A1D591A13D77B004FBA41 /* BBATestHelper.h */ = {isa = PBXFileReference; fileEncoding = 4; lastKnownFileType = sourcecode.c.h; path = BBATestHelper.h; sourceTree = "<group>"; };
		401A1D5A1A13D77B004FBA41 /* BBATestHelper.m */ = {isa = PBXFileReference; fileEncoding = 4; lastKnownFileType = sourcecode.c.objc; path = BBATestHelper.m; sourceTree = "<group>"; };
		401A1D5B1A13D77B004FBA41 /* BBATestMacros.h */ = {isa = PBXFileReference; fileEncoding = 4; lastKnownFileType = sourcecode.c.h; path = BBATestMacros.h; sourceTree = "<group>"; };
		401A1D5C1A13D77B004FBA41 /* BBATokensResponseMapperTests.m */ = {isa = PBXFileReference; fileEncoding = 4; lastKnownFileType = sourcecode.c.objc; path = BBATokensResponseMapperTests.m; sourceTree = "<group>"; };
		401A1D5D1A13D77B004FBA41 /* BBBAPITests.pch */ = {isa = PBXFileReference; fileEncoding = 4; lastKnownFileType = sourcecode.c.h; path = BBBAPITests.pch; sourceTree = "<group>"; };
		401A1D601A13D77B004FBA41 /* libResponse.json */ = {isa = PBXFileReference; fileEncoding = 4; lastKnownFileType = text.json; path = libResponse.json; sourceTree = "<group>"; };
		401A1D611A13D77B004FBA41 /* libResponse_archived.json */ = {isa = PBXFileReference; fileEncoding = 4; lastKnownFileType = text.json; path = libResponse_archived.json; sourceTree = "<group>"; };
		401A1D621A13D77B004FBA41 /* libResponse_deleted.json */ = {isa = PBXFileReference; fileEncoding = 4; lastKnownFileType = text.json; path = libResponse_deleted.json; sourceTree = "<group>"; };
		401A1D631A13D77B004FBA41 /* libResponse_empty_archived.json */ = {isa = PBXFileReference; fileEncoding = 4; lastKnownFileType = text.json; path = libResponse_empty_archived.json; sourceTree = "<group>"; };
		401A1D641A13D77B004FBA41 /* libResponse_get_single_item.json */ = {isa = PBXFileReference; fileEncoding = 4; lastKnownFileType = text.json; path = libResponse_get_single_item.json; sourceTree = "<group>"; };
		401A1D651A13D77B004FBA41 /* libResponse_invalid_data_format.json */ = {isa = PBXFileReference; fileEncoding = 4; lastKnownFileType = text.json; path = libResponse_invalid_data_format.json; sourceTree = "<group>"; };
		401A1D661A13D77B004FBA41 /* libResponse_invalid_type.json */ = {isa = PBXFileReference; fileEncoding = 4; lastKnownFileType = text.json; path = libResponse_invalid_type.json; sourceTree = "<group>"; };
		401A1D671A13D77B004FBA41 /* libResponse_no_items.json */ = {isa = PBXFileReference; fileEncoding = 4; lastKnownFileType = text.json; path = libResponse_no_items.json; sourceTree = "<group>"; };
		401A1D681A13D77B004FBA41 /* libResponse_single_item_archived.json */ = {isa = PBXFileReference; fileEncoding = 4; lastKnownFileType = text.json; path = libResponse_single_item_archived.json; sourceTree = "<group>"; };
		401A1D691A13D77B004FBA41 /* libResponse_single_item_deleted.json */ = {isa = PBXFileReference; fileEncoding = 4; lastKnownFileType = text.json; path = libResponse_single_item_deleted.json; sourceTree = "<group>"; };
		401A1D6A1A13D77B004FBA41 /* libResponse_single_item_purchased.json */ = {isa = PBXFileReference; fileEncoding = 4; lastKnownFileType = text.json; path = libResponse_single_item_purchased.json; sourceTree = "<group>"; };
		401A1D6B1A13D77B004FBA41 /* libResponse_single_item_sampled.json */ = {isa = PBXFileReference; fileEncoding = 4; lastKnownFileType = text.json; path = libResponse_single_item_sampled.json; sourceTree = "<group>"; };
		401A1D8A1A13D78B004FBA41 /* BBAAPIErrors.h */ = {isa = PBXFileReference; fileEncoding = 4; lastKnownFileType = sourcecode.c.h; name = BBAAPIErrors.h; path = Classes/BBAAPIErrors.h; sourceTree = "<group>"; };
		401A1D8B1A13D78B004FBA41 /* BBAAuthConnection.h */ = {isa = PBXFileReference; fileEncoding = 4; lastKnownFileType = sourcecode.c.h; name = BBAAuthConnection.h; path = Classes/BBAAuthConnection.h; sourceTree = "<group>"; };
		401A1D8C1A13D78B004FBA41 /* BBAAuthConnection.m */ = {isa = PBXFileReference; fileEncoding = 4; lastKnownFileType = sourcecode.c.objc; name = BBAAuthConnection.m; path = Classes/BBAAuthConnection.m; sourceTree = "<group>"; };
		401A1D8D1A13D78B004FBA41 /* BBAAuthData.h */ = {isa = PBXFileReference; fileEncoding = 4; lastKnownFileType = sourcecode.c.h; name = BBAAuthData.h; path = Classes/BBAAuthData.h; sourceTree = "<group>"; };
		401A1D8E1A13D78B004FBA41 /* BBAAuthData.m */ = {isa = PBXFileReference; fileEncoding = 4; lastKnownFileType = sourcecode.c.objc; name = BBAAuthData.m; path = Classes/BBAAuthData.m; sourceTree = "<group>"; };
		401A1D8F1A13D78B004FBA41 /* BBAAuthDataValidator.h */ = {isa = PBXFileReference; fileEncoding = 4; lastKnownFileType = sourcecode.c.h; name = BBAAuthDataValidator.h; path = Classes/BBAAuthDataValidator.h; sourceTree = "<group>"; };
		401A1D901A13D78B004FBA41 /* BBAAuthDataValidator.m */ = {isa = PBXFileReference; fileEncoding = 4; lastKnownFileType = sourcecode.c.objc; name = BBAAuthDataValidator.m; path = Classes/BBAAuthDataValidator.m; sourceTree = "<group>"; };
		401A1D911A13D78B004FBA41 /* BBAAuthenticationService.h */ = {isa = PBXFileReference; fileEncoding = 4; lastKnownFileType = sourcecode.c.h; name = BBAAuthenticationService.h; path = Classes/BBAAuthenticationService.h; sourceTree = "<group>"; };
		401A1D921A13D78B004FBA41 /* BBAAuthenticationService.m */ = {isa = PBXFileReference; fileEncoding = 4; lastKnownFileType = sourcecode.c.objc; name = BBAAuthenticationService.m; path = Classes/BBAAuthenticationService.m; sourceTree = "<group>"; };
		401A1D931A13D78B004FBA41 /* BBAAuthenticationServiceConstants.h */ = {isa = PBXFileReference; fileEncoding = 4; lastKnownFileType = sourcecode.c.h; name = BBAAuthenticationServiceConstants.h; path = Classes/BBAAuthenticationServiceConstants.h; sourceTree = "<group>"; };
		401A1D941A13D78B004FBA41 /* BBAAuthenticationServiceConstants.m */ = {isa = PBXFileReference; fileEncoding = 4; lastKnownFileType = sourcecode.c.objc; name = BBAAuthenticationServiceConstants.m; path = Classes/BBAAuthenticationServiceConstants.m; sourceTree = "<group>"; };
		401A1D951A13D78B004FBA41 /* BBAAuthenticator.h */ = {isa = PBXFileReference; fileEncoding = 4; lastKnownFileType = sourcecode.c.h; name = BBAAuthenticator.h; path = Classes/BBAAuthenticator.h; sourceTree = "<group>"; };
		401A1D961A13D78B004FBA41 /* BBAAuthResponseMapper.h */ = {isa = PBXFileReference; fileEncoding = 4; lastKnownFileType = sourcecode.c.h; name = BBAAuthResponseMapper.h; path = Classes/BBAAuthResponseMapper.h; sourceTree = "<group>"; };
		401A1D971A13D78B004FBA41 /* BBAAuthResponseMapper.m */ = {isa = PBXFileReference; fileEncoding = 4; lastKnownFileType = sourcecode.c.objc; name = BBAAuthResponseMapper.m; path = Classes/BBAAuthResponseMapper.m; sourceTree = "<group>"; };
		401A1D981A13D78B004FBA41 /* BBAAuthServiceErrorParser.h */ = {isa = PBXFileReference; fileEncoding = 4; lastKnownFileType = sourcecode.c.h; name = BBAAuthServiceErrorParser.h; path = Classes/BBAAuthServiceErrorParser.h; sourceTree = "<group>"; };
		401A1D991A13D78B004FBA41 /* BBAAuthServiceErrorParser.m */ = {isa = PBXFileReference; fileEncoding = 4; lastKnownFileType = sourcecode.c.objc; name = BBAAuthServiceErrorParser.m; path = Classes/BBAAuthServiceErrorParser.m; sourceTree = "<group>"; };
		401A1D9A1A13D78B004FBA41 /* BBABookmarkService.h */ = {isa = PBXFileReference; fileEncoding = 4; lastKnownFileType = sourcecode.c.h; name = BBABookmarkService.h; path = Classes/BBABookmarkService.h; sourceTree = "<group>"; };
		401A1D9B1A13D78B004FBA41 /* BBABookmarkService.m */ = {isa = PBXFileReference; fileEncoding = 4; lastKnownFileType = sourcecode.c.objc; name = BBABookmarkService.m; path = Classes/BBABookmarkService.m; sourceTree = "<group>"; };
		401A1D9C1A13D78B004FBA41 /* BBACatalogueService.h */ = {isa = PBXFileReference; fileEncoding = 4; lastKnownFileType = sourcecode.c.h; name = BBACatalogueService.h; path = Classes/BBACatalogueService.h; sourceTree = "<group>"; };
		401A1D9D1A13D78B004FBA41 /* BBACatalogueService.m */ = {isa = PBXFileReference; fileEncoding = 4; lastKnownFileType = sourcecode.c.objc; name = BBACatalogueService.m; path = Classes/BBACatalogueService.m; sourceTree = "<group>"; };
		401A1D9E1A13D78B004FBA41 /* BBACategoryService.h */ = {isa = PBXFileReference; fileEncoding = 4; lastKnownFileType = sourcecode.c.h; name = BBACategoryService.h; path = Classes/BBACategoryService.h; sourceTree = "<group>"; };
		401A1D9F1A13D78B004FBA41 /* BBACategoryService.m */ = {isa = PBXFileReference; fileEncoding = 4; lastKnownFileType = sourcecode.c.objc; name = BBACategoryService.m; path = Classes/BBACategoryService.m; sourceTree = "<group>"; };
		401A1DA01A13D78B004FBA41 /* BBAClientDetails.h */ = {isa = PBXFileReference; fileEncoding = 4; lastKnownFileType = sourcecode.c.h; name = BBAClientDetails.h; path = Classes/BBAClientDetails.h; sourceTree = "<group>"; };
		401A1DA11A13D78B004FBA41 /* BBAClientDetails.m */ = {isa = PBXFileReference; fileEncoding = 4; lastKnownFileType = sourcecode.c.objc; name = BBAClientDetails.m; path = Classes/BBAClientDetails.m; sourceTree = "<group>"; };
		401A1DA21A13D78B004FBA41 /* BBAClientsResponseMapper.h */ = {isa = PBXFileReference; fileEncoding = 4; lastKnownFileType = sourcecode.c.h; name = BBAClientsResponseMapper.h; path = Classes/BBAClientsResponseMapper.h; sourceTree = "<group>"; };
		401A1DA31A13D78B004FBA41 /* BBAClientsResponseMapper.m */ = {isa = PBXFileReference; fileEncoding = 4; lastKnownFileType = sourcecode.c.objc; name = BBAClientsResponseMapper.m; path = Classes/BBAClientsResponseMapper.m; sourceTree = "<group>"; };
		401A1DA41A13D78B004FBA41 /* BBAClubcardService.h */ = {isa = PBXFileReference; fileEncoding = 4; lastKnownFileType = sourcecode.c.h; name = BBAClubcardService.h; path = Classes/BBAClubcardService.h; sourceTree = "<group>"; };
		401A1DA51A13D78B004FBA41 /* BBAClubcardService.m */ = {isa = PBXFileReference; fileEncoding = 4; lastKnownFileType = sourcecode.c.objc; name = BBAClubcardService.m; path = Classes/BBAClubcardService.m; sourceTree = "<group>"; };
		401A1DA61A13D78B004FBA41 /* BBAConnection.h */ = {isa = PBXFileReference; fileEncoding = 4; lastKnownFileType = sourcecode.c.h; name = BBAConnection.h; path = Classes/BBAConnection.h; sourceTree = "<group>"; };
		401A1DA71A13D78B004FBA41 /* BBAConnection.m */ = {isa = PBXFileReference; fileEncoding = 4; lastKnownFileType = sourcecode.c.objc; name = BBAConnection.m; path = Classes/BBAConnection.m; sourceTree = "<group>"; };
		401A1DA81A13D78B004FBA41 /* BBADefaultAuthenticator.h */ = {isa = PBXFileReference; fileEncoding = 4; lastKnownFileType = sourcecode.c.h; name = BBADefaultAuthenticator.h; path = Classes/BBADefaultAuthenticator.h; sourceTree = "<group>"; };
		401A1DA91A13D78B004FBA41 /* BBADefaultAuthenticator.m */ = {isa = PBXFileReference; fileEncoding = 4; lastKnownFileType = sourcecode.c.objc; name = BBADefaultAuthenticator.m; path = Classes/BBADefaultAuthenticator.m; sourceTree = "<group>"; };
		401A1DAA1A13D78B004FBA41 /* BBAJSONResponseMapper.h */ = {isa = PBXFileReference; fileEncoding = 4; lastKnownFileType = sourcecode.c.h; name = BBAJSONResponseMapper.h; path = Classes/BBAJSONResponseMapper.h; sourceTree = "<group>"; };
		401A1DAB1A13D78B004FBA41 /* BBAJSONResponseMapper.m */ = {isa = PBXFileReference; fileEncoding = 4; lastKnownFileType = sourcecode.c.objc; name = BBAJSONResponseMapper.m; path = Classes/BBAJSONResponseMapper.m; sourceTree = "<group>"; };
		401A1DAC1A13D78B004FBA41 /* BBAKeyService.h */ = {isa = PBXFileReference; fileEncoding = 4; lastKnownFileType = sourcecode.c.h; name = BBAKeyService.h; path = Classes/BBAKeyService.h; sourceTree = "<group>"; };
		401A1DAD1A13D78B004FBA41 /* BBAKeyService.m */ = {isa = PBXFileReference; fileEncoding = 4; lastKnownFileType = sourcecode.c.objc; name = BBAKeyService.m; path = Classes/BBAKeyService.m; sourceTree = "<group>"; };
		401A1DAE1A13D78B004FBA41 /* BBALibraryItem.h */ = {isa = PBXFileReference; fileEncoding = 4; lastKnownFileType = sourcecode.c.h; name = BBALibraryItem.h; path = Classes/BBALibraryItem.h; sourceTree = "<group>"; };
		401A1DAF1A13D78B004FBA41 /* BBALibraryItem.m */ = {isa = PBXFileReference; fileEncoding = 4; lastKnownFileType = sourcecode.c.objc; name = BBALibraryItem.m; path = Classes/BBALibraryItem.m; sourceTree = "<group>"; };
		401A1DB01A13D78B004FBA41 /* BBAItemLink.h */ = {isa = PBXFileReference; fileEncoding = 4; lastKnownFileType = sourcecode.c.h; name = BBAItemLink.h; path = Classes/BBAItemLink.h; sourceTree = "<group>"; };
		401A1DB11A13D78B004FBA41 /* BBAItemLink.m */ = {isa = PBXFileReference; fileEncoding = 4; lastKnownFileType = sourcecode.c.objc; name = BBAItemLink.m; path = Classes/BBAItemLink.m; sourceTree = "<group>"; };
		401A1DB21A13D78B004FBA41 /* BBALibraryResponse.h */ = {isa = PBXFileReference; fileEncoding = 4; lastKnownFileType = sourcecode.c.h; name = BBALibraryResponse.h; path = Classes/BBALibraryResponse.h; sourceTree = "<group>"; };
		401A1DB31A13D78B004FBA41 /* BBALibraryResponse.m */ = {isa = PBXFileReference; fileEncoding = 4; lastKnownFileType = sourcecode.c.objc; name = BBALibraryResponse.m; path = Classes/BBALibraryResponse.m; sourceTree = "<group>"; };
		401A1DB41A13D78B004FBA41 /* BBALibraryResponseMapper.h */ = {isa = PBXFileReference; fileEncoding = 4; lastKnownFileType = sourcecode.c.h; name = BBALibraryResponseMapper.h; path = Classes/BBALibraryResponseMapper.h; sourceTree = "<group>"; };
		401A1DB51A13D78B004FBA41 /* BBALibraryResponseMapper.m */ = {isa = PBXFileReference; fileEncoding = 4; lastKnownFileType = sourcecode.c.objc; name = BBALibraryResponseMapper.m; path = Classes/BBALibraryResponseMapper.m; sourceTree = "<group>"; };
		401A1DB61A13D78B004FBA41 /* BBALibraryService.h */ = {isa = PBXFileReference; fileEncoding = 4; lastKnownFileType = sourcecode.c.h; name = BBALibraryService.h; path = Classes/BBALibraryService.h; sourceTree = "<group>"; };
		401A1DB71A13D78B004FBA41 /* BBALibraryService.m */ = {isa = PBXFileReference; fileEncoding = 4; lastKnownFileType = sourcecode.c.objc; name = BBALibraryService.m; path = Classes/BBALibraryService.m; sourceTree = "<group>"; };
		401A1DB81A13D78B004FBA41 /* BBALibraryTypes.h */ = {isa = PBXFileReference; fileEncoding = 4; lastKnownFileType = sourcecode.c.h; name = BBALibraryTypes.h; path = Classes/BBALibraryTypes.h; sourceTree = "<group>"; };
		401A1DB91A13D78B004FBA41 /* BBALogger.h */ = {isa = PBXFileReference; fileEncoding = 4; lastKnownFileType = sourcecode.c.h; name = BBALogger.h; path = Classes/BBALogger.h; sourceTree = "<group>"; };
		401A1DBA1A13D78B004FBA41 /* BBALogger.m */ = {isa = PBXFileReference; fileEncoding = 4; lastKnownFileType = sourcecode.c.objc; name = BBALogger.m; path = Classes/BBALogger.m; sourceTree = "<group>"; };
		401A1DBB1A13D78B004FBA41 /* BBAMacros.h */ = {isa = PBXFileReference; fileEncoding = 4; lastKnownFileType = sourcecode.c.h; name = BBAMacros.h; path = Classes/BBAMacros.h; sourceTree = "<group>"; };
		401A1DBC1A13D78B004FBA41 /* BBAMarketingService.h */ = {isa = PBXFileReference; fileEncoding = 4; lastKnownFileType = sourcecode.c.h; name = BBAMarketingService.h; path = Classes/BBAMarketingService.h; sourceTree = "<group>"; };
		401A1DBD1A13D78B004FBA41 /* BBAMarketingService.m */ = {isa = PBXFileReference; fileEncoding = 4; lastKnownFileType = sourcecode.c.objc; name = BBAMarketingService.m; path = Classes/BBAMarketingService.m; sourceTree = "<group>"; };
		401A1DBE1A13D78B004FBA41 /* BBANetworkConfiguration.h */ = {isa = PBXFileReference; fileEncoding = 4; lastKnownFileType = sourcecode.c.h; name = BBANetworkConfiguration.h; path = Classes/BBANetworkConfiguration.h; sourceTree = "<group>"; };
		401A1DBF1A13D78B004FBA41 /* BBANetworkConfiguration.m */ = {isa = PBXFileReference; fileEncoding = 4; lastKnownFileType = sourcecode.c.objc; name = BBANetworkConfiguration.m; path = Classes/BBANetworkConfiguration.m; sourceTree = "<group>"; };
		401A1DC01A13D78B004FBA41 /* BBANetworking.h */ = {isa = PBXFileReference; fileEncoding = 4; lastKnownFileType = sourcecode.c.h; name = BBANetworking.h; path = Classes/BBANetworking.h; sourceTree = "<group>"; };
		401A1DC11A13D78B004FBA41 /* BBANetworkingConstants.h */ = {isa = PBXFileReference; fileEncoding = 4; lastKnownFileType = sourcecode.c.h; name = BBANetworkingConstants.h; path = Classes/BBANetworkingConstants.h; sourceTree = "<group>"; };
		401A1DC21A13D78B004FBA41 /* BBAPurchasingService.h */ = {isa = PBXFileReference; fileEncoding = 4; lastKnownFileType = sourcecode.c.h; name = BBAPurchasingService.h; path = Classes/BBAPurchasingService.h; sourceTree = "<group>"; };
		401A1DC31A13D78B004FBA41 /* BBAPurchasingService.m */ = {isa = PBXFileReference; fileEncoding = 4; lastKnownFileType = sourcecode.c.objc; name = BBAPurchasingService.m; path = Classes/BBAPurchasingService.m; sourceTree = "<group>"; };
		401A1DC41A13D78B004FBA41 /* BBARequest.h */ = {isa = PBXFileReference; fileEncoding = 4; lastKnownFileType = sourcecode.c.h; name = BBARequest.h; path = Classes/BBARequest.h; sourceTree = "<group>"; };
		401A1DC51A13D78B004FBA41 /* BBARequest.m */ = {isa = PBXFileReference; fileEncoding = 4; lastKnownFileType = sourcecode.c.objc; name = BBARequest.m; path = Classes/BBARequest.m; sourceTree = "<group>"; };
		401A1DC61A13D78B004FBA41 /* BBARequestFactory.h */ = {isa = PBXFileReference; fileEncoding = 4; lastKnownFileType = sourcecode.c.h; name = BBARequestFactory.h; path = Classes/BBARequestFactory.h; sourceTree = "<group>"; };
		401A1DC71A13D78B004FBA41 /* BBARequestFactory.m */ = {isa = PBXFileReference; fileEncoding = 4; lastKnownFileType = sourcecode.c.objc; name = BBARequestFactory.m; path = Classes/BBARequestFactory.m; sourceTree = "<group>"; };
		401A1DC81A13D78B004FBA41 /* BBAResponseMapping.h */ = {isa = PBXFileReference; fileEncoding = 4; lastKnownFileType = sourcecode.c.h; name = BBAResponseMapping.h; path = Classes/BBAResponseMapping.h; sourceTree = "<group>"; };
		401A1DC91A13D78B004FBA41 /* BBAResponseMapping.m */ = {isa = PBXFileReference; fileEncoding = 4; lastKnownFileType = sourcecode.c.objc; name = BBAResponseMapping.m; path = Classes/BBAResponseMapping.m; sourceTree = "<group>"; };
		401A1DCA1A13D78B004FBA41 /* BBASearchConnection.h */ = {isa = PBXFileReference; fileEncoding = 4; lastKnownFileType = sourcecode.c.h; name = BBASearchConnection.h; path = Classes/BBASearchConnection.h; sourceTree = "<group>"; };
		401A1DCB1A13D78B004FBA41 /* BBASearchConnection.m */ = {isa = PBXFileReference; fileEncoding = 4; lastKnownFileType = sourcecode.c.objc; name = BBASearchConnection.m; path = Classes/BBASearchConnection.m; sourceTree = "<group>"; };
		401A1DCC1A13D78B004FBA41 /* BBASearchService.h */ = {isa = PBXFileReference; fileEncoding = 4; lastKnownFileType = sourcecode.c.h; name = BBASearchService.h; path = Classes/BBASearchService.h; sourceTree = "<group>"; };
		401A1DCD1A13D78B004FBA41 /* BBASearchService.m */ = {isa = PBXFileReference; fileEncoding = 4; lastKnownFileType = sourcecode.c.objc; name = BBASearchService.m; path = Classes/BBASearchService.m; sourceTree = "<group>"; };
		401A1DCE1A13D78B004FBA41 /* BBAServerDateFormatter.h */ = {isa = PBXFileReference; fileEncoding = 4; lastKnownFileType = sourcecode.c.h; name = BBAServerDateFormatter.h; path = Classes/BBAServerDateFormatter.h; sourceTree = "<group>"; };
		401A1DCF1A13D78B004FBA41 /* BBAServerDateFormatter.m */ = {isa = PBXFileReference; fileEncoding = 4; lastKnownFileType = sourcecode.c.objc; name = BBAServerDateFormatter.m; path = Classes/BBAServerDateFormatter.m; sourceTree = "<group>"; };
		401A1DD01A13D78B004FBA41 /* BBAStatusResponseMapper.h */ = {isa = PBXFileReference; fileEncoding = 4; lastKnownFileType = sourcecode.c.h; name = BBAStatusResponseMapper.h; path = Classes/BBAStatusResponseMapper.h; sourceTree = "<group>"; };
		401A1DD11A13D78B004FBA41 /* BBAStatusResponseMapper.m */ = {isa = PBXFileReference; fileEncoding = 4; lastKnownFileType = sourcecode.c.objc; name = BBAStatusResponseMapper.m; path = Classes/BBAStatusResponseMapper.m; sourceTree = "<group>"; };
		401A1DD21A13D78B004FBA41 /* BBATokensResponseMapper.h */ = {isa = PBXFileReference; fileEncoding = 4; lastKnownFileType = sourcecode.c.h; name = BBATokensResponseMapper.h; path = Classes/BBATokensResponseMapper.h; sourceTree = "<group>"; };
		401A1DD31A13D78B004FBA41 /* BBATokensResponseMapper.m */ = {isa = PBXFileReference; fileEncoding = 4; lastKnownFileType = sourcecode.c.objc; name = BBATokensResponseMapper.m; path = Classes/BBATokensResponseMapper.m; sourceTree = "<group>"; };
		401A1DD41A13D78B004FBA41 /* BBAUserDetails.h */ = {isa = PBXFileReference; fileEncoding = 4; lastKnownFileType = sourcecode.c.h; name = BBAUserDetails.h; path = Classes/BBAUserDetails.h; sourceTree = "<group>"; };
		401A1DD51A13D78B004FBA41 /* BBAUserDetails.m */ = {isa = PBXFileReference; fileEncoding = 4; lastKnownFileType = sourcecode.c.objc; name = BBAUserDetails.m; path = Classes/BBAUserDetails.m; sourceTree = "<group>"; };
		40B349FB1A3AFEE700B7F3FF /* BBAItemLinkMapper.h */ = {isa = PBXFileReference; fileEncoding = 4; lastKnownFileType = sourcecode.c.h; name = BBAItemLinkMapper.h; path = Classes/BBAItemLinkMapper.h; sourceTree = "<group>"; };
		40B349FC1A3AFEE700B7F3FF /* BBAItemLinkMapper.m */ = {isa = PBXFileReference; fileEncoding = 4; lastKnownFileType = sourcecode.c.objc; name = BBAItemLinkMapper.m; path = Classes/BBAItemLinkMapper.m; sourceTree = "<group>"; };
		40B349FE1A3AFF1000B7F3FF /* BBALibraryItemMapper.h */ = {isa = PBXFileReference; fileEncoding = 4; lastKnownFileType = sourcecode.c.h; name = BBALibraryItemMapper.h; path = Classes/BBALibraryItemMapper.h; sourceTree = "<group>"; };
		40B349FF1A3AFF1000B7F3FF /* BBALibraryItemMapper.m */ = {isa = PBXFileReference; fileEncoding = 4; lastKnownFileType = sourcecode.c.objc; name = BBALibraryItemMapper.m; path = Classes/BBALibraryItemMapper.m; sourceTree = "<group>"; };
		40B34A011A3B03E800B7F3FF /* BBABookItem.h */ = {isa = PBXFileReference; fileEncoding = 4; lastKnownFileType = sourcecode.c.h; name = BBABookItem.h; path = Classes/BBABookItem.h; sourceTree = "<group>"; };
		40B34A021A3B03E800B7F3FF /* BBABookItem.m */ = {isa = PBXFileReference; fileEncoding = 4; lastKnownFileType = sourcecode.c.objc; name = BBABookItem.m; path = Classes/BBABookItem.m; sourceTree = "<group>"; };
		40B34A041A3B056600B7F3FF /* BBABooksMapperTests.m */ = {isa = PBXFileReference; fileEncoding = 4; lastKnownFileType = sourcecode.c.objc; path = BBABooksMapperTests.m; sourceTree = "<group>"; };
		40B34A061A3B0DE100B7F3FF /* book.json */ = {isa = PBXFileReference; fileEncoding = 4; lastKnownFileType = text.json; name = book.json; path = "Catalogue Service Responses/book.json"; sourceTree = "<group>"; };
		40B34A081A3B122A00B7F3FF /* BBAImageItem.h */ = {isa = PBXFileReference; fileEncoding = 4; lastKnownFileType = sourcecode.c.h; name = BBAImageItem.h; path = Classes/BBAImageItem.h; sourceTree = "<group>"; };
		40B34A091A3B122A00B7F3FF /* BBAImageItem.m */ = {isa = PBXFileReference; fileEncoding = 4; lastKnownFileType = sourcecode.c.objc; name = BBAImageItem.m; path = Classes/BBAImageItem.m; sourceTree = "<group>"; };
		40DB4FA41A39D79500AF8770 /* BBACatalogueServiceTests.m */ = {isa = PBXFileReference; fileEncoding = 4; lastKnownFileType = sourcecode.c.objc; path = BBACatalogueServiceTests.m; sourceTree = "<group>"; };
		40DB4FA71A39ECA400AF8770 /* sample_synopsis.json */ = {isa = PBXFileReference; fileEncoding = 4; lastKnownFileType = text.json; name = sample_synopsis.json; path = "Catalogue Service Responses/sample_synopsis.json"; sourceTree = "<group>"; };
		40DB501F1A39F0FD00AF8770 /* BBACatalogueResponseMapper.h */ = {isa = PBXFileReference; fileEncoding = 4; lastKnownFileType = sourcecode.c.h; name = BBACatalogueResponseMapper.h; path = Classes/BBACatalogueResponseMapper.h; sourceTree = "<group>"; };
		40DB50201A39F0FD00AF8770 /* BBACatalogueResponseMapper.m */ = {isa = PBXFileReference; fileEncoding = 4; lastKnownFileType = sourcecode.c.objc; name = BBACatalogueResponseMapper.m; path = Classes/BBACatalogueResponseMapper.m; sourceTree = "<group>"; };
		40DB50221A39F2B000AF8770 /* BBACatalogueResponseMapperTests.m */ = {isa = PBXFileReference; fileEncoding = 4; lastKnownFileType = sourcecode.c.objc; path = BBACatalogueResponseMapperTests.m; sourceTree = "<group>"; };
		40DB50241A39F71E00AF8770 /* sample_related.json */ = {isa = PBXFileReference; fileEncoding = 4; lastKnownFileType = text.json; name = sample_related.json; path = "Catalogue Service Responses/sample_related.json"; sourceTree = "<group>"; };
		40DB50261A39F77400AF8770 /* sample_book.json */ = {isa = PBXFileReference; fileEncoding = 4; lastKnownFileType = text.json; name = sample_book.json; path = "Catalogue Service Responses/sample_book.json"; sourceTree = "<group>"; };
		40DB50281A3A00FC00AF8770 /* BBABooksMapper.h */ = {isa = PBXFileReference; fileEncoding = 4; lastKnownFileType = sourcecode.c.h; name = BBABooksMapper.h; path = Classes/BBABooksMapper.h; sourceTree = "<group>"; };
		40DB50291A3A00FC00AF8770 /* BBABooksMapper.m */ = {isa = PBXFileReference; fileEncoding = 4; lastKnownFileType = sourcecode.c.objc; name = BBABooksMapper.m; path = Classes/BBABooksMapper.m; sourceTree = "<group>"; };
		40FB3ABA1A14C7A8005936B5 /* BBBAPI.h */ = {isa = PBXFileReference; fileEncoding = 4; lastKnownFileType = sourcecode.c.h; name = BBBAPI.h; path = Classes/BBBAPI.h; sourceTree = "<group>"; };
		40FB3ABB1A14C7A8005936B5 /* BBBAPI.m */ = {isa = PBXFileReference; fileEncoding = 4; lastKnownFileType = sourcecode.c.objc; name = BBBAPI.m; path = Classes/BBBAPI.m; sourceTree = "<group>"; };
		424A7BC2C05D8FA3FA551D1B /* Pods-BBBAPITests.debug.xcconfig */ = {isa = PBXFileReference; includeInIndex = 1; lastKnownFileType = text.xcconfig; name = "Pods-BBBAPITests.debug.xcconfig"; path = "../Pods/Target Support Files/Pods-BBBAPITests/Pods-BBBAPITests.debug.xcconfig"; sourceTree = "<group>"; };
		5A3ECB631A2F67CF00E49DCE /* BBABookmarkServiceTests.m */ = {isa = PBXFileReference; fileEncoding = 4; lastKnownFileType = sourcecode.c.objc; path = BBABookmarkServiceTests.m; sourceTree = "<group>"; };
		5A56A81E1A28E3E10031F2D9 /* BBAKeyServiceMock_SuccessResponse.json */ = {isa = PBXFileReference; fileEncoding = 4; lastKnownFileType = text.json; name = BBAKeyServiceMock_SuccessResponse.json; path = "Key Service Responses/BBAKeyServiceMock_SuccessResponse.json"; sourceTree = "<group>"; };
		5A5BDC331A27955A002F859E /* BBAKeyServiceTests.m */ = {isa = PBXFileReference; fileEncoding = 4; lastKnownFileType = sourcecode.c.objc; path = BBAKeyServiceTests.m; sourceTree = "<group>"; };
		5A88FF9C1A3895DA00DE2887 /* create_bookmark_success.json */ = {isa = PBXFileReference; fileEncoding = 4; lastKnownFileType = text.json; name = create_bookmark_success.json; path = "Bookmark Service Responses/create_bookmark_success.json"; sourceTree = "<group>"; };
		5A88FF9E1A38A13B00DE2887 /* update_bookmark_success.json */ = {isa = PBXFileReference; fileEncoding = 4; lastKnownFileType = text.json; name = update_bookmark_success.json; path = "Bookmark Service Responses/update_bookmark_success.json"; sourceTree = "<group>"; };
		5AB0FD041A3204C200701FFF /* BBABookmarkItem.h */ = {isa = PBXFileReference; fileEncoding = 4; lastKnownFileType = sourcecode.c.h; name = BBABookmarkItem.h; path = Classes/BBABookmarkItem.h; sourceTree = "<group>"; };
		5AB0FD051A3204C200701FFF /* BBABookmarkItem.m */ = {isa = PBXFileReference; fileEncoding = 4; lastKnownFileType = sourcecode.c.objc; name = BBABookmarkItem.m; path = Classes/BBABookmarkItem.m; sourceTree = "<group>"; };
		5AC2D9E71A2CA52C00F43A7E /* BBAKeyServiceResponseMapper.h */ = {isa = PBXFileReference; fileEncoding = 4; lastKnownFileType = sourcecode.c.h; name = BBAKeyServiceResponseMapper.h; path = Classes/BBAKeyServiceResponseMapper.h; sourceTree = "<group>"; };
		5AC2D9E81A2CA52C00F43A7E /* BBAKeyServiceResponseMapper.m */ = {isa = PBXFileReference; fileEncoding = 4; lastKnownFileType = sourcecode.c.objc; name = BBAKeyServiceResponseMapper.m; path = Classes/BBAKeyServiceResponseMapper.m; sourceTree = "<group>"; };
		5ACE48111A37221400546137 /* BBABookmarkItemTests.m */ = {isa = PBXFileReference; fileEncoding = 4; lastKnownFileType = sourcecode.c.objc; path = BBABookmarkItemTests.m; sourceTree = "<group>"; };
		5ACE48151A3727F500546137 /* bookmark_item.json */ = {isa = PBXFileReference; fileEncoding = 4; lastKnownFileType = text.json; name = bookmark_item.json; path = "Bookmark Service Responses/bookmark_item.json"; sourceTree = "<group>"; };
		5ACE481B1A37411400546137 /* BBALinkItem.h */ = {isa = PBXFileReference; fileEncoding = 4; lastKnownFileType = sourcecode.c.h; name = BBALinkItem.h; path = Classes/BBALinkItem.h; sourceTree = "<group>"; };
		5ACE481C1A37411400546137 /* BBALinkItem.m */ = {isa = PBXFileReference; fileEncoding = 4; lastKnownFileType = sourcecode.c.objc; name = BBALinkItem.m; path = Classes/BBALinkItem.m; sourceTree = "<group>"; };
		5ACE481E1A376E4300546137 /* delete_bookmarks_success.json */ = {isa = PBXFileReference; fileEncoding = 4; lastKnownFileType = text.json; name = delete_bookmarks_success.json; path = "Bookmark Service Responses/delete_bookmarks_success.json"; sourceTree = "<group>"; };
		5AF88C5A1A35EA9200CA9B98 /* BBABookmarkResponseMapper.h */ = {isa = PBXFileReference; fileEncoding = 4; lastKnownFileType = sourcecode.c.h; name = BBABookmarkResponseMapper.h; path = Classes/BBABookmarkResponseMapper.h; sourceTree = "<group>"; };
		5AF88C5B1A35EA9200CA9B98 /* BBABookmarkResponseMapper.m */ = {isa = PBXFileReference; fileEncoding = 4; lastKnownFileType = sourcecode.c.objc; name = BBABookmarkResponseMapper.m; path = Classes/BBABookmarkResponseMapper.m; sourceTree = "<group>"; };
		5AF88C5E1A35FA9A00CA9B98 /* get_my_bookmarks_success.json */ = {isa = PBXFileReference; fileEncoding = 4; lastKnownFileType = text.json; name = get_my_bookmarks_success.json; path = "Bookmark Service Responses/get_my_bookmarks_success.json"; sourceTree = "<group>"; };
		BD86D82D093B37E72C8605AE /* Pods-BBBAPI.release.xcconfig */ = {isa = PBXFileReference; includeInIndex = 1; lastKnownFileType = text.xcconfig; name = "Pods-BBBAPI.release.xcconfig"; path = "../Pods/Target Support Files/Pods-BBBAPI/Pods-BBBAPI.release.xcconfig"; sourceTree = "<group>"; };
/* End PBXFileReference section */

/* Begin PBXFrameworksBuildPhase section */
		401A1D181A13D6CB004FBA41 /* Frameworks */ = {
			isa = PBXFrameworksBuildPhase;
			buildActionMask = 2147483647;
			files = (
				2B6DC3F9FD6C586D1D6BE1E7 /* libPods-BBBAPI.a in Frameworks */,
			);
			runOnlyForDeploymentPostprocessing = 0;
		};
		401A1D311A13D6CB004FBA41 /* Frameworks */ = {
			isa = PBXFrameworksBuildPhase;
			buildActionMask = 2147483647;
			files = (
				087C37E6CA09AC67D0BD1BCB /* libPods-BBBAPITests.a in Frameworks */,
			);
			runOnlyForDeploymentPostprocessing = 0;
		};
/* End PBXFrameworksBuildPhase section */

/* Begin PBXGroup section */
		401A1D121A13D6CB004FBA41 = {
			isa = PBXGroup;
			children = (
				401A1D1D1A13D6CB004FBA41 /* BBBAPI */,
				401A1D371A13D6CB004FBA41 /* BBBAPITests */,
				401A1D1C1A13D6CB004FBA41 /* Products */,
				D3194E7B13CAAD5509AE5282 /* Pods */,
				F9EFFB569373F0459962CF4E /* Frameworks */,
			);
			sourceTree = "<group>";
		};
		401A1D1C1A13D6CB004FBA41 /* Products */ = {
			isa = PBXGroup;
			children = (
				401A1D1B1A13D6CB004FBA41 /* BBBAPI.app */,
				401A1D341A13D6CB004FBA41 /* BBBAPITests.xctest */,
			);
			name = Products;
			sourceTree = "<group>";
		};
		401A1D1D1A13D6CB004FBA41 /* BBBAPI */ = {
			isa = PBXGroup;
			children = (
				401A1D891A13D782004FBA41 /* Classes */,
				401A1D221A13D6CB004FBA41 /* AppDelegate.h */,
				401A1D231A13D6CB004FBA41 /* AppDelegate.m */,
				401A1D251A13D6CB004FBA41 /* ViewController.h */,
				401A1D261A13D6CB004FBA41 /* ViewController.m */,
				401A1D281A13D6CB004FBA41 /* Main.storyboard */,
				401A1D2B1A13D6CB004FBA41 /* Images.xcassets */,
				401A1D2D1A13D6CB004FBA41 /* LaunchScreen.xib */,
				401A1D1E1A13D6CB004FBA41 /* Supporting Files */,
			);
			path = BBBAPI;
			sourceTree = "<group>";
		};
		401A1D1E1A13D6CB004FBA41 /* Supporting Files */ = {
			isa = PBXGroup;
			children = (
				401A1D1F1A13D6CB004FBA41 /* Info.plist */,
				401A1D201A13D6CB004FBA41 /* main.m */,
			);
			name = "Supporting Files";
			sourceTree = "<group>";
		};
		401A1D371A13D6CB004FBA41 /* BBBAPITests */ = {
			isa = PBXGroup;
			children = (
				40B34A041A3B056600B7F3FF /* BBABooksMapperTests.m */,
				40DB50221A39F2B000AF8770 /* BBACatalogueResponseMapperTests.m */,
				40DB4FA41A39D79500AF8770 /* BBACatalogueServiceTests.m */,
				5ACE48111A37221400546137 /* BBABookmarkItemTests.m */,
				5A3ECB631A2F67CF00E49DCE /* BBABookmarkServiceTests.m */,
				5A5BDC331A27955A002F859E /* BBAKeyServiceTests.m */,
				401A1D441A13D77B004FBA41 /* BBAAuthenticationServiceTests.m */,
				401A1D451A13D77B004FBA41 /* BBAAuthResponseMapperTests.h */,
				401A1D461A13D77B004FBA41 /* BBAAuthServiceResponseMappersTestData.h */,
				401A1D471A13D77B004FBA41 /* BBAAuthServiceResponseMappersTestData.m */,
				401A1D481A13D77B004FBA41 /* BBAAuthServiceResponseMapperTests.m */,
				401A1D491A13D77B004FBA41 /* BBAClientsResponseMapperTests.m */,
				401A1D4A1A13D77B004FBA41 /* BBAConnectionTests.m */,
				401A1D4B1A13D77B004FBA41 /* BBAConnectionTestsMocks.h */,
				401A1D4C1A13D77B004FBA41 /* BBAConnectionTestsMocks.m */,
				401A1D4D1A13D77B004FBA41 /* BBALibraryResponseMapperTests.m */,
				401A1D4E1A13D77B004FBA41 /* BBALibraryResponseTests.m */,
				401A1D4F1A13D77B004FBA41 /* BBALibraryServiceTests.m */,
				401A1D501A13D77B004FBA41 /* BBAMockAssertionHandler.h */,
				401A1D511A13D77B004FBA41 /* BBAMockAssertionHandler.m */,
				401A1D521A13D77B004FBA41 /* BBAMockConnection.h */,
				401A1D531A13D77B004FBA41 /* BBAMockConnection.m */,
				401A1D541A13D77B004FBA41 /* BBANetworkConfigurationTests.m */,
				401A1D551A13D77B004FBA41 /* BBARequestFactoryTests.m */,
				401A1D561A13D77B004FBA41 /* BBAStatusResponseMapperTests.m */,
				401A1D571A13D77B004FBA41 /* BBASwizzlingHelper.h */,
				401A1D581A13D77B004FBA41 /* BBASwizzlingHelper.m */,
				401A1D591A13D77B004FBA41 /* BBATestHelper.h */,
				401A1D5A1A13D77B004FBA41 /* BBATestHelper.m */,
				401A1D5B1A13D77B004FBA41 /* BBATestMacros.h */,
				401A1D5C1A13D77B004FBA41 /* BBATokensResponseMapperTests.m */,
				401A1D5D1A13D77B004FBA41 /* BBBAPITests.pch */,
				401A1D5E1A13D77B004FBA41 /* SampleData */,
				401A1D381A13D6CB004FBA41 /* Supporting Files */,
			);
			path = BBBAPITests;
			sourceTree = "<group>";
		};
		401A1D381A13D6CB004FBA41 /* Supporting Files */ = {
			isa = PBXGroup;
			children = (
				401A1D391A13D6CB004FBA41 /* Info.plist */,
			);
			name = "Supporting Files";
			sourceTree = "<group>";
		};
		401A1D5E1A13D77B004FBA41 /* SampleData */ = {
			isa = PBXGroup;
			children = (
				40DB4FA61A39EC8200AF8770 /* Catalogue Service Responses */,
				5AF88C5D1A35FA3500CA9B98 /* Bookmark Service Responses */,
				5A56A81D1A28E3550031F2D9 /* Key Service Responses */,
				401A1D5F1A13D77B004FBA41 /* Library Service Responses */,
			);
			path = SampleData;
			sourceTree = "<group>";
		};
		401A1D5F1A13D77B004FBA41 /* Library Service Responses */ = {
			isa = PBXGroup;
			children = (
				401A1D601A13D77B004FBA41 /* libResponse.json */,
				401A1D611A13D77B004FBA41 /* libResponse_archived.json */,
				401A1D621A13D77B004FBA41 /* libResponse_deleted.json */,
				401A1D631A13D77B004FBA41 /* libResponse_empty_archived.json */,
				401A1D641A13D77B004FBA41 /* libResponse_get_single_item.json */,
				401A1D651A13D77B004FBA41 /* libResponse_invalid_data_format.json */,
				401A1D661A13D77B004FBA41 /* libResponse_invalid_type.json */,
				401A1D671A13D77B004FBA41 /* libResponse_no_items.json */,
				401A1D681A13D77B004FBA41 /* libResponse_single_item_archived.json */,
				401A1D691A13D77B004FBA41 /* libResponse_single_item_deleted.json */,
				401A1D6A1A13D77B004FBA41 /* libResponse_single_item_purchased.json */,
				401A1D6B1A13D77B004FBA41 /* libResponse_single_item_sampled.json */,
			);
			path = "Library Service Responses";
			sourceTree = "<group>";
		};
		401A1D891A13D782004FBA41 /* Classes */ = {
			isa = PBXGroup;
			children = (
				401A1D8A1A13D78B004FBA41 /* BBAAPIErrors.h */,
				40B34A081A3B122A00B7F3FF /* BBAImageItem.h */,
				40B34A091A3B122A00B7F3FF /* BBAImageItem.m */,
				401A1D8B1A13D78B004FBA41 /* BBAAuthConnection.h */,
				401A1D8C1A13D78B004FBA41 /* BBAAuthConnection.m */,
				401A1D8D1A13D78B004FBA41 /* BBAAuthData.h */,
				401A1D8E1A13D78B004FBA41 /* BBAAuthData.m */,
				40DB50281A3A00FC00AF8770 /* BBABooksMapper.h */,
				40DB50291A3A00FC00AF8770 /* BBABooksMapper.m */,
				40B34A011A3B03E800B7F3FF /* BBABookItem.h */,
				40B34A021A3B03E800B7F3FF /* BBABookItem.m */,
				401A1D8F1A13D78B004FBA41 /* BBAAuthDataValidator.h */,
				401A1D901A13D78B004FBA41 /* BBAAuthDataValidator.m */,
				401A1D911A13D78B004FBA41 /* BBAAuthenticationService.h */,
				401A1D921A13D78B004FBA41 /* BBAAuthenticationService.m */,
				401A1D931A13D78B004FBA41 /* BBAAuthenticationServiceConstants.h */,
				401A1D941A13D78B004FBA41 /* BBAAuthenticationServiceConstants.m */,
				401A1D951A13D78B004FBA41 /* BBAAuthenticator.h */,
				401A1D961A13D78B004FBA41 /* BBAAuthResponseMapper.h */,
				401A1D971A13D78B004FBA41 /* BBAAuthResponseMapper.m */,
				401A1D981A13D78B004FBA41 /* BBAAuthServiceErrorParser.h */,
				401A1D991A13D78B004FBA41 /* BBAAuthServiceErrorParser.m */,
				401A1D9A1A13D78B004FBA41 /* BBABookmarkService.h */,
				401A1D9B1A13D78B004FBA41 /* BBABookmarkService.m */,
				401A1D9C1A13D78B004FBA41 /* BBACatalogueService.h */,
				401A1D9D1A13D78B004FBA41 /* BBACatalogueService.m */,
				40B349FB1A3AFEE700B7F3FF /* BBAItemLinkMapper.h */,
				40B349FC1A3AFEE700B7F3FF /* BBAItemLinkMapper.m */,
				40DB501F1A39F0FD00AF8770 /* BBACatalogueResponseMapper.h */,
				40DB50201A39F0FD00AF8770 /* BBACatalogueResponseMapper.m */,
				401A1D9E1A13D78B004FBA41 /* BBACategoryService.h */,
				401A1D9F1A13D78B004FBA41 /* BBACategoryService.m */,
				401A1DA01A13D78B004FBA41 /* BBAClientDetails.h */,
				401A1DA11A13D78B004FBA41 /* BBAClientDetails.m */,
				401A1DA21A13D78B004FBA41 /* BBAClientsResponseMapper.h */,
				401A1DA31A13D78B004FBA41 /* BBAClientsResponseMapper.m */,
				401A1DA41A13D78B004FBA41 /* BBAClubcardService.h */,
				401A1DA51A13D78B004FBA41 /* BBAClubcardService.m */,
				401A1DA61A13D78B004FBA41 /* BBAConnection.h */,
				401A1DA71A13D78B004FBA41 /* BBAConnection.m */,
				401A1DA81A13D78B004FBA41 /* BBADefaultAuthenticator.h */,
				401A1DA91A13D78B004FBA41 /* BBADefaultAuthenticator.m */,
				401A1DAA1A13D78B004FBA41 /* BBAJSONResponseMapper.h */,
				401A1DAB1A13D78B004FBA41 /* BBAJSONResponseMapper.m */,
				401A1DAC1A13D78B004FBA41 /* BBAKeyService.h */,
				401A1DAD1A13D78B004FBA41 /* BBAKeyService.m */,
				401A1DAE1A13D78B004FBA41 /* BBALibraryItem.h */,
				401A1DAF1A13D78B004FBA41 /* BBALibraryItem.m */,
				401A1DB01A13D78B004FBA41 /* BBAItemLink.h */,
				401A1DB11A13D78B004FBA41 /* BBAItemLink.m */,
				401A1DB21A13D78B004FBA41 /* BBALibraryResponse.h */,
				401A1DB31A13D78B004FBA41 /* BBALibraryResponse.m */,
				401A1DB41A13D78B004FBA41 /* BBALibraryResponseMapper.h */,
				401A1DB51A13D78B004FBA41 /* BBALibraryResponseMapper.m */,
				401A1DB61A13D78B004FBA41 /* BBALibraryService.h */,
				401A1DB71A13D78B004FBA41 /* BBALibraryService.m */,
				401A1DB81A13D78B004FBA41 /* BBALibraryTypes.h */,
				401A1DB91A13D78B004FBA41 /* BBALogger.h */,
				401A1DBA1A13D78B004FBA41 /* BBALogger.m */,
				401A1DBB1A13D78B004FBA41 /* BBAMacros.h */,
				401A1DBC1A13D78B004FBA41 /* BBAMarketingService.h */,
				401A1DBD1A13D78B004FBA41 /* BBAMarketingService.m */,
				401A1DBE1A13D78B004FBA41 /* BBANetworkConfiguration.h */,
				401A1DBF1A13D78B004FBA41 /* BBANetworkConfiguration.m */,
				401A1DC01A13D78B004FBA41 /* BBANetworking.h */,
				401A1DC11A13D78B004FBA41 /* BBANetworkingConstants.h */,
				401A1DC21A13D78B004FBA41 /* BBAPurchasingService.h */,
				401A1DC31A13D78B004FBA41 /* BBAPurchasingService.m */,
				401A1DC41A13D78B004FBA41 /* BBARequest.h */,
				401A1DC51A13D78B004FBA41 /* BBARequest.m */,
				401A1DC61A13D78B004FBA41 /* BBARequestFactory.h */,
				401A1DC71A13D78B004FBA41 /* BBARequestFactory.m */,
				401A1DC81A13D78B004FBA41 /* BBAResponseMapping.h */,
				401A1DC91A13D78B004FBA41 /* BBAResponseMapping.m */,
				401A1DCA1A13D78B004FBA41 /* BBASearchConnection.h */,
				401A1DCB1A13D78B004FBA41 /* BBASearchConnection.m */,
				401A1DCC1A13D78B004FBA41 /* BBASearchService.h */,
				401A1DCD1A13D78B004FBA41 /* BBASearchService.m */,
				401A1DCE1A13D78B004FBA41 /* BBAServerDateFormatter.h */,
				401A1DCF1A13D78B004FBA41 /* BBAServerDateFormatter.m */,
				401A1DD01A13D78B004FBA41 /* BBAStatusResponseMapper.h */,
				401A1DD11A13D78B004FBA41 /* BBAStatusResponseMapper.m */,
				401A1DD21A13D78B004FBA41 /* BBATokensResponseMapper.h */,
				401A1DD31A13D78B004FBA41 /* BBATokensResponseMapper.m */,
				401A1DD41A13D78B004FBA41 /* BBAUserDetails.h */,
				401A1DD51A13D78B004FBA41 /* BBAUserDetails.m */,
				40FB3ABA1A14C7A8005936B5 /* BBBAPI.h */,
				40FB3ABB1A14C7A8005936B5 /* BBBAPI.m */,
				5AB0FD041A3204C200701FFF /* BBABookmarkItem.h */,
				5AB0FD051A3204C200701FFF /* BBABookmarkItem.m */,
				5AF88C5A1A35EA9200CA9B98 /* BBABookmarkResponseMapper.h */,
				5AF88C5B1A35EA9200CA9B98 /* BBABookmarkResponseMapper.m */,
				5ACE481B1A37411400546137 /* BBALinkItem.h */,
				5ACE481C1A37411400546137 /* BBALinkItem.m */,
				5AC2D9E71A2CA52C00F43A7E /* BBAKeyServiceResponseMapper.h */,
				5AC2D9E81A2CA52C00F43A7E /* BBAKeyServiceResponseMapper.m */,
				40B349FE1A3AFF1000B7F3FF /* BBALibraryItemMapper.h */,
				40B349FF1A3AFF1000B7F3FF /* BBALibraryItemMapper.m */,
			);
			name = Classes;
			sourceTree = "<group>";
		};
		40DB4FA61A39EC8200AF8770 /* Catalogue Service Responses */ = {
			isa = PBXGroup;
			children = (
				40DB4FA71A39ECA400AF8770 /* sample_synopsis.json */,
				40DB50241A39F71E00AF8770 /* sample_related.json */,
				40DB50261A39F77400AF8770 /* sample_book.json */,
				40B34A061A3B0DE100B7F3FF /* book.json */,
			);
			name = "Catalogue Service Responses";
			sourceTree = "<group>";
		};
		5A56A81D1A28E3550031F2D9 /* Key Service Responses */ = {
			isa = PBXGroup;
			children = (
				5A56A81E1A28E3E10031F2D9 /* BBAKeyServiceMock_SuccessResponse.json */,
			);
			name = "Key Service Responses";
			sourceTree = "<group>";
		};
		5AF88C5D1A35FA3500CA9B98 /* Bookmark Service Responses */ = {
			isa = PBXGroup;
			children = (
				5A88FF9E1A38A13B00DE2887 /* update_bookmark_success.json */,
				5A88FF9C1A3895DA00DE2887 /* create_bookmark_success.json */,
				5ACE481E1A376E4300546137 /* delete_bookmarks_success.json */,
				5ACE48151A3727F500546137 /* bookmark_item.json */,
				5AF88C5E1A35FA9A00CA9B98 /* get_my_bookmarks_success.json */,
			);
			name = "Bookmark Service Responses";
			sourceTree = "<group>";
		};
		D3194E7B13CAAD5509AE5282 /* Pods */ = {
			isa = PBXGroup;
			children = (
				118CD5BBC1E178DF65C1391A /* Pods-BBBAPI.debug.xcconfig */,
				BD86D82D093B37E72C8605AE /* Pods-BBBAPI.release.xcconfig */,
				424A7BC2C05D8FA3FA551D1B /* Pods-BBBAPITests.debug.xcconfig */,
				01E4A5A6F74999A6F372EA55 /* Pods-BBBAPITests.release.xcconfig */,
			);
			name = Pods;
			sourceTree = "<group>";
		};
		F9EFFB569373F0459962CF4E /* Frameworks */ = {
			isa = PBXGroup;
			children = (
				26841EE83C9FA47FA48E8A11 /* libPods-BBBAPI.a */,
				2A5993ECFA1526A0AE7C3B7E /* libPods-BBBAPITests.a */,
			);
			name = Frameworks;
			sourceTree = "<group>";
		};
/* End PBXGroup section */

/* Begin PBXNativeTarget section */
		401A1D1A1A13D6CB004FBA41 /* BBBAPI */ = {
			isa = PBXNativeTarget;
			buildConfigurationList = 401A1D3E1A13D6CB004FBA41 /* Build configuration list for PBXNativeTarget "BBBAPI" */;
			buildPhases = (
				708166B3D1631B214C164BA5 /* Check Pods Manifest.lock */,
				401A1D171A13D6CB004FBA41 /* Sources */,
				401A1D181A13D6CB004FBA41 /* Frameworks */,
				401A1D191A13D6CB004FBA41 /* Resources */,
				0A407E63B41A119FF88FAFC6 /* Copy Pods Resources */,
			);
			buildRules = (
			);
			dependencies = (
			);
			name = BBBAPI;
			productName = BBBAPI;
			productReference = 401A1D1B1A13D6CB004FBA41 /* BBBAPI.app */;
			productType = "com.apple.product-type.application";
		};
		401A1D331A13D6CB004FBA41 /* BBBAPITests */ = {
			isa = PBXNativeTarget;
			buildConfigurationList = 401A1D411A13D6CB004FBA41 /* Build configuration list for PBXNativeTarget "BBBAPITests" */;
			buildPhases = (
				585633F43498812B6F634143 /* Check Pods Manifest.lock */,
				401A1D301A13D6CB004FBA41 /* Sources */,
				401A1D311A13D6CB004FBA41 /* Frameworks */,
				401A1D321A13D6CB004FBA41 /* Resources */,
				B8A4639F5FA3E4D51F971906 /* Copy Pods Resources */,
			);
			buildRules = (
			);
			dependencies = (
				401A1D361A13D6CB004FBA41 /* PBXTargetDependency */,
			);
			name = BBBAPITests;
			productName = BBBAPITests;
			productReference = 401A1D341A13D6CB004FBA41 /* BBBAPITests.xctest */;
			productType = "com.apple.product-type.bundle.unit-test";
		};
/* End PBXNativeTarget section */

/* Begin PBXProject section */
		401A1D131A13D6CB004FBA41 /* Project object */ = {
			isa = PBXProject;
			attributes = {
				LastUpgradeCheck = 0610;
				ORGANIZATIONNAME = "Blinkbox Entertainment Ltd";
				TargetAttributes = {
					401A1D1A1A13D6CB004FBA41 = {
						CreatedOnToolsVersion = 6.1;
					};
					401A1D331A13D6CB004FBA41 = {
						CreatedOnToolsVersion = 6.1;
						TestTargetID = 401A1D1A1A13D6CB004FBA41;
					};
				};
			};
			buildConfigurationList = 401A1D161A13D6CB004FBA41 /* Build configuration list for PBXProject "BBBAPI" */;
			compatibilityVersion = "Xcode 3.2";
			developmentRegion = English;
			hasScannedForEncodings = 0;
			knownRegions = (
				en,
				Base,
			);
			mainGroup = 401A1D121A13D6CB004FBA41;
			productRefGroup = 401A1D1C1A13D6CB004FBA41 /* Products */;
			projectDirPath = "";
			projectRoot = "";
			targets = (
				401A1D1A1A13D6CB004FBA41 /* BBBAPI */,
				401A1D331A13D6CB004FBA41 /* BBBAPITests */,
			);
		};
/* End PBXProject section */

/* Begin PBXResourcesBuildPhase section */
		401A1D191A13D6CB004FBA41 /* Resources */ = {
			isa = PBXResourcesBuildPhase;
			buildActionMask = 2147483647;
			files = (
				401A1D2A1A13D6CB004FBA41 /* Main.storyboard in Resources */,
				401A1D2F1A13D6CB004FBA41 /* LaunchScreen.xib in Resources */,
				401A1D2C1A13D6CB004FBA41 /* Images.xcassets in Resources */,
			);
			runOnlyForDeploymentPostprocessing = 0;
		};
		401A1D321A13D6CB004FBA41 /* Resources */ = {
			isa = PBXResourcesBuildPhase;
			buildActionMask = 2147483647;
			files = (
				401A1D871A13D77B004FBA41 /* libResponse_single_item_purchased.json in Resources */,
				40DB4FA81A39ECA400AF8770 /* sample_synopsis.json in Resources */,
				401A1D811A13D77B004FBA41 /* libResponse_get_single_item.json in Resources */,
				5ACE481F1A376E4300546137 /* delete_bookmarks_success.json in Resources */,
				40B34A071A3B0DE100B7F3FF /* book.json in Resources */,
				5ACE48161A3727F500546137 /* bookmark_item.json in Resources */,
				401A1D881A13D77B004FBA41 /* libResponse_single_item_sampled.json in Resources */,
				40DB50271A39F77400AF8770 /* sample_book.json in Resources */,
				5A88FF9D1A3895DA00DE2887 /* create_bookmark_success.json in Resources */,
				401A1D851A13D77B004FBA41 /* libResponse_single_item_archived.json in Resources */,
				401A1D821A13D77B004FBA41 /* libResponse_invalid_data_format.json in Resources */,
				401A1D801A13D77B004FBA41 /* libResponse_empty_archived.json in Resources */,
				401A1D7F1A13D77B004FBA41 /* libResponse_deleted.json in Resources */,
				401A1D841A13D77B004FBA41 /* libResponse_no_items.json in Resources */,
				40DB50251A39F71E00AF8770 /* sample_related.json in Resources */,
				401A1D7E1A13D77B004FBA41 /* libResponse_archived.json in Resources */,
				401A1D831A13D77B004FBA41 /* libResponse_invalid_type.json in Resources */,
				5AF88C5F1A35FA9A00CA9B98 /* get_my_bookmarks_success.json in Resources */,
				5A56A81F1A28E3E10031F2D9 /* BBAKeyServiceMock_SuccessResponse.json in Resources */,
				401A1D7D1A13D77B004FBA41 /* libResponse.json in Resources */,
				401A1D861A13D77B004FBA41 /* libResponse_single_item_deleted.json in Resources */,
				5A88FF9F1A38A13B00DE2887 /* update_bookmark_success.json in Resources */,
			);
			runOnlyForDeploymentPostprocessing = 0;
		};
/* End PBXResourcesBuildPhase section */

/* Begin PBXShellScriptBuildPhase section */
		0A407E63B41A119FF88FAFC6 /* Copy Pods Resources */ = {
			isa = PBXShellScriptBuildPhase;
			buildActionMask = 2147483647;
			files = (
			);
			inputPaths = (
			);
			name = "Copy Pods Resources";
			outputPaths = (
			);
			runOnlyForDeploymentPostprocessing = 0;
			shellPath = /bin/sh;
			shellScript = "\"${SRCROOT}/../Pods/Target Support Files/Pods-BBBAPI/Pods-BBBAPI-resources.sh\"\n";
			showEnvVarsInLog = 0;
		};
		585633F43498812B6F634143 /* Check Pods Manifest.lock */ = {
			isa = PBXShellScriptBuildPhase;
			buildActionMask = 2147483647;
			files = (
			);
			inputPaths = (
			);
			name = "Check Pods Manifest.lock";
			outputPaths = (
			);
			runOnlyForDeploymentPostprocessing = 0;
			shellPath = /bin/sh;
			shellScript = "diff \"${PODS_ROOT}/../Podfile.lock\" \"${PODS_ROOT}/Manifest.lock\" > /dev/null\nif [[ $? != 0 ]] ; then\n    cat << EOM\nerror: The sandbox is not in sync with the Podfile.lock. Run 'pod install' or update your CocoaPods installation.\nEOM\n    exit 1\nfi\n";
			showEnvVarsInLog = 0;
		};
		708166B3D1631B214C164BA5 /* Check Pods Manifest.lock */ = {
			isa = PBXShellScriptBuildPhase;
			buildActionMask = 2147483647;
			files = (
			);
			inputPaths = (
			);
			name = "Check Pods Manifest.lock";
			outputPaths = (
			);
			runOnlyForDeploymentPostprocessing = 0;
			shellPath = /bin/sh;
			shellScript = "diff \"${PODS_ROOT}/../Podfile.lock\" \"${PODS_ROOT}/Manifest.lock\" > /dev/null\nif [[ $? != 0 ]] ; then\n    cat << EOM\nerror: The sandbox is not in sync with the Podfile.lock. Run 'pod install' or update your CocoaPods installation.\nEOM\n    exit 1\nfi\n";
			showEnvVarsInLog = 0;
		};
		B8A4639F5FA3E4D51F971906 /* Copy Pods Resources */ = {
			isa = PBXShellScriptBuildPhase;
			buildActionMask = 2147483647;
			files = (
			);
			inputPaths = (
			);
			name = "Copy Pods Resources";
			outputPaths = (
			);
			runOnlyForDeploymentPostprocessing = 0;
			shellPath = /bin/sh;
			shellScript = "\"${SRCROOT}/../Pods/Target Support Files/Pods-BBBAPITests/Pods-BBBAPITests-resources.sh\"\n";
			showEnvVarsInLog = 0;
		};
/* End PBXShellScriptBuildPhase section */

/* Begin PBXSourcesBuildPhase section */
		401A1D171A13D6CB004FBA41 /* Sources */ = {
			isa = PBXSourcesBuildPhase;
			buildActionMask = 2147483647;
			files = (
				401A1DE81A13D78B004FBA41 /* BBAItemLink.m in Sources */,
				401A1D271A13D6CB004FBA41 /* ViewController.m in Sources */,
				401A1DDA1A13D78B004FBA41 /* BBAAuthenticationServiceConstants.m in Sources */,
				401A1DE31A13D78B004FBA41 /* BBAConnection.m in Sources */,
				401A1DD91A13D78B004FBA41 /* BBAAuthenticationService.m in Sources */,
				40B349FD1A3AFEE700B7F3FF /* BBAItemLinkMapper.m in Sources */,
				401A1DDD1A13D78B004FBA41 /* BBABookmarkService.m in Sources */,
				401A1DEB1A13D78B004FBA41 /* BBALibraryService.m in Sources */,
				401A1DE71A13D78B004FBA41 /* BBALibraryItem.m in Sources */,
				401A1DD61A13D78B004FBA41 /* BBAAuthConnection.m in Sources */,
				401A1DF61A13D78B004FBA41 /* BBAStatusResponseMapper.m in Sources */,
				401A1DE21A13D78B004FBA41 /* BBAClubcardService.m in Sources */,
				401A1DE11A13D78B004FBA41 /* BBAClientsResponseMapper.m in Sources */,
				5AF88C5C1A35EA9200CA9B98 /* BBABookmarkResponseMapper.m in Sources */,
				401A1D241A13D6CB004FBA41 /* AppDelegate.m in Sources */,
				401A1DEA1A13D78B004FBA41 /* BBALibraryResponseMapper.m in Sources */,
				401A1DDB1A13D78B004FBA41 /* BBAAuthResponseMapper.m in Sources */,
				401A1DE91A13D78B004FBA41 /* BBALibraryResponse.m in Sources */,
				40DB502A1A3A00FC00AF8770 /* BBABooksMapper.m in Sources */,
				401A1DF21A13D78B004FBA41 /* BBAResponseMapping.m in Sources */,
				401A1DEC1A13D78B004FBA41 /* BBALogger.m in Sources */,
				401A1DE01A13D78B004FBA41 /* BBAClientDetails.m in Sources */,
				40B34A0A1A3B122A00B7F3FF /* BBAImageItem.m in Sources */,
				401A1DF71A13D78B004FBA41 /* BBATokensResponseMapper.m in Sources */,
				40B34A031A3B03E800B7F3FF /* BBABookItem.m in Sources */,
				40B34A001A3AFF1000B7F3FF /* BBALibraryItemMapper.m in Sources */,
				401A1DF51A13D78B004FBA41 /* BBAServerDateFormatter.m in Sources */,
				401A1DDE1A13D78B004FBA41 /* BBACatalogueService.m in Sources */,
				5AB0FD061A3204C200701FFF /* BBABookmarkItem.m in Sources */,
				401A1DD71A13D78B004FBA41 /* BBAAuthData.m in Sources */,
				40DB50211A39F0FD00AF8770 /* BBACatalogueResponseMapper.m in Sources */,
				401A1DE61A13D78B004FBA41 /* BBAKeyService.m in Sources */,
				401A1DE51A13D78B004FBA41 /* BBAJSONResponseMapper.m in Sources */,
				401A1DF11A13D78B004FBA41 /* BBARequestFactory.m in Sources */,
				401A1DDC1A13D78B004FBA41 /* BBAAuthServiceErrorParser.m in Sources */,
				5AC2D9E91A2CA52C00F43A7E /* BBAKeyServiceResponseMapper.m in Sources */,
				401A1DEF1A13D78B004FBA41 /* BBAPurchasingService.m in Sources */,
				401A1DF01A13D78B004FBA41 /* BBARequest.m in Sources */,
				401A1DD81A13D78B004FBA41 /* BBAAuthDataValidator.m in Sources */,
				401A1DEE1A13D78B004FBA41 /* BBANetworkConfiguration.m in Sources */,
				401A1D211A13D6CB004FBA41 /* main.m in Sources */,
				401A1DF41A13D78B004FBA41 /* BBASearchService.m in Sources */,
				401A1DF81A13D78B004FBA41 /* BBAUserDetails.m in Sources */,
				401A1DED1A13D78B004FBA41 /* BBAMarketingService.m in Sources */,
				401A1DDF1A13D78B004FBA41 /* BBACategoryService.m in Sources */,
				40FB3ABC1A14C7A8005936B5 /* BBBAPI.m in Sources */,
				401A1DF31A13D78B004FBA41 /* BBASearchConnection.m in Sources */,
				401A1DE41A13D78B004FBA41 /* BBADefaultAuthenticator.m in Sources */,
				5ACE481D1A37411400546137 /* BBALinkItem.m in Sources */,
			);
			runOnlyForDeploymentPostprocessing = 0;
		};
		401A1D301A13D6CB004FBA41 /* Sources */ = {
			isa = PBXSourcesBuildPhase;
			buildActionMask = 2147483647;
			files = (
				401A1D711A13D77B004FBA41 /* BBAConnectionTestsMocks.m in Sources */,
				5ACE48121A37221400546137 /* BBABookmarkItemTests.m in Sources */,
				401A1D701A13D77B004FBA41 /* BBAConnectionTests.m in Sources */,
				401A1D7C1A13D77B004FBA41 /* BBATokensResponseMapperTests.m in Sources */,
				40DB4FA51A39D79500AF8770 /* BBACatalogueServiceTests.m in Sources */,
				401A1D731A13D77B004FBA41 /* BBALibraryResponseTests.m in Sources */,
				40DB50231A39F2B000AF8770 /* BBACatalogueResponseMapperTests.m in Sources */,
				401A1D721A13D77B004FBA41 /* BBALibraryResponseMapperTests.m in Sources */,
				401A1D7A1A13D77B004FBA41 /* BBASwizzlingHelper.m in Sources */,
				401A1D741A13D77B004FBA41 /* BBALibraryServiceTests.m in Sources */,
				40B34A051A3B056600B7F3FF /* BBABooksMapperTests.m in Sources */,
				401A1D7B1A13D77B004FBA41 /* BBATestHelper.m in Sources */,
				401A1D6E1A13D77B004FBA41 /* BBAAuthServiceResponseMapperTests.m in Sources */,
				5A5BDC341A27955A002F859E /* BBAKeyServiceTests.m in Sources */,
				401A1D6F1A13D77B004FBA41 /* BBAClientsResponseMapperTests.m in Sources */,
				401A1D791A13D77B004FBA41 /* BBAStatusResponseMapperTests.m in Sources */,
				401A1D771A13D77B004FBA41 /* BBANetworkConfigurationTests.m in Sources */,
				401A1D6D1A13D77B004FBA41 /* BBAAuthServiceResponseMappersTestData.m in Sources */,
				5A3ECB641A2F67CF00E49DCE /* BBABookmarkServiceTests.m in Sources */,
				401A1D781A13D77B004FBA41 /* BBARequestFactoryTests.m in Sources */,
				401A1D761A13D77B004FBA41 /* BBAMockConnection.m in Sources */,
				401A1D751A13D77B004FBA41 /* BBAMockAssertionHandler.m in Sources */,
				401A1D6C1A13D77B004FBA41 /* BBAAuthenticationServiceTests.m in Sources */,
			);
			runOnlyForDeploymentPostprocessing = 0;
		};
/* End PBXSourcesBuildPhase section */

/* Begin PBXTargetDependency section */
		401A1D361A13D6CB004FBA41 /* PBXTargetDependency */ = {
			isa = PBXTargetDependency;
			target = 401A1D1A1A13D6CB004FBA41 /* BBBAPI */;
			targetProxy = 401A1D351A13D6CB004FBA41 /* PBXContainerItemProxy */;
		};
/* End PBXTargetDependency section */

/* Begin PBXVariantGroup section */
		401A1D281A13D6CB004FBA41 /* Main.storyboard */ = {
			isa = PBXVariantGroup;
			children = (
				401A1D291A13D6CB004FBA41 /* Base */,
			);
			name = Main.storyboard;
			sourceTree = "<group>";
		};
		401A1D2D1A13D6CB004FBA41 /* LaunchScreen.xib */ = {
			isa = PBXVariantGroup;
			children = (
				401A1D2E1A13D6CB004FBA41 /* Base */,
			);
			name = LaunchScreen.xib;
			sourceTree = "<group>";
		};
/* End PBXVariantGroup section */

/* Begin XCBuildConfiguration section */
		401A1D3C1A13D6CB004FBA41 /* Debug */ = {
			isa = XCBuildConfiguration;
			buildSettings = {
				ALWAYS_SEARCH_USER_PATHS = NO;
				CLANG_CXX_LANGUAGE_STANDARD = "gnu++0x";
				CLANG_CXX_LIBRARY = "libc++";
				CLANG_ENABLE_MODULES = YES;
				CLANG_ENABLE_OBJC_ARC = YES;
				CLANG_WARN_BOOL_CONVERSION = YES;
				CLANG_WARN_CONSTANT_CONVERSION = YES;
				CLANG_WARN_DIRECT_OBJC_ISA_USAGE = YES_ERROR;
				CLANG_WARN_EMPTY_BODY = YES;
				CLANG_WARN_ENUM_CONVERSION = YES;
				CLANG_WARN_INT_CONVERSION = YES;
				CLANG_WARN_OBJC_ROOT_CLASS = YES_ERROR;
				CLANG_WARN_UNREACHABLE_CODE = YES;
				CLANG_WARN__DUPLICATE_METHOD_MATCH = YES;
				"CODE_SIGN_IDENTITY[sdk=iphoneos*]" = "iPhone Developer";
				COPY_PHASE_STRIP = NO;
				ENABLE_STRICT_OBJC_MSGSEND = YES;
				GCC_C_LANGUAGE_STANDARD = gnu99;
				GCC_DYNAMIC_NO_PIC = NO;
				GCC_OPTIMIZATION_LEVEL = 0;
				GCC_PREPROCESSOR_DEFINITIONS = (
					"DEBUG=1",
					"$(inherited)",
				);
				GCC_SYMBOLS_PRIVATE_EXTERN = NO;
				GCC_WARN_64_TO_32_BIT_CONVERSION = YES;
				GCC_WARN_ABOUT_RETURN_TYPE = YES_ERROR;
				GCC_WARN_UNDECLARED_SELECTOR = YES;
				GCC_WARN_UNINITIALIZED_AUTOS = YES_AGGRESSIVE;
				GCC_WARN_UNUSED_FUNCTION = YES;
				GCC_WARN_UNUSED_VARIABLE = YES;
				IPHONEOS_DEPLOYMENT_TARGET = 8.1;
				MTL_ENABLE_DEBUG_INFO = YES;
				ONLY_ACTIVE_ARCH = YES;
				SDKROOT = iphoneos;
				TARGETED_DEVICE_FAMILY = "1,2";
			};
			name = Debug;
		};
		401A1D3D1A13D6CB004FBA41 /* Release */ = {
			isa = XCBuildConfiguration;
			buildSettings = {
				ALWAYS_SEARCH_USER_PATHS = NO;
				CLANG_CXX_LANGUAGE_STANDARD = "gnu++0x";
				CLANG_CXX_LIBRARY = "libc++";
				CLANG_ENABLE_MODULES = YES;
				CLANG_ENABLE_OBJC_ARC = YES;
				CLANG_WARN_BOOL_CONVERSION = YES;
				CLANG_WARN_CONSTANT_CONVERSION = YES;
				CLANG_WARN_DIRECT_OBJC_ISA_USAGE = YES_ERROR;
				CLANG_WARN_EMPTY_BODY = YES;
				CLANG_WARN_ENUM_CONVERSION = YES;
				CLANG_WARN_INT_CONVERSION = YES;
				CLANG_WARN_OBJC_ROOT_CLASS = YES_ERROR;
				CLANG_WARN_UNREACHABLE_CODE = YES;
				CLANG_WARN__DUPLICATE_METHOD_MATCH = YES;
				"CODE_SIGN_IDENTITY[sdk=iphoneos*]" = "iPhone Developer";
				COPY_PHASE_STRIP = YES;
				ENABLE_NS_ASSERTIONS = NO;
				ENABLE_STRICT_OBJC_MSGSEND = YES;
				GCC_C_LANGUAGE_STANDARD = gnu99;
				GCC_WARN_64_TO_32_BIT_CONVERSION = YES;
				GCC_WARN_ABOUT_RETURN_TYPE = YES_ERROR;
				GCC_WARN_UNDECLARED_SELECTOR = YES;
				GCC_WARN_UNINITIALIZED_AUTOS = YES_AGGRESSIVE;
				GCC_WARN_UNUSED_FUNCTION = YES;
				GCC_WARN_UNUSED_VARIABLE = YES;
				IPHONEOS_DEPLOYMENT_TARGET = 8.1;
				MTL_ENABLE_DEBUG_INFO = NO;
				SDKROOT = iphoneos;
				TARGETED_DEVICE_FAMILY = "1,2";
				VALIDATE_PRODUCT = YES;
			};
			name = Release;
		};
		401A1D3F1A13D6CB004FBA41 /* Debug */ = {
			isa = XCBuildConfiguration;
			baseConfigurationReference = 118CD5BBC1E178DF65C1391A /* Pods-BBBAPI.debug.xcconfig */;
			buildSettings = {
				ASSETCATALOG_COMPILER_APPICON_NAME = AppIcon;
				GCC_INSTRUMENT_PROGRAM_FLOW_ARCS = YES;
				INFOPLIST_FILE = BBBAPI/Info.plist;
				LD_RUNPATH_SEARCH_PATHS = "$(inherited) @executable_path/Frameworks";
				PRODUCT_NAME = "$(TARGET_NAME)";
			};
			name = Debug;
		};
		401A1D401A13D6CB004FBA41 /* Release */ = {
			isa = XCBuildConfiguration;
			baseConfigurationReference = BD86D82D093B37E72C8605AE /* Pods-BBBAPI.release.xcconfig */;
			buildSettings = {
				ASSETCATALOG_COMPILER_APPICON_NAME = AppIcon;
				INFOPLIST_FILE = BBBAPI/Info.plist;
				LD_RUNPATH_SEARCH_PATHS = "$(inherited) @executable_path/Frameworks";
				PRODUCT_NAME = "$(TARGET_NAME)";
			};
			name = Release;
		};
		401A1D421A13D6CB004FBA41 /* Debug */ = {
			isa = XCBuildConfiguration;
			baseConfigurationReference = 424A7BC2C05D8FA3FA551D1B /* Pods-BBBAPITests.debug.xcconfig */;
			buildSettings = {
				BUNDLE_LOADER = "$(TEST_HOST)";
				FRAMEWORK_SEARCH_PATHS = (
					"$(SDKROOT)/Developer/Library/Frameworks",
					"$(inherited)",
				);
				GCC_GENERATE_TEST_COVERAGE_FILES = YES;
				GCC_PREFIX_HEADER = BBBAPITests/BBBAPITests.pch;
				GCC_PREPROCESSOR_DEFINITIONS = (
					"DEBUG=1",
					"$(inherited)",
				);
				INFOPLIST_FILE = BBBAPITests/Info.plist;
				LD_RUNPATH_SEARCH_PATHS = "$(inherited) @executable_path/Frameworks @loader_path/Frameworks";
				PRODUCT_NAME = "$(TARGET_NAME)";
				TEST_HOST = "$(BUILT_PRODUCTS_DIR)/BBBAPI.app/BBBAPI";
			};
			name = Debug;
		};
		401A1D431A13D6CB004FBA41 /* Release */ = {
			isa = XCBuildConfiguration;
			baseConfigurationReference = 01E4A5A6F74999A6F372EA55 /* Pods-BBBAPITests.release.xcconfig */;
			buildSettings = {
				BUNDLE_LOADER = "$(TEST_HOST)";
				FRAMEWORK_SEARCH_PATHS = (
					"$(SDKROOT)/Developer/Library/Frameworks",
					"$(inherited)",
				);
				GCC_GENERATE_TEST_COVERAGE_FILES = YES;
				GCC_PREFIX_HEADER = BBBAPITests/BBBAPITests.pch;
				INFOPLIST_FILE = BBBAPITests/Info.plist;
				LD_RUNPATH_SEARCH_PATHS = "$(inherited) @executable_path/Frameworks @loader_path/Frameworks";
				PRODUCT_NAME = "$(TARGET_NAME)";
				TEST_HOST = "$(BUILT_PRODUCTS_DIR)/BBBAPI.app/BBBAPI";
			};
			name = Release;
		};
/* End XCBuildConfiguration section */

/* Begin XCConfigurationList section */
		401A1D161A13D6CB004FBA41 /* Build configuration list for PBXProject "BBBAPI" */ = {
			isa = XCConfigurationList;
			buildConfigurations = (
				401A1D3C1A13D6CB004FBA41 /* Debug */,
				401A1D3D1A13D6CB004FBA41 /* Release */,
			);
			defaultConfigurationIsVisible = 0;
			defaultConfigurationName = Release;
		};
		401A1D3E1A13D6CB004FBA41 /* Build configuration list for PBXNativeTarget "BBBAPI" */ = {
			isa = XCConfigurationList;
			buildConfigurations = (
				401A1D3F1A13D6CB004FBA41 /* Debug */,
				401A1D401A13D6CB004FBA41 /* Release */,
			);
			defaultConfigurationIsVisible = 0;
			defaultConfigurationName = Release;
		};
		401A1D411A13D6CB004FBA41 /* Build configuration list for PBXNativeTarget "BBBAPITests" */ = {
			isa = XCConfigurationList;
			buildConfigurations = (
				401A1D421A13D6CB004FBA41 /* Debug */,
				401A1D431A13D6CB004FBA41 /* Release */,
			);
			defaultConfigurationIsVisible = 0;
			defaultConfigurationName = Release;
		};
/* End XCConfigurationList section */
	};
	rootObject = 401A1D131A13D6CB004FBA41 /* Project object */;
}
